// !$*UTF8*$!
{
	archiveVersion = 1;
	classes = {
	};
	objectVersion = 46;
	objects = {

/* Begin PBXBuildFile section */
		5F0B6CCA14E6CDA100A87D18 /* GCMovable.h in Headers */ = {isa = PBXBuildFile; fileRef = 5F0B6CC914E6CDA100A87D18 /* GCMovable.h */; };
		5F0B6CCD14E6D0E300A87D18 /* GCAnimation.h in Headers */ = {isa = PBXBuildFile; fileRef = 5F0B6CCB14E6D0E300A87D18 /* GCAnimation.h */; };
		5F0B6CCE14E6D0E300A87D18 /* GCAnimation.m in Sources */ = {isa = PBXBuildFile; fileRef = 5F0B6CCC14E6D0E300A87D18 /* GCAnimation.m */; };
		5F0B6CD114E6D26D00A87D18 /* GDGuy.m in Sources */ = {isa = PBXBuildFile; fileRef = 5F0B6CD014E6D26D00A87D18 /* GDGuy.m */; };
		5F0B6CD414E6D5A600A87D18 /* GCAnimationTest.m in Sources */ = {isa = PBXBuildFile; fileRef = 5F0B6CD314E6D5A600A87D18 /* GCAnimationTest.m */; };
		5F1C33AC14DE99C600BF808B /* Cocoa.framework in Frameworks */ = {isa = PBXBuildFile; fileRef = 5F1C33AB14DE99C600BF808B /* Cocoa.framework */; };
		5F1C33BE14DE99C600BF808B /* SenTestingKit.framework in Frameworks */ = {isa = PBXBuildFile; fileRef = 5F1C33BD14DE99C600BF808B /* SenTestingKit.framework */; };
		5F1C33BF14DE99C600BF808B /* Cocoa.framework in Frameworks */ = {isa = PBXBuildFile; fileRef = 5F1C33AB14DE99C600BF808B /* Cocoa.framework */; };
		5F1C33C214DE99C600BF808B /* libGunCase.a in Frameworks */ = {isa = PBXBuildFile; fileRef = 5F1C33A814DE99C600BF808B /* libGunCase.a */; };
		5F1C33C814DE99C600BF808B /* InfoPlist.strings in Resources */ = {isa = PBXBuildFile; fileRef = 5F1C33C614DE99C600BF808B /* InfoPlist.strings */; };
		5F1C33DA14DE9A8000BF808B /* Cocoa.framework in Frameworks */ = {isa = PBXBuildFile; fileRef = 5F1C33AB14DE99C600BF808B /* Cocoa.framework */; };
		5F1C33E014DE9A8000BF808B /* InfoPlist.strings in Resources */ = {isa = PBXBuildFile; fileRef = 5F1C33DE14DE9A8000BF808B /* InfoPlist.strings */; };
		5F1C33E214DE9A8000BF808B /* main.m in Sources */ = {isa = PBXBuildFile; fileRef = 5F1C33E114DE9A8000BF808B /* main.m */; };
		5F1C33E614DE9A8000BF808B /* Credits.rtf in Resources */ = {isa = PBXBuildFile; fileRef = 5F1C33E414DE9A8000BF808B /* Credits.rtf */; };
		5F1C33E914DE9A8000BF808B /* GDAppDelegate.m in Sources */ = {isa = PBXBuildFile; fileRef = 5F1C33E814DE9A8000BF808B /* GDAppDelegate.m */; };
		5F1C33EC14DE9A8000BF808B /* MainMenu.xib in Resources */ = {isa = PBXBuildFile; fileRef = 5F1C33EA14DE9A8000BF808B /* MainMenu.xib */; };
		5F1C33F014DE9B1500BF808B /* libGunCase.a in Frameworks */ = {isa = PBXBuildFile; fileRef = 5F1C33A814DE99C600BF808B /* libGunCase.a */; };
		5F1C33F814DE9F7000BF808B /* GCSprite.h in Headers */ = {isa = PBXBuildFile; fileRef = 5F1C33F614DE9F7000BF808B /* GCSprite.h */; };
		5F1C33F914DE9F7000BF808B /* GCSprite.m in Sources */ = {isa = PBXBuildFile; fileRef = 5F1C33F714DE9F7000BF808B /* GCSprite.m */; };
		5F1C33FC14DE9FA500BF808B /* GunCase.h in Headers */ = {isa = PBXBuildFile; fileRef = 5F1C33FB14DE9FA500BF808B /* GunCase.h */; };
		5F1C33FE14DEA03E00BF808B /* Macros.h in Headers */ = {isa = PBXBuildFile; fileRef = 5F1C33FD14DEA03E00BF808B /* Macros.h */; };
		5F1C340414DEA37C00BF808B /* GLUT.framework in Frameworks */ = {isa = PBXBuildFile; fileRef = 5F1C340214DEA37C00BF808B /* GLUT.framework */; };
		5F1C340514DEA37C00BF808B /* OpenGL.framework in Frameworks */ = {isa = PBXBuildFile; fileRef = 5F1C340314DEA37C00BF808B /* OpenGL.framework */; };
		5F1C340714DEA38200BF808B /* QuartzCore.framework in Frameworks */ = {isa = PBXBuildFile; fileRef = 5F1C340614DEA38200BF808B /* QuartzCore.framework */; };
		5F1C340E14DEA52C00BF808B /* GDMainView.m in Sources */ = {isa = PBXBuildFile; fileRef = 5F1C340D14DEA52C00BF808B /* GDMainView.m */; };
		5F1C341014DEBA4300BF808B /* walker.png in Resources */ = {isa = PBXBuildFile; fileRef = 5F1C340F14DEBA4300BF808B /* walker.png */; };
		5F2F729514F90A0B000166E5 /* GCVectorTest.m in Sources */ = {isa = PBXBuildFile; fileRef = 5F2F729414F90A0B000166E5 /* GCVectorTest.m */; };
		5F9BB64014F2616E0062F348 /* GCGraphics.h in Headers */ = {isa = PBXBuildFile; fileRef = 5F9BB63E14F2616E0062F348 /* GCGraphics.h */; };
		5F9BB64114F2616E0062F348 /* GCGraphics.m in Sources */ = {isa = PBXBuildFile; fileRef = 5F9BB63F14F2616E0062F348 /* GCGraphics.m */; };
		5F9BB64614F2674C0062F348 /* GCVector.h in Headers */ = {isa = PBXBuildFile; fileRef = 5F9BB64414F2674C0062F348 /* GCVector.h */; };
		5F9BB64714F2674C0062F348 /* GCVector.m in Sources */ = {isa = PBXBuildFile; fileRef = 5F9BB64514F2674C0062F348 /* GCVector.m */; };
		5F9F178014E7FCA200428AC4 /* GCLineStep.h in Headers */ = {isa = PBXBuildFile; fileRef = 5F9F177E14E7FCA200428AC4 /* GCLineStep.h */; };
		5F9F178114E7FCA200428AC4 /* GCLineStep.m in Sources */ = {isa = PBXBuildFile; fileRef = 5F9F177F14E7FCA200428AC4 /* GCLineStep.m */; };
/* End PBXBuildFile section */

/* Begin PBXContainerItemProxy section */
		5F1C33C014DE99C600BF808B /* PBXContainerItemProxy */ = {
			isa = PBXContainerItemProxy;
			containerPortal = 5F1C339F14DE99C600BF808B /* Project object */;
			proxyType = 1;
			remoteGlobalIDString = 5F1C33A714DE99C600BF808B;
			remoteInfo = GunCase;
		};
/* End PBXContainerItemProxy section */

/* Begin PBXFileReference section */
		5F0B6CC914E6CDA100A87D18 /* GCMovable.h */ = {isa = PBXFileReference; fileEncoding = 4; lastKnownFileType = sourcecode.c.h; name = GCMovable.h; path = Classes/GCMovable.h; sourceTree = "<group>"; };
		5F0B6CCB14E6D0E300A87D18 /* GCAnimation.h */ = {isa = PBXFileReference; fileEncoding = 4; lastKnownFileType = sourcecode.c.h; name = GCAnimation.h; path = Classes/GCAnimation.h; sourceTree = "<group>"; };
		5F0B6CCC14E6D0E300A87D18 /* GCAnimation.m */ = {isa = PBXFileReference; fileEncoding = 4; lastKnownFileType = sourcecode.c.objc; name = GCAnimation.m; path = Classes/GCAnimation.m; sourceTree = "<group>"; };
		5F0B6CCF14E6D26D00A87D18 /* GDGuy.h */ = {isa = PBXFileReference; fileEncoding = 4; lastKnownFileType = sourcecode.c.h; name = GDGuy.h; path = Classes/GDGuy.h; sourceTree = "<group>"; };
		5F0B6CD014E6D26D00A87D18 /* GDGuy.m */ = {isa = PBXFileReference; fileEncoding = 4; lastKnownFileType = sourcecode.c.objc; name = GDGuy.m; path = Classes/GDGuy.m; sourceTree = "<group>"; };
		5F0B6CD214E6D5A600A87D18 /* GCAnimationTest.h */ = {isa = PBXFileReference; fileEncoding = 4; lastKnownFileType = sourcecode.c.h; path = GCAnimationTest.h; sourceTree = "<group>"; };
		5F0B6CD314E6D5A600A87D18 /* GCAnimationTest.m */ = {isa = PBXFileReference; fileEncoding = 4; lastKnownFileType = sourcecode.c.objc; path = GCAnimationTest.m; sourceTree = "<group>"; };
		5F1C33A814DE99C600BF808B /* libGunCase.a */ = {isa = PBXFileReference; explicitFileType = archive.ar; includeInIndex = 0; path = libGunCase.a; sourceTree = BUILT_PRODUCTS_DIR; };
		5F1C33AB14DE99C600BF808B /* Cocoa.framework */ = {isa = PBXFileReference; lastKnownFileType = wrapper.framework; name = Cocoa.framework; path = System/Library/Frameworks/Cocoa.framework; sourceTree = SDKROOT; };
		5F1C33AE14DE99C600BF808B /* AppKit.framework */ = {isa = PBXFileReference; lastKnownFileType = wrapper.framework; name = AppKit.framework; path = System/Library/Frameworks/AppKit.framework; sourceTree = SDKROOT; };
		5F1C33AF14DE99C600BF808B /* CoreData.framework */ = {isa = PBXFileReference; lastKnownFileType = wrapper.framework; name = CoreData.framework; path = System/Library/Frameworks/CoreData.framework; sourceTree = SDKROOT; };
		5F1C33B014DE99C600BF808B /* Foundation.framework */ = {isa = PBXFileReference; lastKnownFileType = wrapper.framework; name = Foundation.framework; path = System/Library/Frameworks/Foundation.framework; sourceTree = SDKROOT; };
		5F1C33B314DE99C600BF808B /* GunCase-Prefix.pch */ = {isa = PBXFileReference; lastKnownFileType = sourcecode.c.h; path = "GunCase-Prefix.pch"; sourceTree = "<group>"; };
		5F1C33BC14DE99C600BF808B /* GunCaseTests.octest */ = {isa = PBXFileReference; explicitFileType = wrapper.cfbundle; includeInIndex = 0; path = GunCaseTests.octest; sourceTree = BUILT_PRODUCTS_DIR; };
		5F1C33BD14DE99C600BF808B /* SenTestingKit.framework */ = {isa = PBXFileReference; lastKnownFileType = wrapper.framework; name = SenTestingKit.framework; path = Library/Frameworks/SenTestingKit.framework; sourceTree = DEVELOPER_DIR; };
		5F1C33C514DE99C600BF808B /* GunCaseTests-Info.plist */ = {isa = PBXFileReference; lastKnownFileType = text.plist.xml; path = "GunCaseTests-Info.plist"; sourceTree = "<group>"; };
		5F1C33C714DE99C600BF808B /* en */ = {isa = PBXFileReference; lastKnownFileType = text.plist.strings; name = en; path = en.lproj/InfoPlist.strings; sourceTree = "<group>"; };
		5F1C33D814DE9A8000BF808B /* GunCaseDemo.app */ = {isa = PBXFileReference; explicitFileType = wrapper.application; includeInIndex = 0; path = GunCaseDemo.app; sourceTree = BUILT_PRODUCTS_DIR; };
		5F1C33DD14DE9A8000BF808B /* GunCaseDemo-Info.plist */ = {isa = PBXFileReference; lastKnownFileType = text.plist.xml; path = "GunCaseDemo-Info.plist"; sourceTree = "<group>"; };
		5F1C33DF14DE9A8000BF808B /* en */ = {isa = PBXFileReference; lastKnownFileType = text.plist.strings; name = en; path = en.lproj/InfoPlist.strings; sourceTree = "<group>"; };
		5F1C33E114DE9A8000BF808B /* main.m */ = {isa = PBXFileReference; lastKnownFileType = sourcecode.c.objc; path = main.m; sourceTree = "<group>"; };
		5F1C33E314DE9A8000BF808B /* GunCaseDemo-Prefix.pch */ = {isa = PBXFileReference; lastKnownFileType = sourcecode.c.h; path = "GunCaseDemo-Prefix.pch"; sourceTree = "<group>"; };
		5F1C33E514DE9A8000BF808B /* en */ = {isa = PBXFileReference; lastKnownFileType = text.rtf; name = en; path = en.lproj/Credits.rtf; sourceTree = "<group>"; };
		5F1C33E714DE9A8000BF808B /* GDAppDelegate.h */ = {isa = PBXFileReference; lastKnownFileType = sourcecode.c.h; path = GDAppDelegate.h; sourceTree = "<group>"; };
		5F1C33E814DE9A8000BF808B /* GDAppDelegate.m */ = {isa = PBXFileReference; lastKnownFileType = sourcecode.c.objc; path = GDAppDelegate.m; sourceTree = "<group>"; };
		5F1C33EB14DE9A8000BF808B /* en */ = {isa = PBXFileReference; lastKnownFileType = file.xib; name = en; path = en.lproj/MainMenu.xib; sourceTree = "<group>"; };
		5F1C33F614DE9F7000BF808B /* GCSprite.h */ = {isa = PBXFileReference; fileEncoding = 4; lastKnownFileType = sourcecode.c.h; name = GCSprite.h; path = Classes/GCSprite.h; sourceTree = "<group>"; };
		5F1C33F714DE9F7000BF808B /* GCSprite.m */ = {isa = PBXFileReference; fileEncoding = 4; lastKnownFileType = sourcecode.c.objc; name = GCSprite.m; path = Classes/GCSprite.m; sourceTree = "<group>"; };
		5F1C33FB14DE9FA500BF808B /* GunCase.h */ = {isa = PBXFileReference; fileEncoding = 4; lastKnownFileType = sourcecode.c.h; path = GunCase.h; sourceTree = "<group>"; };
		5F1C33FD14DEA03E00BF808B /* Macros.h */ = {isa = PBXFileReference; fileEncoding = 4; lastKnownFileType = sourcecode.c.h; path = Macros.h; sourceTree = "<group>"; };
		5F1C340214DEA37C00BF808B /* GLUT.framework */ = {isa = PBXFileReference; lastKnownFileType = wrapper.framework; name = GLUT.framework; path = System/Library/Frameworks/GLUT.framework; sourceTree = SDKROOT; };
		5F1C340314DEA37C00BF808B /* OpenGL.framework */ = {isa = PBXFileReference; lastKnownFileType = wrapper.framework; name = OpenGL.framework; path = System/Library/Frameworks/OpenGL.framework; sourceTree = SDKROOT; };
		5F1C340614DEA38200BF808B /* QuartzCore.framework */ = {isa = PBXFileReference; lastKnownFileType = wrapper.framework; name = QuartzCore.framework; path = System/Library/Frameworks/QuartzCore.framework; sourceTree = SDKROOT; };
		5F1C340C14DEA52C00BF808B /* GDMainView.h */ = {isa = PBXFileReference; fileEncoding = 4; lastKnownFileType = sourcecode.c.h; name = GDMainView.h; path = Classes/GDMainView.h; sourceTree = "<group>"; };
		5F1C340D14DEA52C00BF808B /* GDMainView.m */ = {isa = PBXFileReference; fileEncoding = 4; lastKnownFileType = sourcecode.c.objc; name = GDMainView.m; path = Classes/GDMainView.m; sourceTree = "<group>"; };
		5F1C340F14DEBA4300BF808B /* walker.png */ = {isa = PBXFileReference; lastKnownFileType = image.png; path = walker.png; sourceTree = "<group>"; };
		5F2F729314F90A0B000166E5 /* GCVectorTest.h */ = {isa = PBXFileReference; fileEncoding = 4; lastKnownFileType = sourcecode.c.h; name = GCVectorTest.h; path = Tests/GCVectorTest.h; sourceTree = "<group>"; };
		5F2F729414F90A0B000166E5 /* GCVectorTest.m */ = {isa = PBXFileReference; fileEncoding = 4; lastKnownFileType = sourcecode.c.objc; name = GCVectorTest.m; path = Tests/GCVectorTest.m; sourceTree = "<group>"; };
		5F9BB63E14F2616E0062F348 /* GCGraphics.h */ = {isa = PBXFileReference; fileEncoding = 4; lastKnownFileType = sourcecode.c.h; name = GCGraphics.h; path = Classes/GCGraphics.h; sourceTree = "<group>"; };
		5F9BB63F14F2616E0062F348 /* GCGraphics.m */ = {isa = PBXFileReference; fileEncoding = 4; lastKnownFileType = sourcecode.c.objc; name = GCGraphics.m; path = Classes/GCGraphics.m; sourceTree = "<group>"; };
		5F9BB64414F2674C0062F348 /* GCVector.h */ = {isa = PBXFileReference; fileEncoding = 4; lastKnownFileType = sourcecode.c.h; name = GCVector.h; path = Classes/GCVector.h; sourceTree = "<group>"; };
		5F9BB64514F2674C0062F348 /* GCVector.m */ = {isa = PBXFileReference; fileEncoding = 4; lastKnownFileType = sourcecode.c.objc; name = GCVector.m; path = Classes/GCVector.m; sourceTree = "<group>"; };
		5F9F177C14E7DCAB00428AC4 /* README */ = {isa = PBXFileReference; lastKnownFileType = text; path = README; sourceTree = SOURCE_ROOT; };
		5F9F177E14E7FCA200428AC4 /* GCLineStep.h */ = {isa = PBXFileReference; fileEncoding = 4; lastKnownFileType = sourcecode.c.h; name = GCLineStep.h; path = Classes/GCLineStep.h; sourceTree = "<group>"; };
		5F9F177F14E7FCA200428AC4 /* GCLineStep.m */ = {isa = PBXFileReference; fileEncoding = 4; lastKnownFileType = sourcecode.c.objc; name = GCLineStep.m; path = Classes/GCLineStep.m; sourceTree = "<group>"; };
/* End PBXFileReference section */

/* Begin PBXFrameworksBuildPhase section */
		5F1C33A514DE99C600BF808B /* Frameworks */ = {
			isa = PBXFrameworksBuildPhase;
			buildActionMask = 2147483647;
			files = (
				5F1C33AC14DE99C600BF808B /* Cocoa.framework in Frameworks */,
			);
			runOnlyForDeploymentPostprocessing = 0;
		};
		5F1C33B814DE99C600BF808B /* Frameworks */ = {
			isa = PBXFrameworksBuildPhase;
			buildActionMask = 2147483647;
			files = (
				5F1C33BE14DE99C600BF808B /* SenTestingKit.framework in Frameworks */,
				5F1C33BF14DE99C600BF808B /* Cocoa.framework in Frameworks */,
				5F1C33C214DE99C600BF808B /* libGunCase.a in Frameworks */,
			);
			runOnlyForDeploymentPostprocessing = 0;
		};
		5F1C33D514DE9A8000BF808B /* Frameworks */ = {
			isa = PBXFrameworksBuildPhase;
			buildActionMask = 2147483647;
			files = (
				5F1C340714DEA38200BF808B /* QuartzCore.framework in Frameworks */,
				5F1C340414DEA37C00BF808B /* GLUT.framework in Frameworks */,
				5F1C340514DEA37C00BF808B /* OpenGL.framework in Frameworks */,
				5F1C33F014DE9B1500BF808B /* libGunCase.a in Frameworks */,
				5F1C33DA14DE9A8000BF808B /* Cocoa.framework in Frameworks */,
			);
			runOnlyForDeploymentPostprocessing = 0;
		};
/* End PBXFrameworksBuildPhase section */

/* Begin PBXGroup section */
		5F0B6CC714E6CD6F00A87D18 /* Animation */ = {
			isa = PBXGroup;
			children = (
				5F0B6CC914E6CDA100A87D18 /* GCMovable.h */,
				5F0B6CCB14E6D0E300A87D18 /* GCAnimation.h */,
				5F0B6CCC14E6D0E300A87D18 /* GCAnimation.m */,
				5F9F177E14E7FCA200428AC4 /* GCLineStep.h */,
				5F9F177F14E7FCA200428AC4 /* GCLineStep.m */,
			);
			name = Animation;
			sourceTree = "<group>";
		};
		5F1C339D14DE99C600BF808B = {
			isa = PBXGroup;
			children = (
				5F1C33B114DE99C600BF808B /* GunCase */,
				5F1C33C314DE99C600BF808B /* GunCaseTests */,
				5F1C33DB14DE9A8000BF808B /* GunCaseDemo */,
				5F1C33AA14DE99C600BF808B /* Frameworks */,
				5F1C33A914DE99C600BF808B /* Products */,
			);
			sourceTree = "<group>";
		};
		5F1C33A914DE99C600BF808B /* Products */ = {
			isa = PBXGroup;
			children = (
				5F1C33A814DE99C600BF808B /* libGunCase.a */,
				5F1C33BC14DE99C600BF808B /* GunCaseTests.octest */,
				5F1C33D814DE9A8000BF808B /* GunCaseDemo.app */,
			);
			name = Products;
			sourceTree = "<group>";
		};
		5F1C33AA14DE99C600BF808B /* Frameworks */ = {
			isa = PBXGroup;
			children = (
				5F1C340614DEA38200BF808B /* QuartzCore.framework */,
				5F1C340214DEA37C00BF808B /* GLUT.framework */,
				5F1C340314DEA37C00BF808B /* OpenGL.framework */,
				5F1C33AB14DE99C600BF808B /* Cocoa.framework */,
				5F1C33BD14DE99C600BF808B /* SenTestingKit.framework */,
				5F1C33AD14DE99C600BF808B /* Other Frameworks */,
			);
			name = Frameworks;
			sourceTree = "<group>";
		};
		5F1C33AD14DE99C600BF808B /* Other Frameworks */ = {
			isa = PBXGroup;
			children = (
				5F1C33AE14DE99C600BF808B /* AppKit.framework */,
				5F1C33AF14DE99C600BF808B /* CoreData.framework */,
				5F1C33B014DE99C600BF808B /* Foundation.framework */,
			);
			name = "Other Frameworks";
			sourceTree = "<group>";
		};
		5F1C33B114DE99C600BF808B /* GunCase */ = {
			isa = PBXGroup;
			children = (
				5F9BB64314F266090062F348 /* Geometry */,
				5F1C33F114DE9EC300BF808B /* Graphics */,
				5F0B6CC714E6CD6F00A87D18 /* Animation */,
				5F1C33B214DE99C600BF808B /* Supporting Files */,
			);
			path = GunCase;
			sourceTree = "<group>";
		};
		5F1C33B214DE99C600BF808B /* Supporting Files */ = {
			isa = PBXGroup;
			children = (
				5F1C33FD14DEA03E00BF808B /* Macros.h */,
				5F1C33B314DE99C600BF808B /* GunCase-Prefix.pch */,
				5F1C33FB14DE9FA500BF808B /* GunCase.h */,
				5F9F177C14E7DCAB00428AC4 /* README */,
			);
			name = "Supporting Files";
			sourceTree = "<group>";
		};
		5F1C33C314DE99C600BF808B /* GunCaseTests */ = {
			isa = PBXGroup;
			children = (
				5F2F729614F90CC7000166E5 /* Animation */,
				5F2F729114F909E4000166E5 /* Geometry */,
				5F1C33C414DE99C600BF808B /* Supporting Files */,
			);
			path = GunCaseTests;
			sourceTree = "<group>";
		};
		5F1C33C414DE99C600BF808B /* Supporting Files */ = {
			isa = PBXGroup;
			children = (
				5F1C33C514DE99C600BF808B /* GunCaseTests-Info.plist */,
				5F1C33C614DE99C600BF808B /* InfoPlist.strings */,
			);
			name = "Supporting Files";
			sourceTree = "<group>";
		};
		5F1C33DB14DE9A8000BF808B /* GunCaseDemo */ = {
			isa = PBXGroup;
			children = (
				5F1C340B14DEA4F200BF808B /* Classes */,
				5F1C340114DEA35200BF808B /* Resources */,
				5F1C33DC14DE9A8000BF808B /* Supporting Files */,
			);
			path = GunCaseDemo;
			sourceTree = "<group>";
		};
		5F1C33DC14DE9A8000BF808B /* Supporting Files */ = {
			isa = PBXGroup;
			children = (
				5F1C33DD14DE9A8000BF808B /* GunCaseDemo-Info.plist */,
				5F1C33DE14DE9A8000BF808B /* InfoPlist.strings */,
				5F1C33E114DE9A8000BF808B /* main.m */,
				5F1C33E314DE9A8000BF808B /* GunCaseDemo-Prefix.pch */,
				5F1C33E414DE9A8000BF808B /* Credits.rtf */,
			);
			name = "Supporting Files";
			sourceTree = "<group>";
		};
		5F1C33F114DE9EC300BF808B /* Graphics */ = {
			isa = PBXGroup;
			children = (
				5F1C33F614DE9F7000BF808B /* GCSprite.h */,
				5F1C33F714DE9F7000BF808B /* GCSprite.m */,
				5F9BB63E14F2616E0062F348 /* GCGraphics.h */,
				5F9BB63F14F2616E0062F348 /* GCGraphics.m */,
			);
			name = Graphics;
			sourceTree = "<group>";
		};
		5F1C340114DEA35200BF808B /* Resources */ = {
			isa = PBXGroup;
			children = (
				5F1C340F14DEBA4300BF808B /* walker.png */,
				5F1C33EA14DE9A8000BF808B /* MainMenu.xib */,
			);
			name = Resources;
			sourceTree = "<group>";
		};
		5F1C340B14DEA4F200BF808B /* Classes */ = {
			isa = PBXGroup;
			children = (
				5F1C33E714DE9A8000BF808B /* GDAppDelegate.h */,
				5F1C33E814DE9A8000BF808B /* GDAppDelegate.m */,
				5F1C340C14DEA52C00BF808B /* GDMainView.h */,
				5F1C340D14DEA52C00BF808B /* GDMainView.m */,
				5F0B6CCF14E6D26D00A87D18 /* GDGuy.h */,
				5F0B6CD014E6D26D00A87D18 /* GDGuy.m */,
			);
			name = Classes;
			sourceTree = "<group>";
		};
		5F2F729114F909E4000166E5 /* Geometry */ = {
			isa = PBXGroup;
			children = (
				5F2F729314F90A0B000166E5 /* GCVectorTest.h */,
				5F2F729414F90A0B000166E5 /* GCVectorTest.m */,
			);
			name = Geometry;
			sourceTree = "<group>";
		};
		5F2F729614F90CC7000166E5 /* Animation */ = {
			isa = PBXGroup;
			children = (
				5F0B6CD214E6D5A600A87D18 /* GCAnimationTest.h */,
				5F0B6CD314E6D5A600A87D18 /* GCAnimationTest.m */,
			);
			name = Animation;
			sourceTree = "<group>";
		};
		5F9BB64314F266090062F348 /* Geometry */ = {
			isa = PBXGroup;
			children = (
				5F9BB64414F2674C0062F348 /* GCVector.h */,
				5F9BB64514F2674C0062F348 /* GCVector.m */,
			);
			name = Geometry;
			sourceTree = "<group>";
		};
/* End PBXGroup section */

/* Begin PBXHeadersBuildPhase section */
		5F1C33A614DE99C600BF808B /* Headers */ = {
			isa = PBXHeadersBuildPhase;
			buildActionMask = 2147483647;
			files = (
				5F1C33F814DE9F7000BF808B /* GCSprite.h in Headers */,
				5F1C33FC14DE9FA500BF808B /* GunCase.h in Headers */,
				5F1C33FE14DEA03E00BF808B /* Macros.h in Headers */,
				5F0B6CCA14E6CDA100A87D18 /* GCMovable.h in Headers */,
				5F0B6CCD14E6D0E300A87D18 /* GCAnimation.h in Headers */,
				5F9F178014E7FCA200428AC4 /* GCLineStep.h in Headers */,
				5F9BB64014F2616E0062F348 /* GCGraphics.h in Headers */,
				5F9BB64614F2674C0062F348 /* GCVector.h in Headers */,
			);
			runOnlyForDeploymentPostprocessing = 0;
		};
/* End PBXHeadersBuildPhase section */

/* Begin PBXNativeTarget section */
		5F1C33A714DE99C600BF808B /* GunCase */ = {
			isa = PBXNativeTarget;
			buildConfigurationList = 5F1C33CE14DE99C600BF808B /* Build configuration list for PBXNativeTarget "GunCase" */;
			buildPhases = (
				5F1C33A414DE99C600BF808B /* Sources */,
				5F1C33A514DE99C600BF808B /* Frameworks */,
				5F1C33A614DE99C600BF808B /* Headers */,
			);
			buildRules = (
			);
			dependencies = (
			);
			name = GunCase;
			productName = GunCase;
			productReference = 5F1C33A814DE99C600BF808B /* libGunCase.a */;
			productType = "com.apple.product-type.library.static";
		};
		5F1C33BB14DE99C600BF808B /* GunCaseTests */ = {
			isa = PBXNativeTarget;
			buildConfigurationList = 5F1C33D114DE99C600BF808B /* Build configuration list for PBXNativeTarget "GunCaseTests" */;
			buildPhases = (
				5F1C33B714DE99C600BF808B /* Sources */,
				5F1C33B814DE99C600BF808B /* Frameworks */,
				5F1C33B914DE99C600BF808B /* Resources */,
				5F1C33BA14DE99C600BF808B /* ShellScript */,
			);
			buildRules = (
			);
			dependencies = (
				5F1C33C114DE99C600BF808B /* PBXTargetDependency */,
			);
			name = GunCaseTests;
			productName = GunCaseTests;
			productReference = 5F1C33BC14DE99C600BF808B /* GunCaseTests.octest */;
			productType = "com.apple.product-type.bundle";
		};
		5F1C33D714DE9A8000BF808B /* GunCaseDemo */ = {
			isa = PBXNativeTarget;
			buildConfigurationList = 5F1C33ED14DE9A8000BF808B /* Build configuration list for PBXNativeTarget "GunCaseDemo" */;
			buildPhases = (
				5F1C33D414DE9A8000BF808B /* Sources */,
				5F1C33D514DE9A8000BF808B /* Frameworks */,
				5F1C33D614DE9A8000BF808B /* Resources */,
			);
			buildRules = (
			);
			dependencies = (
			);
			name = GunCaseDemo;
			productName = GunCaseDemo;
			productReference = 5F1C33D814DE9A8000BF808B /* GunCaseDemo.app */;
			productType = "com.apple.product-type.application";
		};
/* End PBXNativeTarget section */

/* Begin PBXProject section */
		5F1C339F14DE99C600BF808B /* Project object */ = {
			isa = PBXProject;
			attributes = {
				LastUpgradeCheck = 0430;
			};
			buildConfigurationList = 5F1C33A214DE99C600BF808B /* Build configuration list for PBXProject "GunCase" */;
			compatibilityVersion = "Xcode 3.2";
			developmentRegion = English;
			hasScannedForEncodings = 0;
			knownRegions = (
				en,
			);
			mainGroup = 5F1C339D14DE99C600BF808B;
			productRefGroup = 5F1C33A914DE99C600BF808B /* Products */;
			projectDirPath = "";
			projectRoot = "";
			targets = (
				5F1C33A714DE99C600BF808B /* GunCase */,
				5F1C33BB14DE99C600BF808B /* GunCaseTests */,
				5F1C33D714DE9A8000BF808B /* GunCaseDemo */,
			);
		};
/* End PBXProject section */

/* Begin PBXResourcesBuildPhase section */
		5F1C33B914DE99C600BF808B /* Resources */ = {
			isa = PBXResourcesBuildPhase;
			buildActionMask = 2147483647;
			files = (
				5F1C33C814DE99C600BF808B /* InfoPlist.strings in Resources */,
			);
			runOnlyForDeploymentPostprocessing = 0;
		};
		5F1C33D614DE9A8000BF808B /* Resources */ = {
			isa = PBXResourcesBuildPhase;
			buildActionMask = 2147483647;
			files = (
				5F1C33E014DE9A8000BF808B /* InfoPlist.strings in Resources */,
				5F1C33E614DE9A8000BF808B /* Credits.rtf in Resources */,
				5F1C33EC14DE9A8000BF808B /* MainMenu.xib in Resources */,
				5F1C341014DEBA4300BF808B /* walker.png in Resources */,
			);
			runOnlyForDeploymentPostprocessing = 0;
		};
/* End PBXResourcesBuildPhase section */

/* Begin PBXShellScriptBuildPhase section */
		5F1C33BA14DE99C600BF808B /* ShellScript */ = {
			isa = PBXShellScriptBuildPhase;
			buildActionMask = 2147483647;
			files = (
			);
			inputPaths = (
			);
			outputPaths = (
			);
			runOnlyForDeploymentPostprocessing = 0;
			shellPath = /bin/sh;
			shellScript = "# Run the unit tests in this test bundle.\n\"${SYSTEM_DEVELOPER_DIR}/Tools/RunUnitTests\"\n";
		};
/* End PBXShellScriptBuildPhase section */

/* Begin PBXSourcesBuildPhase section */
		5F1C33A414DE99C600BF808B /* Sources */ = {
			isa = PBXSourcesBuildPhase;
			buildActionMask = 2147483647;
			files = (
				5F1C33F914DE9F7000BF808B /* GCSprite.m in Sources */,
				5F0B6CCE14E6D0E300A87D18 /* GCAnimation.m in Sources */,
				5F9F178114E7FCA200428AC4 /* GCLineStep.m in Sources */,
				5F9BB64114F2616E0062F348 /* GCGraphics.m in Sources */,
				5F9BB64714F2674C0062F348 /* GCVector.m in Sources */,
			);
			runOnlyForDeploymentPostprocessing = 0;
		};
		5F1C33B714DE99C600BF808B /* Sources */ = {
			isa = PBXSourcesBuildPhase;
			buildActionMask = 2147483647;
			files = (
				5F0B6CD414E6D5A600A87D18 /* GCAnimationTest.m in Sources */,
				5F2F729514F90A0B000166E5 /* GCVectorTest.m in Sources */,
			);
			runOnlyForDeploymentPostprocessing = 0;
		};
		5F1C33D414DE9A8000BF808B /* Sources */ = {
			isa = PBXSourcesBuildPhase;
			buildActionMask = 2147483647;
			files = (
				5F1C33E214DE9A8000BF808B /* main.m in Sources */,
				5F1C33E914DE9A8000BF808B /* GDAppDelegate.m in Sources */,
				5F1C340E14DEA52C00BF808B /* GDMainView.m in Sources */,
				5F0B6CD114E6D26D00A87D18 /* GDGuy.m in Sources */,
			);
			runOnlyForDeploymentPostprocessing = 0;
		};
/* End PBXSourcesBuildPhase section */

/* Begin PBXTargetDependency section */
		5F1C33C114DE99C600BF808B /* PBXTargetDependency */ = {
			isa = PBXTargetDependency;
			target = 5F1C33A714DE99C600BF808B /* GunCase */;
			targetProxy = 5F1C33C014DE99C600BF808B /* PBXContainerItemProxy */;
		};
/* End PBXTargetDependency section */

/* Begin PBXVariantGroup section */
		5F1C33C614DE99C600BF808B /* InfoPlist.strings */ = {
			isa = PBXVariantGroup;
			children = (
				5F1C33C714DE99C600BF808B /* en */,
			);
			name = InfoPlist.strings;
			sourceTree = "<group>";
		};
		5F1C33DE14DE9A8000BF808B /* InfoPlist.strings */ = {
			isa = PBXVariantGroup;
			children = (
				5F1C33DF14DE9A8000BF808B /* en */,
			);
			name = InfoPlist.strings;
			sourceTree = "<group>";
		};
		5F1C33E414DE9A8000BF808B /* Credits.rtf */ = {
			isa = PBXVariantGroup;
			children = (
				5F1C33E514DE9A8000BF808B /* en */,
			);
			name = Credits.rtf;
			sourceTree = "<group>";
		};
		5F1C33EA14DE9A8000BF808B /* MainMenu.xib */ = {
			isa = PBXVariantGroup;
			children = (
				5F1C33EB14DE9A8000BF808B /* en */,
			);
			name = MainMenu.xib;
			sourceTree = "<group>";
		};
/* End PBXVariantGroup section */

/* Begin XCBuildConfiguration section */
		5F1C33CC14DE99C600BF808B /* Debug */ = {
			isa = XCBuildConfiguration;
			buildSettings = {
				ALWAYS_SEARCH_USER_PATHS = NO;
				ARCHS = "$(ARCHS_STANDARD_64_BIT)";
				CLANG_ENABLE_OBJC_ARC = YES;
				COPY_PHASE_STRIP = NO;
				GCC_C_LANGUAGE_STANDARD = gnu99;
				GCC_DYNAMIC_NO_PIC = NO;
				GCC_ENABLE_OBJC_EXCEPTIONS = YES;
				GCC_OPTIMIZATION_LEVEL = 0;
				GCC_PREPROCESSOR_DEFINITIONS = (
					"DEBUG=1",
					"$(inherited)",
				);
				GCC_SYMBOLS_PRIVATE_EXTERN = NO;
				GCC_VERSION = com.apple.compilers.llvm.clang.1_0;
				GCC_WARN_64_TO_32_BIT_CONVERSION = YES;
				GCC_WARN_ABOUT_MISSING_PROTOTYPES = YES;
				GCC_WARN_ABOUT_RETURN_TYPE = YES;
				GCC_WARN_UNUSED_VARIABLE = YES;
				MACOSX_DEPLOYMENT_TARGET = 10.7;
				ONLY_ACTIVE_ARCH = YES;
				SDKROOT = macosx;
			};
			name = Debug;
		};
		5F1C33CD14DE99C600BF808B /* Release */ = {
			isa = XCBuildConfiguration;
			buildSettings = {
				ALWAYS_SEARCH_USER_PATHS = NO;
				ARCHS = "$(ARCHS_STANDARD_64_BIT)";
				CLANG_ENABLE_OBJC_ARC = YES;
				COPY_PHASE_STRIP = YES;
				DEBUG_INFORMATION_FORMAT = "dwarf-with-dsym";
				GCC_C_LANGUAGE_STANDARD = gnu99;
				GCC_ENABLE_OBJC_EXCEPTIONS = YES;
				GCC_VERSION = com.apple.compilers.llvm.clang.1_0;
				GCC_WARN_64_TO_32_BIT_CONVERSION = YES;
				GCC_WARN_ABOUT_MISSING_PROTOTYPES = YES;
				GCC_WARN_ABOUT_RETURN_TYPE = YES;
				GCC_WARN_UNUSED_VARIABLE = YES;
				MACOSX_DEPLOYMENT_TARGET = 10.7;
				SDKROOT = macosx;
			};
			name = Release;
		};
		5F1C33CF14DE99C600BF808B /* Debug */ = {
			isa = XCBuildConfiguration;
			buildSettings = {
				GCC_PRECOMPILE_PREFIX_HEADER = YES;
				GCC_PREFIX_HEADER = "GunCase/GunCase-Prefix.pch";
				PRODUCT_NAME = "$(TARGET_NAME)";
			};
			name = Debug;
		};
		5F1C33D014DE99C600BF808B /* Release */ = {
			isa = XCBuildConfiguration;
			buildSettings = {
				GCC_PRECOMPILE_PREFIX_HEADER = YES;
				GCC_PREFIX_HEADER = "GunCase/GunCase-Prefix.pch";
				PRODUCT_NAME = "$(TARGET_NAME)";
			};
			name = Release;
		};
		5F1C33D214DE99C600BF808B /* Debug */ = {
			isa = XCBuildConfiguration;
			buildSettings = {
				FRAMEWORK_SEARCH_PATHS = "$(DEVELOPER_LIBRARY_DIR)/Frameworks";
				GCC_PRECOMPILE_PREFIX_HEADER = YES;
				GCC_PREFIX_HEADER = "GunCase/GunCase-Prefix.pch";
				INFOPLIST_FILE = "GunCaseTests/GunCaseTests-Info.plist";
				PRODUCT_NAME = "$(TARGET_NAME)";
				WRAPPER_EXTENSION = octest;
			};
			name = Debug;
		};
		5F1C33D314DE99C600BF808B /* Release */ = {
			isa = XCBuildConfiguration;
			buildSettings = {
				FRAMEWORK_SEARCH_PATHS = "$(DEVELOPER_LIBRARY_DIR)/Frameworks";
				GCC_PRECOMPILE_PREFIX_HEADER = YES;
				GCC_PREFIX_HEADER = "GunCase/GunCase-Prefix.pch";
				INFOPLIST_FILE = "GunCaseTests/GunCaseTests-Info.plist";
				PRODUCT_NAME = "$(TARGET_NAME)";
				WRAPPER_EXTENSION = octest;
			};
			name = Release;
		};
		5F1C33EE14DE9A8000BF808B /* Debug */ = {
			isa = XCBuildConfiguration;
			buildSettings = {
				GCC_PRECOMPILE_PREFIX_HEADER = YES;
				GCC_PREFIX_HEADER = "GunCaseDemo/GunCaseDemo-Prefix.pch";
				INFOPLIST_FILE = "GunCaseDemo/GunCaseDemo-Info.plist";
				PRODUCT_NAME = "$(TARGET_NAME)";
				WRAPPER_EXTENSION = app;
			};
			name = Debug;
		};
		5F1C33EF14DE9A8000BF808B /* Release */ = {
			isa = XCBuildConfiguration;
			buildSettings = {
				GCC_PRECOMPILE_PREFIX_HEADER = YES;
				GCC_PREFIX_HEADER = "GunCaseDemo/GunCaseDemo-Prefix.pch";
				INFOPLIST_FILE = "GunCaseDemo/GunCaseDemo-Info.plist";
				PRODUCT_NAME = "$(TARGET_NAME)";
				WRAPPER_EXTENSION = app;
			};
			name = Release;
		};
/* End XCBuildConfiguration section */

/* Begin XCConfigurationList section */
		5F1C33A214DE99C600BF808B /* Build configuration list for PBXProject "GunCase" */ = {
			isa = XCConfigurationList;
			buildConfigurations = (
				5F1C33CC14DE99C600BF808B /* Debug */,
				5F1C33CD14DE99C600BF808B /* Release */,
			);
			defaultConfigurationIsVisible = 0;
			defaultConfigurationName = Release;
		};
		5F1C33CE14DE99C600BF808B /* Build configuration list for PBXNativeTarget "GunCase" */ = {
			isa = XCConfigurationList;
			buildConfigurations = (
				5F1C33CF14DE99C600BF808B /* Debug */,
				5F1C33D014DE99C600BF808B /* Release */,
			);
			defaultConfigurationIsVisible = 0;
			defaultConfigurationName = Release;
		};
		5F1C33D114DE99C600BF808B /* Build configuration list for PBXNativeTarget "GunCaseTests" */ = {
			isa = XCConfigurationList;
			buildConfigurations = (
				5F1C33D214DE99C600BF808B /* Debug */,
				5F1C33D314DE99C600BF808B /* Release */,
			);
			defaultConfigurationIsVisible = 0;
			defaultConfigurationName = Release;
		};
		5F1C33ED14DE9A8000BF808B /* Build configuration list for PBXNativeTarget "GunCaseDemo" */ = {
			isa = XCConfigurationList;
			buildConfigurations = (
				5F1C33EE14DE9A8000BF808B /* Debug */,
				5F1C33EF14DE9A8000BF808B /* Release */,
			);
			defaultConfigurationIsVisible = 0;
			defaultConfigurationName = Release;
		};
/* End XCConfigurationList section */
	};
	rootObject = 5F1C339F14DE99C600BF808B /* Project object */;
}
