// !$*UTF8*$!
{
	archiveVersion = 1;
	classes = {
	};
	objectVersion = 46;
	objects = {

/* Begin PBXBuildFile section */
		4110343015D2865300BC2C40 /* NSData+Base64.h in Headers */ = {isa = PBXBuildFile; fileRef = 4110342E15D2865300BC2C40 /* NSData+Base64.h */; };
		4110343115D2865300BC2C40 /* NSData+Base64.m in Sources */ = {isa = PBXBuildFile; fileRef = 4110342F15D2865300BC2C40 /* NSData+Base64.m */; };
		4110343215D2865300BC2C40 /* NSData+Base64.m in Sources */ = {isa = PBXBuildFile; fileRef = 4110342F15D2865300BC2C40 /* NSData+Base64.m */; };
		4110343615D287E100BC2C40 /* NSDataTest.m in Sources */ = {isa = PBXBuildFile; fileRef = 4110343515D287E100BC2C40 /* NSDataTest.m */; };
		4110343A15D299AD00BC2C40 /* GCMapParser.h in Headers */ = {isa = PBXBuildFile; fileRef = 4110343815D299AD00BC2C40 /* GCMapParser.h */; };
		4110343B15D299AD00BC2C40 /* GCMapParser.m in Sources */ = {isa = PBXBuildFile; fileRef = 4110343915D299AD00BC2C40 /* GCMapParser.m */; };
		4110343C15D299AD00BC2C40 /* GCMapParser.m in Sources */ = {isa = PBXBuildFile; fileRef = 4110343915D299AD00BC2C40 /* GCMapParser.m */; };
		4110343F15D29A3E00BC2C40 /* GCTiledMapParser.h in Headers */ = {isa = PBXBuildFile; fileRef = 4110343D15D29A3E00BC2C40 /* GCTiledMapParser.h */; };
		4110344015D29A3E00BC2C40 /* GCTiledMapParser.m in Sources */ = {isa = PBXBuildFile; fileRef = 4110343E15D29A3E00BC2C40 /* GCTiledMapParser.m */; };
		4110344115D29A3E00BC2C40 /* GCTiledMapParser.m in Sources */ = {isa = PBXBuildFile; fileRef = 4110343E15D29A3E00BC2C40 /* GCTiledMapParser.m */; };
		4110344515D29D3B00BC2C40 /* GCTiledMapParserTest.m in Sources */ = {isa = PBXBuildFile; fileRef = 4110344415D29D3B00BC2C40 /* GCTiledMapParserTest.m */; };
		4129396415DC0376004F1740 /* GCMapTilesetTest.m in Sources */ = {isa = PBXBuildFile; fileRef = 4129396315DC0376004F1740 /* GCMapTilesetTest.m */; };
		4129396715DC1B49004F1740 /* GCMapLayerTest.m in Sources */ = {isa = PBXBuildFile; fileRef = 4129396615DC1B49004F1740 /* GCMapLayerTest.m */; };
		4129396A15DC1D66004F1740 /* GCMapTileTest.m in Sources */ = {isa = PBXBuildFile; fileRef = 4129396915DC1D66004F1740 /* GCMapTileTest.m */; };
		4169B3BC15BAA5C2002DB41D /* GCKeyboard.h in Headers */ = {isa = PBXBuildFile; fileRef = 4169B3BA15BAA5C2002DB41D /* GCKeyboard.h */; };
		4169B3BD15BAA5C2002DB41D /* GCKeyboard.m in Sources */ = {isa = PBXBuildFile; fileRef = 4169B3BB15BAA5C2002DB41D /* GCKeyboard.m */; };
		4169B3BE15BAA5C2002DB41D /* GCKeyboard.m in Sources */ = {isa = PBXBuildFile; fileRef = 4169B3BB15BAA5C2002DB41D /* GCKeyboard.m */; };
		41702BB415D529200046B008 /* GCMapTile.h in Headers */ = {isa = PBXBuildFile; fileRef = 41702BB215D529200046B008 /* GCMapTile.h */; };
		41702BB515D529200046B008 /* GCMapTile.m in Sources */ = {isa = PBXBuildFile; fileRef = 41702BB315D529200046B008 /* GCMapTile.m */; };
		41702BB615D529200046B008 /* GCMapTile.m in Sources */ = {isa = PBXBuildFile; fileRef = 41702BB315D529200046B008 /* GCMapTile.m */; };
		4179905F15DE6F8700FA96C7 /* GCTiledMapGzipDecompressor.h in Headers */ = {isa = PBXBuildFile; fileRef = 4179905D15DE6F8700FA96C7 /* GCTiledMapGzipDecompressor.h */; };
		4179906015DE6F8700FA96C7 /* GCTiledMapGzipDecompressor.m in Sources */ = {isa = PBXBuildFile; fileRef = 4179905E15DE6F8700FA96C7 /* GCTiledMapGzipDecompressor.m */; };
		4179906115DE6F8700FA96C7 /* GCTiledMapGzipDecompressor.m in Sources */ = {isa = PBXBuildFile; fileRef = 4179905E15DE6F8700FA96C7 /* GCTiledMapGzipDecompressor.m */; };
		41A3EBA615D3BCD000E21154 /* GCMap.h in Headers */ = {isa = PBXBuildFile; fileRef = 41A3EBA415D3BCD000E21154 /* GCMap.h */; };
		41A3EBA715D3BCD000E21154 /* GCMap.m in Sources */ = {isa = PBXBuildFile; fileRef = 41A3EBA515D3BCD000E21154 /* GCMap.m */; };
		41A3EBA815D3BCD000E21154 /* GCMap.m in Sources */ = {isa = PBXBuildFile; fileRef = 41A3EBA515D3BCD000E21154 /* GCMap.m */; };
		41A3EBAB15D3BE1000E21154 /* GCMapLayer.h in Headers */ = {isa = PBXBuildFile; fileRef = 41A3EBA915D3BE1000E21154 /* GCMapLayer.h */; };
		41A3EBAC15D3BE1000E21154 /* GCMapLayer.m in Sources */ = {isa = PBXBuildFile; fileRef = 41A3EBAA15D3BE1000E21154 /* GCMapLayer.m */; };
		41A3EBAD15D3BE1000E21154 /* GCMapLayer.m in Sources */ = {isa = PBXBuildFile; fileRef = 41A3EBAA15D3BE1000E21154 /* GCMapLayer.m */; };
		41A3EBB015D3C13200E21154 /* GCMapTest.m in Sources */ = {isa = PBXBuildFile; fileRef = 41A3EBAF15D3C13200E21154 /* GCMapTest.m */; };
		41A3EBB315D3D29C00E21154 /* GCMapTileset.h in Headers */ = {isa = PBXBuildFile; fileRef = 41A3EBB115D3D29C00E21154 /* GCMapTileset.h */; };
		41A3EBB415D3D29C00E21154 /* GCMapTileset.m in Sources */ = {isa = PBXBuildFile; fileRef = 41A3EBB215D3D29C00E21154 /* GCMapTileset.m */; };
		41A3EBB515D3D29C00E21154 /* GCMapTileset.m in Sources */ = {isa = PBXBuildFile; fileRef = 41A3EBB215D3D29C00E21154 /* GCMapTileset.m */; };
		41A3EBBC15D402EB00E21154 /* GCTiledMapIdentityDecompressor.h in Headers */ = {isa = PBXBuildFile; fileRef = 41A3EBBA15D402EB00E21154 /* GCTiledMapIdentityDecompressor.h */; };
		41A3EBBD15D402EB00E21154 /* GCTiledMapIdentityDecompressor.m in Sources */ = {isa = PBXBuildFile; fileRef = 41A3EBBB15D402EB00E21154 /* GCTiledMapIdentityDecompressor.m */; };
		41A3EBBE15D402EB00E21154 /* GCTiledMapIdentityDecompressor.m in Sources */ = {isa = PBXBuildFile; fileRef = 41A3EBBB15D402EB00E21154 /* GCTiledMapIdentityDecompressor.m */; };
		41A3EBC115D4035800E21154 /* GCTiledMapBase64Decoder.h in Headers */ = {isa = PBXBuildFile; fileRef = 41A3EBBF15D4035800E21154 /* GCTiledMapBase64Decoder.h */; };
		41A3EBC215D4035800E21154 /* GCTiledMapBase64Decoder.m in Sources */ = {isa = PBXBuildFile; fileRef = 41A3EBC015D4035800E21154 /* GCTiledMapBase64Decoder.m */; };
		41A3EBC315D4035800E21154 /* GCTiledMapBase64Decoder.m in Sources */ = {isa = PBXBuildFile; fileRef = 41A3EBC015D4035800E21154 /* GCTiledMapBase64Decoder.m */; };
		41A6410B15EA444400C87420 /* GCMapLayout.h in Headers */ = {isa = PBXBuildFile; fileRef = 41A6410915EA444400C87420 /* GCMapLayout.h */; };
		41A6410C15EA444400C87420 /* GCMapLayout.m in Sources */ = {isa = PBXBuildFile; fileRef = 41A6410A15EA444400C87420 /* GCMapLayout.m */; };
		41A6410D15EA444400C87420 /* GCMapLayout.m in Sources */ = {isa = PBXBuildFile; fileRef = 41A6410A15EA444400C87420 /* GCMapLayout.m */; };
		41A6411115EA44BE00C87420 /* GCOrthogonalMapLayout.h in Headers */ = {isa = PBXBuildFile; fileRef = 41A6410F15EA44BE00C87420 /* GCOrthogonalMapLayout.h */; };
		41A6411215EA44BE00C87420 /* GCOrthogonalMapLayout.m in Sources */ = {isa = PBXBuildFile; fileRef = 41A6411015EA44BE00C87420 /* GCOrthogonalMapLayout.m */; };
		41A6411315EA44BE00C87420 /* GCOrthogonalMapLayout.m in Sources */ = {isa = PBXBuildFile; fileRef = 41A6411015EA44BE00C87420 /* GCOrthogonalMapLayout.m */; };
		41A6411715EA44DF00C87420 /* GCIsometricMapLayout.h in Headers */ = {isa = PBXBuildFile; fileRef = 41A6411515EA44DF00C87420 /* GCIsometricMapLayout.h */; };
		41A6411815EA44DF00C87420 /* GCIsometricMapLayout.m in Sources */ = {isa = PBXBuildFile; fileRef = 41A6411615EA44DF00C87420 /* GCIsometricMapLayout.m */; };
		41A6411915EA44DF00C87420 /* GCIsometricMapLayout.m in Sources */ = {isa = PBXBuildFile; fileRef = 41A6411615EA44DF00C87420 /* GCIsometricMapLayout.m */; };
		41A6411E15EA4CA100C87420 /* GCMapLayoutTest.m in Sources */ = {isa = PBXBuildFile; fileRef = 41A6411D15EA4CA100C87420 /* GCMapLayoutTest.m */; };
		41A6412115EA4DD300C87420 /* GCOrthogonalMapLayoutTest.m in Sources */ = {isa = PBXBuildFile; fileRef = 41A6412015EA4DD300C87420 /* GCOrthogonalMapLayoutTest.m */; };
		41A6412415EA52FA00C87420 /* GCIsometricMapLayoutTest.m in Sources */ = {isa = PBXBuildFile; fileRef = 41A6412315EA52FA00C87420 /* GCIsometricMapLayoutTest.m */; };
		41BA51A715E92B4B004862AC /* GCSpriteActorTest.m in Sources */ = {isa = PBXBuildFile; fileRef = 41BA51A615E92B4B004862AC /* GCSpriteActorTest.m */; };
		41BA51AA15E92CFA004862AC /* GCCompositeActorTest.m in Sources */ = {isa = PBXBuildFile; fileRef = 41BA51A915E92CFA004862AC /* GCCompositeActorTest.m */; };
		41C1F2CE15C404E600893F21 /* GCCompositeActor.h in Headers */ = {isa = PBXBuildFile; fileRef = 41C1F2CC15C404E600893F21 /* GCCompositeActor.h */; };
		41C1F2CF15C404E600893F21 /* GCCompositeActor.m in Sources */ = {isa = PBXBuildFile; fileRef = 41C1F2CD15C404E600893F21 /* GCCompositeActor.m */; };
		41C1F2D015C404E600893F21 /* GCCompositeActor.m in Sources */ = {isa = PBXBuildFile; fileRef = 41C1F2CD15C404E600893F21 /* GCCompositeActor.m */; };
		41D5F96E15D843440084625E /* GCMath.h in Headers */ = {isa = PBXBuildFile; fileRef = 41D5F96C15D843440084625E /* GCMath.h */; };
		41D5F96F15D843440084625E /* GCMath.m in Sources */ = {isa = PBXBuildFile; fileRef = 41D5F96D15D843440084625E /* GCMath.m */; };
		41D5F97015D843440084625E /* GCMath.m in Sources */ = {isa = PBXBuildFile; fileRef = 41D5F96D15D843440084625E /* GCMath.m */; };
		41D5F97415D845CE0084625E /* NSImage+PowersOf2.h in Headers */ = {isa = PBXBuildFile; fileRef = 41D5F97215D845CE0084625E /* NSImage+PowersOf2.h */; };
		41D5F97515D845CE0084625E /* NSImage+PowersOf2.m in Sources */ = {isa = PBXBuildFile; fileRef = 41D5F97315D845CE0084625E /* NSImage+PowersOf2.m */; };
		41D5F97615D845CE0084625E /* NSImage+PowersOf2.m in Sources */ = {isa = PBXBuildFile; fileRef = 41D5F97315D845CE0084625E /* NSImage+PowersOf2.m */; };
		41EFE82815E0F708006E9396 /* NSImageTest.m in Sources */ = {isa = PBXBuildFile; fileRef = 41EFE82715E0F708006E9396 /* NSImageTest.m */; };
		41EFE82C15E0F829006E9396 /* GCMathTest.m in Sources */ = {isa = PBXBuildFile; fileRef = 41EFE82B15E0F829006E9396 /* GCMathTest.m */; };
		41EFE83415E0FF92006E9396 /* GCCompositeAnimationTest.m in Sources */ = {isa = PBXBuildFile; fileRef = 41EFE83315E0FF92006E9396 /* GCCompositeAnimationTest.m */; };
		41EFE83715E0FFAE006E9396 /* GCActorTest.m in Sources */ = {isa = PBXBuildFile; fileRef = 41EFE83615E0FFAE006E9396 /* GCActorTest.m */; };
		41EFE85215E12139006E9396 /* GCActor.m in Sources */ = {isa = PBXBuildFile; fileRef = 5F59810315376EA40023D91B /* GCActor.m */; };
		41EFE85515E1213D006E9396 /* GCSpriteActor.m in Sources */ = {isa = PBXBuildFile; fileRef = 5F29BBC5153984EC00476BCE /* GCSpriteActor.m */; };
		41EFE85715E12151006E9396 /* GCStack.m in Sources */ = {isa = PBXBuildFile; fileRef = 5FBFFB2F151FBA0100F218AD /* GCStack.m */; };
		41EFE85815E12151006E9396 /* GCDirector.m in Sources */ = {isa = PBXBuildFile; fileRef = 5FAE7FE5150270EE005813DE /* GCDirector.m */; };
		41EFE85915E12151006E9396 /* GCLayer.m in Sources */ = {isa = PBXBuildFile; fileRef = 5F1997CB1532E7C400D2E44D /* GCLayer.m */; };
		41EFE85A15E12151006E9396 /* GCScene.m in Sources */ = {isa = PBXBuildFile; fileRef = 5FAE7FE1150270D2005813DE /* GCScene.m */; };
		41EFE85B15E12151006E9396 /* GCLayeredScene.m in Sources */ = {isa = PBXBuildFile; fileRef = 5F1997D01532E7DA00D2E44D /* GCLayeredScene.m */; };
		41EFE86115E12166006E9396 /* GCGameView.m in Sources */ = {isa = PBXBuildFile; fileRef = 5FF8AEF914FA8A5C0093AF4E /* GCGameView.m */; };
		41EFE86315E1216C006E9396 /* GCVector.m in Sources */ = {isa = PBXBuildFile; fileRef = 5F9BB64514F2674C0062F348 /* GCVector.m */; };
		41EFE86615E12173006E9396 /* GCSprite.m in Sources */ = {isa = PBXBuildFile; fileRef = 5F1C33F714DE9F7000BF808B /* GCSprite.m */; };
		41EFE86715E12176006E9396 /* GCGraphics.m in Sources */ = {isa = PBXBuildFile; fileRef = 5F9BB63F14F2616E0062F348 /* GCGraphics.m */; };
		41EFE87015E12187006E9396 /* GCAnimation.m in Sources */ = {isa = PBXBuildFile; fileRef = 5F68600E150B788500A216C9 /* GCAnimation.m */; };
		41EFE87115E12187006E9396 /* GCTimedAnimation.m in Sources */ = {isa = PBXBuildFile; fileRef = 5F6E72D5150CB50600DB000F /* GCTimedAnimation.m */; };
		41EFE87215E12187006E9396 /* GCSequentialAnimation.m in Sources */ = {isa = PBXBuildFile; fileRef = 5F0B6CCC14E6D0E300A87D18 /* GCSequentialAnimation.m */; };
		41EFE87315E12187006E9396 /* GCLinearAnimation.m in Sources */ = {isa = PBXBuildFile; fileRef = 5F9F177F14E7FCA200428AC4 /* GCLinearAnimation.m */; };
		41EFE87415E12187006E9396 /* GCArcAnimation.m in Sources */ = {isa = PBXBuildFile; fileRef = 5F686012150B7CE400A216C9 /* GCArcAnimation.m */; };
		41EFE87515E12187006E9396 /* GCRotationAnimation.m in Sources */ = {isa = PBXBuildFile; fileRef = 5F2ED53C1531C344002BDE26 /* GCRotationAnimation.m */; };
		5F0B6CCA14E6CDA100A87D18 /* GCMovable.h in Headers */ = {isa = PBXBuildFile; fileRef = 5F0B6CC914E6CDA100A87D18 /* GCMovable.h */; };
		5F0B6CCD14E6D0E300A87D18 /* GCSequentialAnimation.h in Headers */ = {isa = PBXBuildFile; fileRef = 5F0B6CCB14E6D0E300A87D18 /* GCSequentialAnimation.h */; };
		5F0B6CCE14E6D0E300A87D18 /* GCSequentialAnimation.m in Sources */ = {isa = PBXBuildFile; fileRef = 5F0B6CCC14E6D0E300A87D18 /* GCSequentialAnimation.m */; };
		5F1997CC1532E7C400D2E44D /* GCLayer.h in Headers */ = {isa = PBXBuildFile; fileRef = 5F1997CA1532E7C400D2E44D /* GCLayer.h */; };
		5F1997CD1532E7C400D2E44D /* GCLayer.m in Sources */ = {isa = PBXBuildFile; fileRef = 5F1997CB1532E7C400D2E44D /* GCLayer.m */; };
		5F1997D11532E7DA00D2E44D /* GCLayeredScene.h in Headers */ = {isa = PBXBuildFile; fileRef = 5F1997CF1532E7DA00D2E44D /* GCLayeredScene.h */; };
		5F1997D21532E7DA00D2E44D /* GCLayeredScene.m in Sources */ = {isa = PBXBuildFile; fileRef = 5F1997D01532E7DA00D2E44D /* GCLayeredScene.m */; };
		5F1C33AC14DE99C600BF808B /* Cocoa.framework in Frameworks */ = {isa = PBXBuildFile; fileRef = 5F1C33AB14DE99C600BF808B /* Cocoa.framework */; };
		5F1C33BE14DE99C600BF808B /* SenTestingKit.framework in Frameworks */ = {isa = PBXBuildFile; fileRef = 5F1C33BD14DE99C600BF808B /* SenTestingKit.framework */; };
		5F1C33BF14DE99C600BF808B /* Cocoa.framework in Frameworks */ = {isa = PBXBuildFile; fileRef = 5F1C33AB14DE99C600BF808B /* Cocoa.framework */; };
		5F1C33C214DE99C600BF808B /* libGunCase.a in Frameworks */ = {isa = PBXBuildFile; fileRef = 5F1C33A814DE99C600BF808B /* libGunCase.a */; };
		5F1C33C814DE99C600BF808B /* InfoPlist.strings in Resources */ = {isa = PBXBuildFile; fileRef = 5F1C33C614DE99C600BF808B /* InfoPlist.strings */; };
		5F1C33F814DE9F7000BF808B /* GCSprite.h in Headers */ = {isa = PBXBuildFile; fileRef = 5F1C33F614DE9F7000BF808B /* GCSprite.h */; };
		5F1C33F914DE9F7000BF808B /* GCSprite.m in Sources */ = {isa = PBXBuildFile; fileRef = 5F1C33F714DE9F7000BF808B /* GCSprite.m */; };
		5F1C33FC14DE9FA500BF808B /* GunCase.h in Headers */ = {isa = PBXBuildFile; fileRef = 5F1C33FB14DE9FA500BF808B /* GunCase.h */; };
		5F1E1DA615271713005E5BBE /* GCStackTest.m in Sources */ = {isa = PBXBuildFile; fileRef = 5F1E1DA515271713005E5BBE /* GCStackTest.m */; };
		5F29BBC6153984EC00476BCE /* GCSpriteActor.h in Headers */ = {isa = PBXBuildFile; fileRef = 5F29BBC4153984EC00476BCE /* GCSpriteActor.h */; };
		5F29BBC7153984EC00476BCE /* GCSpriteActor.m in Sources */ = {isa = PBXBuildFile; fileRef = 5F29BBC5153984EC00476BCE /* GCSpriteActor.m */; };
		5F2ED53D1531C344002BDE26 /* GCRotationAnimation.h in Headers */ = {isa = PBXBuildFile; fileRef = 5F2ED53B1531C344002BDE26 /* GCRotationAnimation.h */; };
		5F2ED53E1531C344002BDE26 /* GCRotationAnimation.m in Sources */ = {isa = PBXBuildFile; fileRef = 5F2ED53C1531C344002BDE26 /* GCRotationAnimation.m */; };
		5F2F729514F90A0B000166E5 /* GCVectorTest.m in Sources */ = {isa = PBXBuildFile; fileRef = 5F2F729414F90A0B000166E5 /* GCVectorTest.m */; };
		5F40438C158365AF007C162C /* GCDirectorTest.m in Sources */ = {isa = PBXBuildFile; fileRef = 5F40438B158365AF007C162C /* GCDirectorTest.m */; };
		5F40438D15836688007C162C /* QuartzCore.framework in Frameworks */ = {isa = PBXBuildFile; fileRef = 5F1C340614DEA38200BF808B /* QuartzCore.framework */; };
		5F40438E15836692007C162C /* GLUT.framework in Frameworks */ = {isa = PBXBuildFile; fileRef = 5F1C340214DEA37C00BF808B /* GLUT.framework */; };
		5F40438F15836692007C162C /* OpenGL.framework in Frameworks */ = {isa = PBXBuildFile; fileRef = 5F1C340314DEA37C00BF808B /* OpenGL.framework */; };
		5F59810415376EA40023D91B /* GCActor.h in Headers */ = {isa = PBXBuildFile; fileRef = 5F59810215376EA40023D91B /* GCActor.h */; };
		5F59810515376EA40023D91B /* GCActor.m in Sources */ = {isa = PBXBuildFile; fileRef = 5F59810315376EA40023D91B /* GCActor.m */; };
		5F68600F150B788500A216C9 /* GCAnimation.h in Headers */ = {isa = PBXBuildFile; fileRef = 5F68600D150B788500A216C9 /* GCAnimation.h */; };
		5F686010150B788500A216C9 /* GCAnimation.m in Sources */ = {isa = PBXBuildFile; fileRef = 5F68600E150B788500A216C9 /* GCAnimation.m */; };
		5F686013150B7CE400A216C9 /* GCArcAnimation.h in Headers */ = {isa = PBXBuildFile; fileRef = 5F686011150B7CE400A216C9 /* GCArcAnimation.h */; };
		5F686014150B7CE400A216C9 /* GCArcAnimation.m in Sources */ = {isa = PBXBuildFile; fileRef = 5F686012150B7CE400A216C9 /* GCArcAnimation.m */; };
		5F69679F15B2CA1700D9F1D2 /* GCFont.h in Headers */ = {isa = PBXBuildFile; fileRef = 5F69679D15B2CA1700D9F1D2 /* GCFont.h */; };
		5F6967A015B2CA1700D9F1D2 /* GCFont.m in Sources */ = {isa = PBXBuildFile; fileRef = 5F69679E15B2CA1700D9F1D2 /* GCFont.m */; };
		5F6967A115B2CA1700D9F1D2 /* GCFont.m in Sources */ = {isa = PBXBuildFile; fileRef = 5F69679E15B2CA1700D9F1D2 /* GCFont.m */; };
		5F6E72D6150CB50600DB000F /* GCTimedAnimation.h in Headers */ = {isa = PBXBuildFile; fileRef = 5F6E72D4150CB50600DB000F /* GCTimedAnimation.h */; };
		5F6E72D7150CB50600DB000F /* GCTimedAnimation.m in Sources */ = {isa = PBXBuildFile; fileRef = 5F6E72D5150CB50600DB000F /* GCTimedAnimation.m */; };
		5F9BB64014F2616E0062F348 /* GCGraphics.h in Headers */ = {isa = PBXBuildFile; fileRef = 5F9BB63E14F2616E0062F348 /* GCGraphics.h */; };
		5F9BB64114F2616E0062F348 /* GCGraphics.m in Sources */ = {isa = PBXBuildFile; fileRef = 5F9BB63F14F2616E0062F348 /* GCGraphics.m */; };
		5F9BB64614F2674C0062F348 /* GCVector.h in Headers */ = {isa = PBXBuildFile; fileRef = 5F9BB64414F2674C0062F348 /* GCVector.h */; };
		5F9BB64714F2674C0062F348 /* GCVector.m in Sources */ = {isa = PBXBuildFile; fileRef = 5F9BB64514F2674C0062F348 /* GCVector.m */; };
		5F9F178014E7FCA200428AC4 /* GCLinearAnimation.h in Headers */ = {isa = PBXBuildFile; fileRef = 5F9F177E14E7FCA200428AC4 /* GCLinearAnimation.h */; };
		5F9F178114E7FCA200428AC4 /* GCLinearAnimation.m in Sources */ = {isa = PBXBuildFile; fileRef = 5F9F177F14E7FCA200428AC4 /* GCLinearAnimation.m */; };
		5FAE7FE2150270D2005813DE /* GCScene.h in Headers */ = {isa = PBXBuildFile; fileRef = 5FAE7FE0150270D2005813DE /* GCScene.h */; };
		5FAE7FE3150270D2005813DE /* GCScene.m in Sources */ = {isa = PBXBuildFile; fileRef = 5FAE7FE1150270D2005813DE /* GCScene.m */; };
		5FAE7FE6150270EE005813DE /* GCDirector.h in Headers */ = {isa = PBXBuildFile; fileRef = 5FAE7FE4150270EE005813DE /* GCDirector.h */; };
		5FAE7FE7150270EE005813DE /* GCDirector.m in Sources */ = {isa = PBXBuildFile; fileRef = 5FAE7FE5150270EE005813DE /* GCDirector.m */; };
		5FBFFB30151FBA0100F218AD /* GCStack.h in Headers */ = {isa = PBXBuildFile; fileRef = 5FBFFB2E151FBA0100F218AD /* GCStack.h */; };
		5FBFFB31151FBA0100F218AD /* GCStack.m in Sources */ = {isa = PBXBuildFile; fileRef = 5FBFFB2F151FBA0100F218AD /* GCStack.m */; };
		5FF8AEFA14FA8A5C0093AF4E /* GCGameView.h in Headers */ = {isa = PBXBuildFile; fileRef = 5FF8AEF814FA8A5C0093AF4E /* GCGameView.h */; };
		5FF8AEFB14FA8A5C0093AF4E /* GCGameView.m in Sources */ = {isa = PBXBuildFile; fileRef = 5FF8AEF914FA8A5C0093AF4E /* GCGameView.m */; };
/* End PBXBuildFile section */

/* Begin PBXContainerItemProxy section */
		5F1C33C014DE99C600BF808B /* PBXContainerItemProxy */ = {
			isa = PBXContainerItemProxy;
			containerPortal = 5F1C339F14DE99C600BF808B /* Project object */;
			proxyType = 1;
			remoteGlobalIDString = 5F1C33A714DE99C600BF808B;
			remoteInfo = GunCase;
		};
/* End PBXContainerItemProxy section */

/* Begin PBXFileReference section */
		4110342E15D2865300BC2C40 /* NSData+Base64.h */ = {isa = PBXFileReference; fileEncoding = 4; lastKnownFileType = sourcecode.c.h; name = "NSData+Base64.h"; path = "Classes/NSData+Base64.h"; sourceTree = "<group>"; };
		4110342F15D2865300BC2C40 /* NSData+Base64.m */ = {isa = PBXFileReference; fileEncoding = 4; lastKnownFileType = sourcecode.c.objc; name = "NSData+Base64.m"; path = "Classes/NSData+Base64.m"; sourceTree = "<group>"; };
		4110343415D287E100BC2C40 /* NSDataTest.h */ = {isa = PBXFileReference; fileEncoding = 4; lastKnownFileType = sourcecode.c.h; name = NSDataTest.h; path = Tests/NSDataTest.h; sourceTree = "<group>"; };
		4110343515D287E100BC2C40 /* NSDataTest.m */ = {isa = PBXFileReference; fileEncoding = 4; lastKnownFileType = sourcecode.c.objc; name = NSDataTest.m; path = Tests/NSDataTest.m; sourceTree = "<group>"; };
		4110343815D299AD00BC2C40 /* GCMapParser.h */ = {isa = PBXFileReference; fileEncoding = 4; lastKnownFileType = sourcecode.c.h; name = GCMapParser.h; path = Classes/GCMapParser.h; sourceTree = "<group>"; };
		4110343915D299AD00BC2C40 /* GCMapParser.m */ = {isa = PBXFileReference; fileEncoding = 4; lastKnownFileType = sourcecode.c.objc; name = GCMapParser.m; path = Classes/GCMapParser.m; sourceTree = "<group>"; };
		4110343D15D29A3E00BC2C40 /* GCTiledMapParser.h */ = {isa = PBXFileReference; fileEncoding = 4; lastKnownFileType = sourcecode.c.h; name = GCTiledMapParser.h; path = Classes/GCTiledMapParser.h; sourceTree = "<group>"; };
		4110343E15D29A3E00BC2C40 /* GCTiledMapParser.m */ = {isa = PBXFileReference; fileEncoding = 4; lastKnownFileType = sourcecode.c.objc; name = GCTiledMapParser.m; path = Classes/GCTiledMapParser.m; sourceTree = "<group>"; };
		4110344315D29D3B00BC2C40 /* GCTiledMapParserTest.h */ = {isa = PBXFileReference; fileEncoding = 4; lastKnownFileType = sourcecode.c.h; name = GCTiledMapParserTest.h; path = Tests/GCTiledMapParserTest.h; sourceTree = "<group>"; };
		4110344415D29D3B00BC2C40 /* GCTiledMapParserTest.m */ = {isa = PBXFileReference; fileEncoding = 4; lastKnownFileType = sourcecode.c.objc; name = GCTiledMapParserTest.m; path = Tests/GCTiledMapParserTest.m; sourceTree = "<group>"; };
		4129396215DC0376004F1740 /* GCMapTilesetTest.h */ = {isa = PBXFileReference; fileEncoding = 4; lastKnownFileType = sourcecode.c.h; name = GCMapTilesetTest.h; path = Tests/GCMapTilesetTest.h; sourceTree = "<group>"; };
		4129396315DC0376004F1740 /* GCMapTilesetTest.m */ = {isa = PBXFileReference; fileEncoding = 4; lastKnownFileType = sourcecode.c.objc; name = GCMapTilesetTest.m; path = Tests/GCMapTilesetTest.m; sourceTree = "<group>"; };
		4129396515DC1B49004F1740 /* GCMapLayerTest.h */ = {isa = PBXFileReference; fileEncoding = 4; lastKnownFileType = sourcecode.c.h; name = GCMapLayerTest.h; path = Tests/GCMapLayerTest.h; sourceTree = "<group>"; };
		4129396615DC1B49004F1740 /* GCMapLayerTest.m */ = {isa = PBXFileReference; fileEncoding = 4; lastKnownFileType = sourcecode.c.objc; name = GCMapLayerTest.m; path = Tests/GCMapLayerTest.m; sourceTree = "<group>"; };
		4129396815DC1D66004F1740 /* GCMapTileTest.h */ = {isa = PBXFileReference; fileEncoding = 4; lastKnownFileType = sourcecode.c.h; name = GCMapTileTest.h; path = Tests/GCMapTileTest.h; sourceTree = "<group>"; };
		4129396915DC1D66004F1740 /* GCMapTileTest.m */ = {isa = PBXFileReference; fileEncoding = 4; lastKnownFileType = sourcecode.c.objc; name = GCMapTileTest.m; path = Tests/GCMapTileTest.m; sourceTree = "<group>"; };
		4169B3BA15BAA5C2002DB41D /* GCKeyboard.h */ = {isa = PBXFileReference; fileEncoding = 4; lastKnownFileType = sourcecode.c.h; name = GCKeyboard.h; path = Classes/GCKeyboard.h; sourceTree = "<group>"; };
		4169B3BB15BAA5C2002DB41D /* GCKeyboard.m */ = {isa = PBXFileReference; fileEncoding = 4; lastKnownFileType = sourcecode.c.objc; name = GCKeyboard.m; path = Classes/GCKeyboard.m; sourceTree = "<group>"; };
		41702BB215D529200046B008 /* GCMapTile.h */ = {isa = PBXFileReference; fileEncoding = 4; lastKnownFileType = sourcecode.c.h; name = GCMapTile.h; path = Classes/GCMapTile.h; sourceTree = "<group>"; };
		41702BB315D529200046B008 /* GCMapTile.m */ = {isa = PBXFileReference; fileEncoding = 4; lastKnownFileType = sourcecode.c.objc; name = GCMapTile.m; path = Classes/GCMapTile.m; sourceTree = "<group>"; };
		4179905D15DE6F8700FA96C7 /* GCTiledMapGzipDecompressor.h */ = {isa = PBXFileReference; fileEncoding = 4; lastKnownFileType = sourcecode.c.h; name = GCTiledMapGzipDecompressor.h; path = Classes/GCTiledMapGzipDecompressor.h; sourceTree = "<group>"; };
		4179905E15DE6F8700FA96C7 /* GCTiledMapGzipDecompressor.m */ = {isa = PBXFileReference; fileEncoding = 4; lastKnownFileType = sourcecode.c.objc; name = GCTiledMapGzipDecompressor.m; path = Classes/GCTiledMapGzipDecompressor.m; sourceTree = "<group>"; };
		41A3EBA415D3BCD000E21154 /* GCMap.h */ = {isa = PBXFileReference; fileEncoding = 4; lastKnownFileType = sourcecode.c.h; name = GCMap.h; path = Classes/GCMap.h; sourceTree = "<group>"; };
		41A3EBA515D3BCD000E21154 /* GCMap.m */ = {isa = PBXFileReference; fileEncoding = 4; lastKnownFileType = sourcecode.c.objc; name = GCMap.m; path = Classes/GCMap.m; sourceTree = "<group>"; };
		41A3EBA915D3BE1000E21154 /* GCMapLayer.h */ = {isa = PBXFileReference; fileEncoding = 4; lastKnownFileType = sourcecode.c.h; name = GCMapLayer.h; path = Classes/GCMapLayer.h; sourceTree = "<group>"; };
		41A3EBAA15D3BE1000E21154 /* GCMapLayer.m */ = {isa = PBXFileReference; fileEncoding = 4; lastKnownFileType = sourcecode.c.objc; name = GCMapLayer.m; path = Classes/GCMapLayer.m; sourceTree = "<group>"; };
		41A3EBAE15D3C13200E21154 /* GCMapTest.h */ = {isa = PBXFileReference; fileEncoding = 4; lastKnownFileType = sourcecode.c.h; name = GCMapTest.h; path = Tests/GCMapTest.h; sourceTree = "<group>"; };
		41A3EBAF15D3C13200E21154 /* GCMapTest.m */ = {isa = PBXFileReference; fileEncoding = 4; lastKnownFileType = sourcecode.c.objc; name = GCMapTest.m; path = Tests/GCMapTest.m; sourceTree = "<group>"; };
		41A3EBB115D3D29C00E21154 /* GCMapTileset.h */ = {isa = PBXFileReference; fileEncoding = 4; lastKnownFileType = sourcecode.c.h; name = GCMapTileset.h; path = Classes/GCMapTileset.h; sourceTree = "<group>"; };
		41A3EBB215D3D29C00E21154 /* GCMapTileset.m */ = {isa = PBXFileReference; fileEncoding = 4; lastKnownFileType = sourcecode.c.objc; name = GCMapTileset.m; path = Classes/GCMapTileset.m; sourceTree = "<group>"; };
		41A3EBB715D400BC00E21154 /* GCMapLayerDataDecoder.h */ = {isa = PBXFileReference; lastKnownFileType = sourcecode.c.h; name = GCMapLayerDataDecoder.h; path = Classes/GCMapLayerDataDecoder.h; sourceTree = "<group>"; };
		41A3EBB815D400F100E21154 /* GCMapLayerDataDecompressor.h */ = {isa = PBXFileReference; lastKnownFileType = sourcecode.c.h; name = GCMapLayerDataDecompressor.h; path = Classes/GCMapLayerDataDecompressor.h; sourceTree = "<group>"; };
		41A3EBBA15D402EB00E21154 /* GCTiledMapIdentityDecompressor.h */ = {isa = PBXFileReference; fileEncoding = 4; lastKnownFileType = sourcecode.c.h; name = GCTiledMapIdentityDecompressor.h; path = Classes/GCTiledMapIdentityDecompressor.h; sourceTree = "<group>"; };
		41A3EBBB15D402EB00E21154 /* GCTiledMapIdentityDecompressor.m */ = {isa = PBXFileReference; fileEncoding = 4; lastKnownFileType = sourcecode.c.objc; name = GCTiledMapIdentityDecompressor.m; path = Classes/GCTiledMapIdentityDecompressor.m; sourceTree = "<group>"; };
		41A3EBBF15D4035800E21154 /* GCTiledMapBase64Decoder.h */ = {isa = PBXFileReference; fileEncoding = 4; lastKnownFileType = sourcecode.c.h; name = GCTiledMapBase64Decoder.h; path = Classes/GCTiledMapBase64Decoder.h; sourceTree = "<group>"; };
		41A3EBC015D4035800E21154 /* GCTiledMapBase64Decoder.m */ = {isa = PBXFileReference; fileEncoding = 4; lastKnownFileType = sourcecode.c.objc; name = GCTiledMapBase64Decoder.m; path = Classes/GCTiledMapBase64Decoder.m; sourceTree = "<group>"; };
		41A6410915EA444400C87420 /* GCMapLayout.h */ = {isa = PBXFileReference; fileEncoding = 4; lastKnownFileType = sourcecode.c.h; name = GCMapLayout.h; path = Classes/GCMapLayout.h; sourceTree = "<group>"; };
		41A6410A15EA444400C87420 /* GCMapLayout.m */ = {isa = PBXFileReference; fileEncoding = 4; lastKnownFileType = sourcecode.c.objc; name = GCMapLayout.m; path = Classes/GCMapLayout.m; sourceTree = "<group>"; };
		41A6410F15EA44BE00C87420 /* GCOrthogonalMapLayout.h */ = {isa = PBXFileReference; fileEncoding = 4; lastKnownFileType = sourcecode.c.h; name = GCOrthogonalMapLayout.h; path = Classes/GCOrthogonalMapLayout.h; sourceTree = "<group>"; };
		41A6411015EA44BE00C87420 /* GCOrthogonalMapLayout.m */ = {isa = PBXFileReference; fileEncoding = 4; lastKnownFileType = sourcecode.c.objc; name = GCOrthogonalMapLayout.m; path = Classes/GCOrthogonalMapLayout.m; sourceTree = "<group>"; };
		41A6411515EA44DF00C87420 /* GCIsometricMapLayout.h */ = {isa = PBXFileReference; fileEncoding = 4; lastKnownFileType = sourcecode.c.h; name = GCIsometricMapLayout.h; path = Classes/GCIsometricMapLayout.h; sourceTree = "<group>"; };
		41A6411615EA44DF00C87420 /* GCIsometricMapLayout.m */ = {isa = PBXFileReference; fileEncoding = 4; lastKnownFileType = sourcecode.c.objc; name = GCIsometricMapLayout.m; path = Classes/GCIsometricMapLayout.m; sourceTree = "<group>"; };
		41A6411C15EA4CA100C87420 /* GCMapLayoutTest.h */ = {isa = PBXFileReference; fileEncoding = 4; lastKnownFileType = sourcecode.c.h; name = GCMapLayoutTest.h; path = Tests/GCMapLayoutTest.h; sourceTree = "<group>"; };
		41A6411D15EA4CA100C87420 /* GCMapLayoutTest.m */ = {isa = PBXFileReference; fileEncoding = 4; lastKnownFileType = sourcecode.c.objc; name = GCMapLayoutTest.m; path = Tests/GCMapLayoutTest.m; sourceTree = "<group>"; };
		41A6411F15EA4DD300C87420 /* GCOrthogonalMapLayoutTest.h */ = {isa = PBXFileReference; fileEncoding = 4; lastKnownFileType = sourcecode.c.h; name = GCOrthogonalMapLayoutTest.h; path = Tests/GCOrthogonalMapLayoutTest.h; sourceTree = "<group>"; };
		41A6412015EA4DD300C87420 /* GCOrthogonalMapLayoutTest.m */ = {isa = PBXFileReference; fileEncoding = 4; lastKnownFileType = sourcecode.c.objc; name = GCOrthogonalMapLayoutTest.m; path = Tests/GCOrthogonalMapLayoutTest.m; sourceTree = "<group>"; };
		41A6412215EA52FA00C87420 /* GCIsometricMapLayoutTest.h */ = {isa = PBXFileReference; fileEncoding = 4; lastKnownFileType = sourcecode.c.h; name = GCIsometricMapLayoutTest.h; path = Tests/GCIsometricMapLayoutTest.h; sourceTree = "<group>"; };
		41A6412315EA52FA00C87420 /* GCIsometricMapLayoutTest.m */ = {isa = PBXFileReference; fileEncoding = 4; lastKnownFileType = sourcecode.c.objc; name = GCIsometricMapLayoutTest.m; path = Tests/GCIsometricMapLayoutTest.m; sourceTree = "<group>"; };
		41BA51A115E8CE34004862AC /* GunCaseTests-Prefix.pch */ = {isa = PBXFileReference; fileEncoding = 4; lastKnownFileType = sourcecode.c.h; path = "GunCaseTests-Prefix.pch"; sourceTree = "<group>"; };
		41BA51A515E92B4B004862AC /* GCSpriteActorTest.h */ = {isa = PBXFileReference; fileEncoding = 4; lastKnownFileType = sourcecode.c.h; name = GCSpriteActorTest.h; path = Tests/GCSpriteActorTest.h; sourceTree = "<group>"; };
		41BA51A615E92B4B004862AC /* GCSpriteActorTest.m */ = {isa = PBXFileReference; fileEncoding = 4; lastKnownFileType = sourcecode.c.objc; name = GCSpriteActorTest.m; path = Tests/GCSpriteActorTest.m; sourceTree = "<group>"; };
		41BA51A815E92CFA004862AC /* GCCompositeActorTest.h */ = {isa = PBXFileReference; fileEncoding = 4; lastKnownFileType = sourcecode.c.h; name = GCCompositeActorTest.h; path = Tests/GCCompositeActorTest.h; sourceTree = "<group>"; };
		41BA51A915E92CFA004862AC /* GCCompositeActorTest.m */ = {isa = PBXFileReference; fileEncoding = 4; lastKnownFileType = sourcecode.c.objc; name = GCCompositeActorTest.m; path = Tests/GCCompositeActorTest.m; sourceTree = "<group>"; };
		41BC7FEE15D12B6A000633FD /* README.markdown */ = {isa = PBXFileReference; fileEncoding = 4; lastKnownFileType = text; path = README.markdown; sourceTree = SOURCE_ROOT; };
		41C1F2CC15C404E600893F21 /* GCCompositeActor.h */ = {isa = PBXFileReference; fileEncoding = 4; lastKnownFileType = sourcecode.c.h; name = GCCompositeActor.h; path = Classes/GCCompositeActor.h; sourceTree = "<group>"; };
		41C1F2CD15C404E600893F21 /* GCCompositeActor.m */ = {isa = PBXFileReference; fileEncoding = 4; lastKnownFileType = sourcecode.c.objc; name = GCCompositeActor.m; path = Classes/GCCompositeActor.m; sourceTree = "<group>"; };
		41D5F96C15D843440084625E /* GCMath.h */ = {isa = PBXFileReference; fileEncoding = 4; lastKnownFileType = sourcecode.c.h; name = GCMath.h; path = Classes/GCMath.h; sourceTree = "<group>"; };
		41D5F96D15D843440084625E /* GCMath.m */ = {isa = PBXFileReference; fileEncoding = 4; lastKnownFileType = sourcecode.c.objc; name = GCMath.m; path = Classes/GCMath.m; sourceTree = "<group>"; };
		41D5F97215D845CE0084625E /* NSImage+PowersOf2.h */ = {isa = PBXFileReference; fileEncoding = 4; lastKnownFileType = sourcecode.c.h; name = "NSImage+PowersOf2.h"; path = "Classes/NSImage+PowersOf2.h"; sourceTree = "<group>"; };
		41D5F97315D845CE0084625E /* NSImage+PowersOf2.m */ = {isa = PBXFileReference; fileEncoding = 4; lastKnownFileType = sourcecode.c.objc; name = "NSImage+PowersOf2.m"; path = "Classes/NSImage+PowersOf2.m"; sourceTree = "<group>"; };
		41EFE82615E0F708006E9396 /* NSImageTest.h */ = {isa = PBXFileReference; fileEncoding = 4; lastKnownFileType = sourcecode.c.h; name = NSImageTest.h; path = Tests/NSImageTest.h; sourceTree = "<group>"; };
		41EFE82715E0F708006E9396 /* NSImageTest.m */ = {isa = PBXFileReference; fileEncoding = 4; lastKnownFileType = sourcecode.c.objc; name = NSImageTest.m; path = Tests/NSImageTest.m; sourceTree = "<group>"; };
		41EFE82A15E0F829006E9396 /* GCMathTest.h */ = {isa = PBXFileReference; fileEncoding = 4; lastKnownFileType = sourcecode.c.h; name = GCMathTest.h; path = Tests/GCMathTest.h; sourceTree = "<group>"; };
		41EFE82B15E0F829006E9396 /* GCMathTest.m */ = {isa = PBXFileReference; fileEncoding = 4; lastKnownFileType = sourcecode.c.objc; name = GCMathTest.m; path = Tests/GCMathTest.m; sourceTree = "<group>"; };
		41EFE83215E0FF92006E9396 /* GCCompositeAnimationTest.h */ = {isa = PBXFileReference; fileEncoding = 4; lastKnownFileType = sourcecode.c.h; name = GCCompositeAnimationTest.h; path = Tests/GCCompositeAnimationTest.h; sourceTree = "<group>"; };
		41EFE83315E0FF92006E9396 /* GCCompositeAnimationTest.m */ = {isa = PBXFileReference; fileEncoding = 4; lastKnownFileType = sourcecode.c.objc; name = GCCompositeAnimationTest.m; path = Tests/GCCompositeAnimationTest.m; sourceTree = "<group>"; };
		41EFE83515E0FFAE006E9396 /* GCActorTest.h */ = {isa = PBXFileReference; fileEncoding = 4; lastKnownFileType = sourcecode.c.h; name = GCActorTest.h; path = Tests/GCActorTest.h; sourceTree = "<group>"; };
		41EFE83615E0FFAE006E9396 /* GCActorTest.m */ = {isa = PBXFileReference; fileEncoding = 4; lastKnownFileType = sourcecode.c.objc; name = GCActorTest.m; path = Tests/GCActorTest.m; sourceTree = "<group>"; };
		5F0B6CC914E6CDA100A87D18 /* GCMovable.h */ = {isa = PBXFileReference; fileEncoding = 4; lastKnownFileType = sourcecode.c.h; name = GCMovable.h; path = Classes/GCMovable.h; sourceTree = "<group>"; };
		5F0B6CCB14E6D0E300A87D18 /* GCSequentialAnimation.h */ = {isa = PBXFileReference; fileEncoding = 4; lastKnownFileType = sourcecode.c.h; lineEnding = 0; name = GCSequentialAnimation.h; path = Classes/GCSequentialAnimation.h; sourceTree = "<group>"; xcLanguageSpecificationIdentifier = xcode.lang.objcpp; };
		5F0B6CCC14E6D0E300A87D18 /* GCSequentialAnimation.m */ = {isa = PBXFileReference; fileEncoding = 4; lastKnownFileType = sourcecode.c.objc; lineEnding = 0; name = GCSequentialAnimation.m; path = Classes/GCSequentialAnimation.m; sourceTree = "<group>"; xcLanguageSpecificationIdentifier = xcode.lang.objc; };
		5F1997CA1532E7C400D2E44D /* GCLayer.h */ = {isa = PBXFileReference; fileEncoding = 4; lastKnownFileType = sourcecode.c.h; lineEnding = 0; name = GCLayer.h; path = Classes/GCLayer.h; sourceTree = "<group>"; xcLanguageSpecificationIdentifier = xcode.lang.objcpp; };
		5F1997CB1532E7C400D2E44D /* GCLayer.m */ = {isa = PBXFileReference; fileEncoding = 4; lastKnownFileType = sourcecode.c.objc; lineEnding = 0; name = GCLayer.m; path = Classes/GCLayer.m; sourceTree = "<group>"; xcLanguageSpecificationIdentifier = xcode.lang.objc; };
		5F1997CF1532E7DA00D2E44D /* GCLayeredScene.h */ = {isa = PBXFileReference; fileEncoding = 4; lastKnownFileType = sourcecode.c.h; lineEnding = 0; name = GCLayeredScene.h; path = Classes/GCLayeredScene.h; sourceTree = "<group>"; xcLanguageSpecificationIdentifier = xcode.lang.objcpp; };
		5F1997D01532E7DA00D2E44D /* GCLayeredScene.m */ = {isa = PBXFileReference; fileEncoding = 4; lastKnownFileType = sourcecode.c.objc; lineEnding = 0; name = GCLayeredScene.m; path = Classes/GCLayeredScene.m; sourceTree = "<group>"; xcLanguageSpecificationIdentifier = xcode.lang.objc; };
		5F1C33A814DE99C600BF808B /* libGunCase.a */ = {isa = PBXFileReference; explicitFileType = archive.ar; includeInIndex = 0; path = libGunCase.a; sourceTree = BUILT_PRODUCTS_DIR; };
		5F1C33AB14DE99C600BF808B /* Cocoa.framework */ = {isa = PBXFileReference; lastKnownFileType = wrapper.framework; name = Cocoa.framework; path = System/Library/Frameworks/Cocoa.framework; sourceTree = SDKROOT; };
		5F1C33AE14DE99C600BF808B /* AppKit.framework */ = {isa = PBXFileReference; lastKnownFileType = wrapper.framework; name = AppKit.framework; path = System/Library/Frameworks/AppKit.framework; sourceTree = SDKROOT; };
		5F1C33AF14DE99C600BF808B /* CoreData.framework */ = {isa = PBXFileReference; lastKnownFileType = wrapper.framework; name = CoreData.framework; path = System/Library/Frameworks/CoreData.framework; sourceTree = SDKROOT; };
		5F1C33B014DE99C600BF808B /* Foundation.framework */ = {isa = PBXFileReference; lastKnownFileType = wrapper.framework; name = Foundation.framework; path = System/Library/Frameworks/Foundation.framework; sourceTree = SDKROOT; };
		5F1C33B314DE99C600BF808B /* GunCase-Prefix.pch */ = {isa = PBXFileReference; lastKnownFileType = sourcecode.c.h; path = "GunCase-Prefix.pch"; sourceTree = "<group>"; };
		5F1C33BC14DE99C600BF808B /* GunCaseTests.octest */ = {isa = PBXFileReference; explicitFileType = wrapper.cfbundle; includeInIndex = 0; path = GunCaseTests.octest; sourceTree = BUILT_PRODUCTS_DIR; };
		5F1C33BD14DE99C600BF808B /* SenTestingKit.framework */ = {isa = PBXFileReference; lastKnownFileType = wrapper.framework; name = SenTestingKit.framework; path = Library/Frameworks/SenTestingKit.framework; sourceTree = DEVELOPER_DIR; };
		5F1C33C514DE99C600BF808B /* GunCaseTests-Info.plist */ = {isa = PBXFileReference; lastKnownFileType = text.plist.xml; path = "GunCaseTests-Info.plist"; sourceTree = "<group>"; };
		5F1C33C714DE99C600BF808B /* en */ = {isa = PBXFileReference; lastKnownFileType = text.plist.strings; name = en; path = en.lproj/InfoPlist.strings; sourceTree = "<group>"; };
		5F1C33F614DE9F7000BF808B /* GCSprite.h */ = {isa = PBXFileReference; fileEncoding = 4; lastKnownFileType = sourcecode.c.h; name = GCSprite.h; path = Classes/GCSprite.h; sourceTree = "<group>"; };
		5F1C33F714DE9F7000BF808B /* GCSprite.m */ = {isa = PBXFileReference; fileEncoding = 4; lastKnownFileType = sourcecode.c.objc; name = GCSprite.m; path = Classes/GCSprite.m; sourceTree = "<group>"; };
		5F1C33FB14DE9FA500BF808B /* GunCase.h */ = {isa = PBXFileReference; fileEncoding = 4; lastKnownFileType = sourcecode.c.h; path = GunCase.h; sourceTree = "<group>"; };
		5F1C340214DEA37C00BF808B /* GLUT.framework */ = {isa = PBXFileReference; lastKnownFileType = wrapper.framework; name = GLUT.framework; path = System/Library/Frameworks/GLUT.framework; sourceTree = SDKROOT; };
		5F1C340314DEA37C00BF808B /* OpenGL.framework */ = {isa = PBXFileReference; lastKnownFileType = wrapper.framework; name = OpenGL.framework; path = System/Library/Frameworks/OpenGL.framework; sourceTree = SDKROOT; };
		5F1C340614DEA38200BF808B /* QuartzCore.framework */ = {isa = PBXFileReference; lastKnownFileType = wrapper.framework; name = QuartzCore.framework; path = System/Library/Frameworks/QuartzCore.framework; sourceTree = SDKROOT; };
		5F1E1DA415271713005E5BBE /* GCStackTest.h */ = {isa = PBXFileReference; fileEncoding = 4; lastKnownFileType = sourcecode.c.h; name = GCStackTest.h; path = Tests/GCStackTest.h; sourceTree = "<group>"; };
		5F1E1DA515271713005E5BBE /* GCStackTest.m */ = {isa = PBXFileReference; fileEncoding = 4; lastKnownFileType = sourcecode.c.objc; name = GCStackTest.m; path = Tests/GCStackTest.m; sourceTree = "<group>"; };
		5F29BBC3153984C700476BCE /* GCRenderable.h */ = {isa = PBXFileReference; lastKnownFileType = sourcecode.c.h; name = GCRenderable.h; path = Classes/GCRenderable.h; sourceTree = "<group>"; };
		5F29BBC4153984EC00476BCE /* GCSpriteActor.h */ = {isa = PBXFileReference; fileEncoding = 4; lastKnownFileType = sourcecode.c.h; name = GCSpriteActor.h; path = Classes/GCSpriteActor.h; sourceTree = "<group>"; };
		5F29BBC5153984EC00476BCE /* GCSpriteActor.m */ = {isa = PBXFileReference; fileEncoding = 4; lastKnownFileType = sourcecode.c.objc; name = GCSpriteActor.m; path = Classes/GCSpriteActor.m; sourceTree = "<group>"; };
		5F2ED53B1531C344002BDE26 /* GCRotationAnimation.h */ = {isa = PBXFileReference; fileEncoding = 4; lastKnownFileType = sourcecode.c.h; name = GCRotationAnimation.h; path = Classes/GCRotationAnimation.h; sourceTree = "<group>"; };
		5F2ED53C1531C344002BDE26 /* GCRotationAnimation.m */ = {isa = PBXFileReference; fileEncoding = 4; lastKnownFileType = sourcecode.c.objc; name = GCRotationAnimation.m; path = Classes/GCRotationAnimation.m; sourceTree = "<group>"; };
		5F2F729314F90A0B000166E5 /* GCVectorTest.h */ = {isa = PBXFileReference; fileEncoding = 4; lastKnownFileType = sourcecode.c.h; name = GCVectorTest.h; path = Tests/GCVectorTest.h; sourceTree = "<group>"; };
		5F2F729414F90A0B000166E5 /* GCVectorTest.m */ = {isa = PBXFileReference; fileEncoding = 4; lastKnownFileType = sourcecode.c.objc; name = GCVectorTest.m; path = Tests/GCVectorTest.m; sourceTree = "<group>"; };
		5F40438A158365AF007C162C /* GCDirectorTest.h */ = {isa = PBXFileReference; fileEncoding = 4; lastKnownFileType = sourcecode.c.h; name = GCDirectorTest.h; path = Tests/GCDirectorTest.h; sourceTree = "<group>"; };
		5F40438B158365AF007C162C /* GCDirectorTest.m */ = {isa = PBXFileReference; fileEncoding = 4; lastKnownFileType = sourcecode.c.objc; name = GCDirectorTest.m; path = Tests/GCDirectorTest.m; sourceTree = "<group>"; };
		5F59810215376EA40023D91B /* GCActor.h */ = {isa = PBXFileReference; fileEncoding = 4; lastKnownFileType = sourcecode.c.h; name = GCActor.h; path = Classes/GCActor.h; sourceTree = "<group>"; };
		5F59810315376EA40023D91B /* GCActor.m */ = {isa = PBXFileReference; fileEncoding = 4; lastKnownFileType = sourcecode.c.objc; name = GCActor.m; path = Classes/GCActor.m; sourceTree = "<group>"; };
		5F68600D150B788500A216C9 /* GCAnimation.h */ = {isa = PBXFileReference; fileEncoding = 4; lastKnownFileType = sourcecode.c.h; name = GCAnimation.h; path = Classes/GCAnimation.h; sourceTree = "<group>"; };
		5F68600E150B788500A216C9 /* GCAnimation.m */ = {isa = PBXFileReference; fileEncoding = 4; lastKnownFileType = sourcecode.c.objc; name = GCAnimation.m; path = Classes/GCAnimation.m; sourceTree = "<group>"; };
		5F686011150B7CE400A216C9 /* GCArcAnimation.h */ = {isa = PBXFileReference; fileEncoding = 4; lastKnownFileType = sourcecode.c.h; name = GCArcAnimation.h; path = Classes/GCArcAnimation.h; sourceTree = "<group>"; };
		5F686012150B7CE400A216C9 /* GCArcAnimation.m */ = {isa = PBXFileReference; fileEncoding = 4; lastKnownFileType = sourcecode.c.objc; name = GCArcAnimation.m; path = Classes/GCArcAnimation.m; sourceTree = "<group>"; };
		5F69679D15B2CA1700D9F1D2 /* GCFont.h */ = {isa = PBXFileReference; fileEncoding = 4; lastKnownFileType = sourcecode.c.h; name = GCFont.h; path = Classes/GCFont.h; sourceTree = "<group>"; };
		5F69679E15B2CA1700D9F1D2 /* GCFont.m */ = {isa = PBXFileReference; fileEncoding = 4; lastKnownFileType = sourcecode.c.objc; name = GCFont.m; path = Classes/GCFont.m; sourceTree = "<group>"; };
		5F6E72D4150CB50600DB000F /* GCTimedAnimation.h */ = {isa = PBXFileReference; fileEncoding = 4; lastKnownFileType = sourcecode.c.h; name = GCTimedAnimation.h; path = Classes/GCTimedAnimation.h; sourceTree = "<group>"; };
		5F6E72D5150CB50600DB000F /* GCTimedAnimation.m */ = {isa = PBXFileReference; fileEncoding = 4; lastKnownFileType = sourcecode.c.objc; name = GCTimedAnimation.m; path = Classes/GCTimedAnimation.m; sourceTree = "<group>"; };
		5F9BB63E14F2616E0062F348 /* GCGraphics.h */ = {isa = PBXFileReference; fileEncoding = 4; lastKnownFileType = sourcecode.c.h; name = GCGraphics.h; path = Classes/GCGraphics.h; sourceTree = "<group>"; };
		5F9BB63F14F2616E0062F348 /* GCGraphics.m */ = {isa = PBXFileReference; fileEncoding = 4; lastKnownFileType = sourcecode.c.objc; name = GCGraphics.m; path = Classes/GCGraphics.m; sourceTree = "<group>"; };
		5F9BB64414F2674C0062F348 /* GCVector.h */ = {isa = PBXFileReference; fileEncoding = 4; lastKnownFileType = sourcecode.c.h; name = GCVector.h; path = Classes/GCVector.h; sourceTree = "<group>"; };
		5F9BB64514F2674C0062F348 /* GCVector.m */ = {isa = PBXFileReference; fileEncoding = 4; lastKnownFileType = sourcecode.c.objc; name = GCVector.m; path = Classes/GCVector.m; sourceTree = "<group>"; };
		5F9F177E14E7FCA200428AC4 /* GCLinearAnimation.h */ = {isa = PBXFileReference; fileEncoding = 4; lastKnownFileType = sourcecode.c.h; name = GCLinearAnimation.h; path = Classes/GCLinearAnimation.h; sourceTree = "<group>"; };
		5F9F177F14E7FCA200428AC4 /* GCLinearAnimation.m */ = {isa = PBXFileReference; fileEncoding = 4; lastKnownFileType = sourcecode.c.objc; name = GCLinearAnimation.m; path = Classes/GCLinearAnimation.m; sourceTree = "<group>"; };
		5FAE7FE0150270D2005813DE /* GCScene.h */ = {isa = PBXFileReference; fileEncoding = 4; lastKnownFileType = sourcecode.c.h; name = GCScene.h; path = Classes/GCScene.h; sourceTree = "<group>"; };
		5FAE7FE1150270D2005813DE /* GCScene.m */ = {isa = PBXFileReference; fileEncoding = 4; lastKnownFileType = sourcecode.c.objc; name = GCScene.m; path = Classes/GCScene.m; sourceTree = "<group>"; };
		5FAE7FE4150270EE005813DE /* GCDirector.h */ = {isa = PBXFileReference; fileEncoding = 4; lastKnownFileType = sourcecode.c.h; name = GCDirector.h; path = Classes/GCDirector.h; sourceTree = "<group>"; };
		5FAE7FE5150270EE005813DE /* GCDirector.m */ = {isa = PBXFileReference; fileEncoding = 4; lastKnownFileType = sourcecode.c.objc; name = GCDirector.m; path = Classes/GCDirector.m; sourceTree = "<group>"; };
		5FBFFB2E151FBA0100F218AD /* GCStack.h */ = {isa = PBXFileReference; fileEncoding = 4; lastKnownFileType = sourcecode.c.h; name = GCStack.h; path = Classes/GCStack.h; sourceTree = "<group>"; };
		5FBFFB2F151FBA0100F218AD /* GCStack.m */ = {isa = PBXFileReference; fileEncoding = 4; lastKnownFileType = sourcecode.c.objc; name = GCStack.m; path = Classes/GCStack.m; sourceTree = "<group>"; };
		5FF8AEF814FA8A5C0093AF4E /* GCGameView.h */ = {isa = PBXFileReference; fileEncoding = 4; lastKnownFileType = sourcecode.c.h; name = GCGameView.h; path = Classes/GCGameView.h; sourceTree = "<group>"; };
		5FF8AEF914FA8A5C0093AF4E /* GCGameView.m */ = {isa = PBXFileReference; fileEncoding = 4; lastKnownFileType = sourcecode.c.objc; name = GCGameView.m; path = Classes/GCGameView.m; sourceTree = "<group>"; };
/* End PBXFileReference section */

/* Begin PBXFrameworksBuildPhase section */
		5F1C33A514DE99C600BF808B /* Frameworks */ = {
			isa = PBXFrameworksBuildPhase;
			buildActionMask = 2147483647;
			files = (
				5F1C33AC14DE99C600BF808B /* Cocoa.framework in Frameworks */,
			);
			runOnlyForDeploymentPostprocessing = 0;
		};
		5F1C33B814DE99C600BF808B /* Frameworks */ = {
			isa = PBXFrameworksBuildPhase;
			buildActionMask = 2147483647;
			files = (
				5F40438E15836692007C162C /* GLUT.framework in Frameworks */,
				5F40438F15836692007C162C /* OpenGL.framework in Frameworks */,
				5F40438D15836688007C162C /* QuartzCore.framework in Frameworks */,
				5F1C33BE14DE99C600BF808B /* SenTestingKit.framework in Frameworks */,
				5F1C33BF14DE99C600BF808B /* Cocoa.framework in Frameworks */,
				5F1C33C214DE99C600BF808B /* libGunCase.a in Frameworks */,
			);
			runOnlyForDeploymentPostprocessing = 0;
		};
/* End PBXFrameworksBuildPhase section */

/* Begin PBXGroup section */
		4110342D15D2863300BC2C40 /* Categories */ = {
			isa = PBXGroup;
			children = (
				4110342E15D2865300BC2C40 /* NSData+Base64.h */,
				4110342F15D2865300BC2C40 /* NSData+Base64.m */,
				41D5F97215D845CE0084625E /* NSImage+PowersOf2.h */,
				41D5F97315D845CE0084625E /* NSImage+PowersOf2.m */,
			);
			name = Categories;
			sourceTree = "<group>";
		};
		4110343315D287CE00BC2C40 /* Categories */ = {
			isa = PBXGroup;
			children = (
				4110343415D287E100BC2C40 /* NSDataTest.h */,
				4110343515D287E100BC2C40 /* NSDataTest.m */,
				41EFE82615E0F708006E9396 /* NSImageTest.h */,
				41EFE82715E0F708006E9396 /* NSImageTest.m */,
			);
			name = Categories;
			sourceTree = "<group>";
		};
		4110343715D2999100BC2C40 /* Maps */ = {
			isa = PBXGroup;
			children = (
				41A3EBB915D4010700E21154 /* Tiled Maps */,
				41A6410115EA43AC00C87420 /* Layout */,
				4110343815D299AD00BC2C40 /* GCMapParser.h */,
				4110343915D299AD00BC2C40 /* GCMapParser.m */,
				41A3EBA415D3BCD000E21154 /* GCMap.h */,
				41A3EBA515D3BCD000E21154 /* GCMap.m */,
				41A3EBA915D3BE1000E21154 /* GCMapLayer.h */,
				41A3EBAA15D3BE1000E21154 /* GCMapLayer.m */,
				41A3EBB115D3D29C00E21154 /* GCMapTileset.h */,
				41A3EBB215D3D29C00E21154 /* GCMapTileset.m */,
				41702BB215D529200046B008 /* GCMapTile.h */,
				41702BB315D529200046B008 /* GCMapTile.m */,
			);
			name = Maps;
			sourceTree = "<group>";
		};
		4110344215D29D2600BC2C40 /* Maps */ = {
			isa = PBXGroup;
			children = (
				41A6411B15EA4C8500C87420 /* Layout */,
				4110344315D29D3B00BC2C40 /* GCTiledMapParserTest.h */,
				4110344415D29D3B00BC2C40 /* GCTiledMapParserTest.m */,
				41A3EBAE15D3C13200E21154 /* GCMapTest.h */,
				41A3EBAF15D3C13200E21154 /* GCMapTest.m */,
				4129396215DC0376004F1740 /* GCMapTilesetTest.h */,
				4129396315DC0376004F1740 /* GCMapTilesetTest.m */,
				4129396515DC1B49004F1740 /* GCMapLayerTest.h */,
				4129396615DC1B49004F1740 /* GCMapLayerTest.m */,
				4129396815DC1D66004F1740 /* GCMapTileTest.h */,
				4129396915DC1D66004F1740 /* GCMapTileTest.m */,
			);
			name = Maps;
			sourceTree = "<group>";
		};
		4169B3B815BAA582002DB41D /* Input */ = {
			isa = PBXGroup;
			children = (
				4169B3BA15BAA5C2002DB41D /* GCKeyboard.h */,
				4169B3BB15BAA5C2002DB41D /* GCKeyboard.m */,
			);
			name = Input;
			sourceTree = "<group>";
		};
		41A3EBB915D4010700E21154 /* Tiled Maps */ = {
			isa = PBXGroup;
			children = (
				4110343D15D29A3E00BC2C40 /* GCTiledMapParser.h */,
				4110343E15D29A3E00BC2C40 /* GCTiledMapParser.m */,
				41A3EBB715D400BC00E21154 /* GCMapLayerDataDecoder.h */,
				41A3EBBF15D4035800E21154 /* GCTiledMapBase64Decoder.h */,
				41A3EBC015D4035800E21154 /* GCTiledMapBase64Decoder.m */,
				41A3EBB815D400F100E21154 /* GCMapLayerDataDecompressor.h */,
				41A3EBBA15D402EB00E21154 /* GCTiledMapIdentityDecompressor.h */,
				41A3EBBB15D402EB00E21154 /* GCTiledMapIdentityDecompressor.m */,
				4179905D15DE6F8700FA96C7 /* GCTiledMapGzipDecompressor.h */,
				4179905E15DE6F8700FA96C7 /* GCTiledMapGzipDecompressor.m */,
			);
			name = "Tiled Maps";
			sourceTree = "<group>";
		};
		41A3EBC415D4083000E21154 /* Resources */ = {
			isa = PBXGroup;
			children = (
			);
			name = Resources;
			sourceTree = "<group>";
		};
		41A6410115EA43AC00C87420 /* Layout */ = {
			isa = PBXGroup;
			children = (
				41A6410915EA444400C87420 /* GCMapLayout.h */,
				41A6410A15EA444400C87420 /* GCMapLayout.m */,
				41A6410F15EA44BE00C87420 /* GCOrthogonalMapLayout.h */,
				41A6411015EA44BE00C87420 /* GCOrthogonalMapLayout.m */,
				41A6411515EA44DF00C87420 /* GCIsometricMapLayout.h */,
				41A6411615EA44DF00C87420 /* GCIsometricMapLayout.m */,
			);
			name = Layout;
			sourceTree = "<group>";
		};
		41A6411B15EA4C8500C87420 /* Layout */ = {
			isa = PBXGroup;
			children = (
				41A6411C15EA4CA100C87420 /* GCMapLayoutTest.h */,
				41A6411D15EA4CA100C87420 /* GCMapLayoutTest.m */,
				41A6411F15EA4DD300C87420 /* GCOrthogonalMapLayoutTest.h */,
				41A6412015EA4DD300C87420 /* GCOrthogonalMapLayoutTest.m */,
				41A6412215EA52FA00C87420 /* GCIsometricMapLayoutTest.h */,
				41A6412315EA52FA00C87420 /* GCIsometricMapLayoutTest.m */,
			);
			name = Layout;
			sourceTree = "<group>";
		};
		41D5F96B15D843240084625E /* Math */ = {
			isa = PBXGroup;
			children = (
				41D5F96C15D843440084625E /* GCMath.h */,
				41D5F96D15D843440084625E /* GCMath.m */,
			);
			name = Math;
			sourceTree = "<group>";
		};
		41EFE82915E0F81B006E9396 /* Math */ = {
			isa = PBXGroup;
			children = (
				41EFE82A15E0F829006E9396 /* GCMathTest.h */,
				41EFE82B15E0F829006E9396 /* GCMathTest.m */,
			);
			name = Math;
			sourceTree = "<group>";
		};
		5F0B6CC714E6CD6F00A87D18 /* Animation */ = {
			isa = PBXGroup;
			children = (
				5F68600D150B788500A216C9 /* GCAnimation.h */,
				5F68600E150B788500A216C9 /* GCAnimation.m */,
				5F6E72D4150CB50600DB000F /* GCTimedAnimation.h */,
				5F6E72D5150CB50600DB000F /* GCTimedAnimation.m */,
				5F0B6CCB14E6D0E300A87D18 /* GCSequentialAnimation.h */,
				5F0B6CCC14E6D0E300A87D18 /* GCSequentialAnimation.m */,
				5F9F177E14E7FCA200428AC4 /* GCLinearAnimation.h */,
				5F9F177F14E7FCA200428AC4 /* GCLinearAnimation.m */,
				5F686011150B7CE400A216C9 /* GCArcAnimation.h */,
				5F686012150B7CE400A216C9 /* GCArcAnimation.m */,
				5F2ED53B1531C344002BDE26 /* GCRotationAnimation.h */,
				5F2ED53C1531C344002BDE26 /* GCRotationAnimation.m */,
			);
			name = Animation;
			sourceTree = "<group>";
		};
		5F1C339D14DE99C600BF808B = {
			isa = PBXGroup;
			children = (
				5F1C33B114DE99C600BF808B /* GunCase */,
				5F1C33C314DE99C600BF808B /* GunCaseTests */,
				5F1C33AA14DE99C600BF808B /* Frameworks */,
				5F1C33A914DE99C600BF808B /* Products */,
			);
			sourceTree = "<group>";
		};
		5F1C33A914DE99C600BF808B /* Products */ = {
			isa = PBXGroup;
			children = (
				5F1C33A814DE99C600BF808B /* libGunCase.a */,
				5F1C33BC14DE99C600BF808B /* GunCaseTests.octest */,
			);
			name = Products;
			sourceTree = "<group>";
		};
		5F1C33AA14DE99C600BF808B /* Frameworks */ = {
			isa = PBXGroup;
			children = (
				5F1C340614DEA38200BF808B /* QuartzCore.framework */,
				5F1C340214DEA37C00BF808B /* GLUT.framework */,
				5F1C340314DEA37C00BF808B /* OpenGL.framework */,
				5F1C33AB14DE99C600BF808B /* Cocoa.framework */,
				5F1C33BD14DE99C600BF808B /* SenTestingKit.framework */,
				5F1C33AD14DE99C600BF808B /* Other Frameworks */,
			);
			name = Frameworks;
			sourceTree = "<group>";
		};
		5F1C33AD14DE99C600BF808B /* Other Frameworks */ = {
			isa = PBXGroup;
			children = (
				5F1C33AE14DE99C600BF808B /* AppKit.framework */,
				5F1C33AF14DE99C600BF808B /* CoreData.framework */,
				5F1C33B014DE99C600BF808B /* Foundation.framework */,
			);
			name = "Other Frameworks";
			sourceTree = "<group>";
		};
		5F1C33B114DE99C600BF808B /* GunCase */ = {
			isa = PBXGroup;
			children = (
				41D5F96B15D843240084625E /* Math */,
				4110342D15D2863300BC2C40 /* Categories */,
				5F29BBC11539847800476BCE /* Actors */,
				5FFF5B6A1536194C009C379D /* Protocols */,
				5FAE7FE815027388005813DE /* Containers */,
				5FAE7FDE150270B2005813DE /* Scenes */,
				5FF8AEF714FA89EA0093AF4E /* Application */,
				5F9BB64314F266090062F348 /* Geometry */,
				5F1C33F114DE9EC300BF808B /* Graphics */,
				5F0B6CC714E6CD6F00A87D18 /* Animation */,
				4169B3B815BAA582002DB41D /* Input */,
				4110343715D2999100BC2C40 /* Maps */,
				5F1C33B214DE99C600BF808B /* Supporting Files */,
			);
			path = GunCase;
			sourceTree = "<group>";
		};
		5F1C33B214DE99C600BF808B /* Supporting Files */ = {
			isa = PBXGroup;
			children = (
				41BC7FEE15D12B6A000633FD /* README.markdown */,
				5F1C33B314DE99C600BF808B /* GunCase-Prefix.pch */,
				5F1C33FB14DE9FA500BF808B /* GunCase.h */,
			);
			name = "Supporting Files";
			sourceTree = "<group>";
		};
		5F1C33C314DE99C600BF808B /* GunCaseTests */ = {
			isa = PBXGroup;
			children = (
				41EFE82915E0F81B006E9396 /* Math */,
				4110343315D287CE00BC2C40 /* Categories */,
				5F6DEA85155689B2003B691B /* Actors */,
				5F1E1DA3152716D9005E5BBE /* Containers */,
				5F40438815836598007C162C /* Scenes */,
				5F2F729614F90CC7000166E5 /* Animation */,
				5F2F729114F909E4000166E5 /* Geometry */,
				4110344215D29D2600BC2C40 /* Maps */,
				5F1C33C414DE99C600BF808B /* Supporting Files */,
				41A3EBC415D4083000E21154 /* Resources */,
			);
			path = GunCaseTests;
			sourceTree = "<group>";
		};
		5F1C33C414DE99C600BF808B /* Supporting Files */ = {
			isa = PBXGroup;
			children = (
				5F1C33C514DE99C600BF808B /* GunCaseTests-Info.plist */,
				5F1C33C614DE99C600BF808B /* InfoPlist.strings */,
				41BA51A115E8CE34004862AC /* GunCaseTests-Prefix.pch */,
			);
			name = "Supporting Files";
			sourceTree = "<group>";
		};
		5F1C33F114DE9EC300BF808B /* Graphics */ = {
			isa = PBXGroup;
			children = (
				5F1C33F614DE9F7000BF808B /* GCSprite.h */,
				5F1C33F714DE9F7000BF808B /* GCSprite.m */,
				5F9BB63E14F2616E0062F348 /* GCGraphics.h */,
				5F9BB63F14F2616E0062F348 /* GCGraphics.m */,
				5F69679D15B2CA1700D9F1D2 /* GCFont.h */,
				5F69679E15B2CA1700D9F1D2 /* GCFont.m */,
			);
			name = Graphics;
			sourceTree = "<group>";
		};
		5F1E1DA3152716D9005E5BBE /* Containers */ = {
			isa = PBXGroup;
			children = (
				5F1E1DA415271713005E5BBE /* GCStackTest.h */,
				5F1E1DA515271713005E5BBE /* GCStackTest.m */,
			);
			name = Containers;
			sourceTree = "<group>";
		};
		5F29BBC11539847800476BCE /* Actors */ = {
			isa = PBXGroup;
			children = (
				5F59810215376EA40023D91B /* GCActor.h */,
				5F59810315376EA40023D91B /* GCActor.m */,
				5F29BBC4153984EC00476BCE /* GCSpriteActor.h */,
				5F29BBC5153984EC00476BCE /* GCSpriteActor.m */,
				41C1F2CC15C404E600893F21 /* GCCompositeActor.h */,
				41C1F2CD15C404E600893F21 /* GCCompositeActor.m */,
			);
			name = Actors;
			sourceTree = "<group>";
		};
		5F2F729114F909E4000166E5 /* Geometry */ = {
			isa = PBXGroup;
			children = (
				5F2F729314F90A0B000166E5 /* GCVectorTest.h */,
				5F2F729414F90A0B000166E5 /* GCVectorTest.m */,
			);
			name = Geometry;
			sourceTree = "<group>";
		};
		5F2F729614F90CC7000166E5 /* Animation */ = {
			isa = PBXGroup;
			children = (
				41EFE83215E0FF92006E9396 /* GCCompositeAnimationTest.h */,
				41EFE83315E0FF92006E9396 /* GCCompositeAnimationTest.m */,
			);
			name = Animation;
			sourceTree = "<group>";
		};
		5F40438815836598007C162C /* Scenes */ = {
			isa = PBXGroup;
			children = (
				5F40438A158365AF007C162C /* GCDirectorTest.h */,
				5F40438B158365AF007C162C /* GCDirectorTest.m */,
			);
			name = Scenes;
			sourceTree = "<group>";
		};
		5F6DEA85155689B2003B691B /* Actors */ = {
			isa = PBXGroup;
			children = (
				41EFE83515E0FFAE006E9396 /* GCActorTest.h */,
				41EFE83615E0FFAE006E9396 /* GCActorTest.m */,
				41BA51A515E92B4B004862AC /* GCSpriteActorTest.h */,
				41BA51A615E92B4B004862AC /* GCSpriteActorTest.m */,
				41BA51A815E92CFA004862AC /* GCCompositeActorTest.h */,
				41BA51A915E92CFA004862AC /* GCCompositeActorTest.m */,
			);
			name = Actors;
			sourceTree = "<group>";
		};
		5F9BB64314F266090062F348 /* Geometry */ = {
			isa = PBXGroup;
			children = (
				5F9BB64414F2674C0062F348 /* GCVector.h */,
				5F9BB64514F2674C0062F348 /* GCVector.m */,
			);
			name = Geometry;
			sourceTree = "<group>";
		};
		5FAE7FDE150270B2005813DE /* Scenes */ = {
			isa = PBXGroup;
			children = (
				5FAE7FE4150270EE005813DE /* GCDirector.h */,
				5FAE7FE5150270EE005813DE /* GCDirector.m */,
				5F1997CA1532E7C400D2E44D /* GCLayer.h */,
				5F1997CB1532E7C400D2E44D /* GCLayer.m */,
				5FAE7FE0150270D2005813DE /* GCScene.h */,
				5FAE7FE1150270D2005813DE /* GCScene.m */,
				5F1997CF1532E7DA00D2E44D /* GCLayeredScene.h */,
				5F1997D01532E7DA00D2E44D /* GCLayeredScene.m */,
			);
			name = Scenes;
			sourceTree = "<group>";
		};
		5FAE7FE815027388005813DE /* Containers */ = {
			isa = PBXGroup;
			children = (
				5FBFFB2E151FBA0100F218AD /* GCStack.h */,
				5FBFFB2F151FBA0100F218AD /* GCStack.m */,
			);
			name = Containers;
			sourceTree = "<group>";
		};
		5FF8AEF714FA89EA0093AF4E /* Application */ = {
			isa = PBXGroup;
			children = (
				5FF8AEF814FA8A5C0093AF4E /* GCGameView.h */,
				5FF8AEF914FA8A5C0093AF4E /* GCGameView.m */,
			);
			name = Application;
			sourceTree = "<group>";
		};
		5FFF5B6A1536194C009C379D /* Protocols */ = {
			isa = PBXGroup;
			children = (
				5F0B6CC914E6CDA100A87D18 /* GCMovable.h */,
				5F29BBC3153984C700476BCE /* GCRenderable.h */,
			);
			name = Protocols;
			sourceTree = "<group>";
		};
/* End PBXGroup section */

/* Begin PBXHeadersBuildPhase section */
		5F1C33A614DE99C600BF808B /* Headers */ = {
			isa = PBXHeadersBuildPhase;
			buildActionMask = 2147483647;
			files = (
				5F1C33F814DE9F7000BF808B /* GCSprite.h in Headers */,
				5F1C33FC14DE9FA500BF808B /* GunCase.h in Headers */,
				5F0B6CCA14E6CDA100A87D18 /* GCMovable.h in Headers */,
				5F0B6CCD14E6D0E300A87D18 /* GCSequentialAnimation.h in Headers */,
				5F9F178014E7FCA200428AC4 /* GCLinearAnimation.h in Headers */,
				5F9BB64014F2616E0062F348 /* GCGraphics.h in Headers */,
				5F9BB64614F2674C0062F348 /* GCVector.h in Headers */,
				5FF8AEFA14FA8A5C0093AF4E /* GCGameView.h in Headers */,
				5FAE7FE2150270D2005813DE /* GCScene.h in Headers */,
				5FAE7FE6150270EE005813DE /* GCDirector.h in Headers */,
				5F68600F150B788500A216C9 /* GCAnimation.h in Headers */,
				5F686013150B7CE400A216C9 /* GCArcAnimation.h in Headers */,
				5F6E72D6150CB50600DB000F /* GCTimedAnimation.h in Headers */,
				5FBFFB30151FBA0100F218AD /* GCStack.h in Headers */,
				5F2ED53D1531C344002BDE26 /* GCRotationAnimation.h in Headers */,
				5F1997CC1532E7C400D2E44D /* GCLayer.h in Headers */,
				5F1997D11532E7DA00D2E44D /* GCLayeredScene.h in Headers */,
				5F59810415376EA40023D91B /* GCActor.h in Headers */,
				5F29BBC6153984EC00476BCE /* GCSpriteActor.h in Headers */,
				5F69679F15B2CA1700D9F1D2 /* GCFont.h in Headers */,
				4169B3BC15BAA5C2002DB41D /* GCKeyboard.h in Headers */,
				41C1F2CE15C404E600893F21 /* GCCompositeActor.h in Headers */,
				4110343015D2865300BC2C40 /* NSData+Base64.h in Headers */,
				4110343A15D299AD00BC2C40 /* GCMapParser.h in Headers */,
				4110343F15D29A3E00BC2C40 /* GCTiledMapParser.h in Headers */,
				41A3EBA615D3BCD000E21154 /* GCMap.h in Headers */,
				41A3EBAB15D3BE1000E21154 /* GCMapLayer.h in Headers */,
				41A3EBB315D3D29C00E21154 /* GCMapTileset.h in Headers */,
				41A3EBBC15D402EB00E21154 /* GCTiledMapIdentityDecompressor.h in Headers */,
				41A3EBC115D4035800E21154 /* GCTiledMapBase64Decoder.h in Headers */,
				41702BB415D529200046B008 /* GCMapTile.h in Headers */,
				41D5F96E15D843440084625E /* GCMath.h in Headers */,
				41D5F97415D845CE0084625E /* NSImage+PowersOf2.h in Headers */,
				4179905F15DE6F8700FA96C7 /* GCTiledMapGzipDecompressor.h in Headers */,
				41A6410B15EA444400C87420 /* GCMapLayout.h in Headers */,
				41A6411115EA44BE00C87420 /* GCOrthogonalMapLayout.h in Headers */,
				41A6411715EA44DF00C87420 /* GCIsometricMapLayout.h in Headers */,
			);
			runOnlyForDeploymentPostprocessing = 0;
		};
/* End PBXHeadersBuildPhase section */

/* Begin PBXNativeTarget section */
		5F1C33A714DE99C600BF808B /* GunCase */ = {
			isa = PBXNativeTarget;
			buildConfigurationList = 5F1C33CE14DE99C600BF808B /* Build configuration list for PBXNativeTarget "GunCase" */;
			buildPhases = (
				5F1C33A414DE99C600BF808B /* Sources */,
				5F1C33A514DE99C600BF808B /* Frameworks */,
				5F1C33A614DE99C600BF808B /* Headers */,
			);
			buildRules = (
			);
			dependencies = (
			);
			name = GunCase;
			productName = GunCase;
			productReference = 5F1C33A814DE99C600BF808B /* libGunCase.a */;
			productType = "com.apple.product-type.library.static";
		};
		5F1C33BB14DE99C600BF808B /* GunCaseTests */ = {
			isa = PBXNativeTarget;
			buildConfigurationList = 5F1C33D114DE99C600BF808B /* Build configuration list for PBXNativeTarget "GunCaseTests" */;
			buildPhases = (
				5F1C33B714DE99C600BF808B /* Sources */,
				5F1C33B814DE99C600BF808B /* Frameworks */,
				5F1C33B914DE99C600BF808B /* Resources */,
				5F1C33BA14DE99C600BF808B /* ShellScript */,
			);
			buildRules = (
			);
			dependencies = (
				5F1C33C114DE99C600BF808B /* PBXTargetDependency */,
			);
			name = GunCaseTests;
			productName = GunCaseTests;
			productReference = 5F1C33BC14DE99C600BF808B /* GunCaseTests.octest */;
			productType = "com.apple.product-type.bundle";
		};
/* End PBXNativeTarget section */

/* Begin PBXProject section */
		5F1C339F14DE99C600BF808B /* Project object */ = {
			isa = PBXProject;
			attributes = {
				LastUpgradeCheck = 0440;
			};
			buildConfigurationList = 5F1C33A214DE99C600BF808B /* Build configuration list for PBXProject "GunCase" */;
			compatibilityVersion = "Xcode 3.2";
			developmentRegion = English;
			hasScannedForEncodings = 0;
			knownRegions = (
				en,
			);
			mainGroup = 5F1C339D14DE99C600BF808B;
			productRefGroup = 5F1C33A914DE99C600BF808B /* Products */;
			projectDirPath = "";
			projectRoot = "";
			targets = (
				5F1C33A714DE99C600BF808B /* GunCase */,
				5F1C33BB14DE99C600BF808B /* GunCaseTests */,
			);
		};
/* End PBXProject section */

/* Begin PBXResourcesBuildPhase section */
		5F1C33B914DE99C600BF808B /* Resources */ = {
			isa = PBXResourcesBuildPhase;
			buildActionMask = 2147483647;
			files = (
				5F1C33C814DE99C600BF808B /* InfoPlist.strings in Resources */,
			);
			runOnlyForDeploymentPostprocessing = 0;
		};
/* End PBXResourcesBuildPhase section */

/* Begin PBXShellScriptBuildPhase section */
		5F1C33BA14DE99C600BF808B /* ShellScript */ = {
			isa = PBXShellScriptBuildPhase;
			buildActionMask = 2147483647;
			files = (
			);
			inputPaths = (
			);
			outputPaths = (
			);
			runOnlyForDeploymentPostprocessing = 0;
			shellPath = /bin/sh;
			shellScript = "# Run the unit tests in this test bundle.\n\"${SYSTEM_DEVELOPER_DIR}/Tools/RunUnitTests\"\n";
		};
/* End PBXShellScriptBuildPhase section */

/* Begin PBXSourcesBuildPhase section */
		5F1C33A414DE99C600BF808B /* Sources */ = {
			isa = PBXSourcesBuildPhase;
			buildActionMask = 2147483647;
			files = (
				5F1C33F914DE9F7000BF808B /* GCSprite.m in Sources */,
				5F0B6CCE14E6D0E300A87D18 /* GCSequentialAnimation.m in Sources */,
				5F9F178114E7FCA200428AC4 /* GCLinearAnimation.m in Sources */,
				5F9BB64114F2616E0062F348 /* GCGraphics.m in Sources */,
				5F9BB64714F2674C0062F348 /* GCVector.m in Sources */,
				5FF8AEFB14FA8A5C0093AF4E /* GCGameView.m in Sources */,
				5FAE7FE3150270D2005813DE /* GCScene.m in Sources */,
				5FAE7FE7150270EE005813DE /* GCDirector.m in Sources */,
				5F686010150B788500A216C9 /* GCAnimation.m in Sources */,
				5F686014150B7CE400A216C9 /* GCArcAnimation.m in Sources */,
				5F6E72D7150CB50600DB000F /* GCTimedAnimation.m in Sources */,
				5FBFFB31151FBA0100F218AD /* GCStack.m in Sources */,
				5F2ED53E1531C344002BDE26 /* GCRotationAnimation.m in Sources */,
				5F1997CD1532E7C400D2E44D /* GCLayer.m in Sources */,
				5F1997D21532E7DA00D2E44D /* GCLayeredScene.m in Sources */,
				5F59810515376EA40023D91B /* GCActor.m in Sources */,
				5F29BBC7153984EC00476BCE /* GCSpriteActor.m in Sources */,
				5F6967A015B2CA1700D9F1D2 /* GCFont.m in Sources */,
				4169B3BD15BAA5C2002DB41D /* GCKeyboard.m in Sources */,
				41C1F2CF15C404E600893F21 /* GCCompositeActor.m in Sources */,
				4110343115D2865300BC2C40 /* NSData+Base64.m in Sources */,
				4110343B15D299AD00BC2C40 /* GCMapParser.m in Sources */,
				4110344015D29A3E00BC2C40 /* GCTiledMapParser.m in Sources */,
				41A3EBA715D3BCD000E21154 /* GCMap.m in Sources */,
				41A3EBAC15D3BE1000E21154 /* GCMapLayer.m in Sources */,
				41A3EBB415D3D29C00E21154 /* GCMapTileset.m in Sources */,
				41A3EBBD15D402EB00E21154 /* GCTiledMapIdentityDecompressor.m in Sources */,
				41A3EBC215D4035800E21154 /* GCTiledMapBase64Decoder.m in Sources */,
				41702BB515D529200046B008 /* GCMapTile.m in Sources */,
				41D5F96F15D843440084625E /* GCMath.m in Sources */,
				41D5F97515D845CE0084625E /* NSImage+PowersOf2.m in Sources */,
				4179906015DE6F8700FA96C7 /* GCTiledMapGzipDecompressor.m in Sources */,
				41A6410C15EA444400C87420 /* GCMapLayout.m in Sources */,
				41A6411215EA44BE00C87420 /* GCOrthogonalMapLayout.m in Sources */,
				41A6411815EA44DF00C87420 /* GCIsometricMapLayout.m in Sources */,
			);
			runOnlyForDeploymentPostprocessing = 0;
		};
		5F1C33B714DE99C600BF808B /* Sources */ = {
			isa = PBXSourcesBuildPhase;
			buildActionMask = 2147483647;
			files = (
				5F2F729514F90A0B000166E5 /* GCVectorTest.m in Sources */,
				5F1E1DA615271713005E5BBE /* GCStackTest.m in Sources */,
				5F40438C158365AF007C162C /* GCDirectorTest.m in Sources */,
				5F6967A115B2CA1700D9F1D2 /* GCFont.m in Sources */,
				4169B3BE15BAA5C2002DB41D /* GCKeyboard.m in Sources */,
				41C1F2D015C404E600893F21 /* GCCompositeActor.m in Sources */,
				4110343215D2865300BC2C40 /* NSData+Base64.m in Sources */,
				4110343615D287E100BC2C40 /* NSDataTest.m in Sources */,
				4110343C15D299AD00BC2C40 /* GCMapParser.m in Sources */,
				4110344115D29A3E00BC2C40 /* GCTiledMapParser.m in Sources */,
				4110344515D29D3B00BC2C40 /* GCTiledMapParserTest.m in Sources */,
				41A3EBA815D3BCD000E21154 /* GCMap.m in Sources */,
				41A3EBAD15D3BE1000E21154 /* GCMapLayer.m in Sources */,
				41A3EBB015D3C13200E21154 /* GCMapTest.m in Sources */,
				41A3EBB515D3D29C00E21154 /* GCMapTileset.m in Sources */,
				41A3EBBE15D402EB00E21154 /* GCTiledMapIdentityDecompressor.m in Sources */,
				41A3EBC315D4035800E21154 /* GCTiledMapBase64Decoder.m in Sources */,
				41702BB615D529200046B008 /* GCMapTile.m in Sources */,
				41D5F97015D843440084625E /* GCMath.m in Sources */,
				41D5F97615D845CE0084625E /* NSImage+PowersOf2.m in Sources */,
				4129396415DC0376004F1740 /* GCMapTilesetTest.m in Sources */,
				4129396715DC1B49004F1740 /* GCMapLayerTest.m in Sources */,
				4129396A15DC1D66004F1740 /* GCMapTileTest.m in Sources */,
				4179906115DE6F8700FA96C7 /* GCTiledMapGzipDecompressor.m in Sources */,
				41EFE82815E0F708006E9396 /* NSImageTest.m in Sources */,
				41EFE82C15E0F829006E9396 /* GCMathTest.m in Sources */,
				41EFE83415E0FF92006E9396 /* GCCompositeAnimationTest.m in Sources */,
				41EFE83715E0FFAE006E9396 /* GCActorTest.m in Sources */,
				41EFE85215E12139006E9396 /* GCActor.m in Sources */,
				41EFE85515E1213D006E9396 /* GCSpriteActor.m in Sources */,
				41EFE85715E12151006E9396 /* GCStack.m in Sources */,
				41EFE85815E12151006E9396 /* GCDirector.m in Sources */,
				41EFE85915E12151006E9396 /* GCLayer.m in Sources */,
				41EFE85A15E12151006E9396 /* GCScene.m in Sources */,
				41EFE85B15E12151006E9396 /* GCLayeredScene.m in Sources */,
				41EFE86115E12166006E9396 /* GCGameView.m in Sources */,
				41EFE86315E1216C006E9396 /* GCVector.m in Sources */,
				41EFE86615E12173006E9396 /* GCSprite.m in Sources */,
				41EFE86715E12176006E9396 /* GCGraphics.m in Sources */,
				41EFE87015E12187006E9396 /* GCAnimation.m in Sources */,
				41EFE87115E12187006E9396 /* GCTimedAnimation.m in Sources */,
				41EFE87215E12187006E9396 /* GCSequentialAnimation.m in Sources */,
				41EFE87315E12187006E9396 /* GCLinearAnimation.m in Sources */,
				41EFE87415E12187006E9396 /* GCArcAnimation.m in Sources */,
				41EFE87515E12187006E9396 /* GCRotationAnimation.m in Sources */,
				41BA51A715E92B4B004862AC /* GCSpriteActorTest.m in Sources */,
				41BA51AA15E92CFA004862AC /* GCCompositeActorTest.m in Sources */,
				41A6410D15EA444400C87420 /* GCMapLayout.m in Sources */,
				41A6411315EA44BE00C87420 /* GCOrthogonalMapLayout.m in Sources */,
				41A6411915EA44DF00C87420 /* GCIsometricMapLayout.m in Sources */,
				41A6411E15EA4CA100C87420 /* GCMapLayoutTest.m in Sources */,
				41A6412115EA4DD300C87420 /* GCOrthogonalMapLayoutTest.m in Sources */,
				41A6412415EA52FA00C87420 /* GCIsometricMapLayoutTest.m in Sources */,
			);
			runOnlyForDeploymentPostprocessing = 0;
		};
/* End PBXSourcesBuildPhase section */

/* Begin PBXTargetDependency section */
		5F1C33C114DE99C600BF808B /* PBXTargetDependency */ = {
			isa = PBXTargetDependency;
			target = 5F1C33A714DE99C600BF808B /* GunCase */;
			targetProxy = 5F1C33C014DE99C600BF808B /* PBXContainerItemProxy */;
		};
/* End PBXTargetDependency section */

/* Begin PBXVariantGroup section */
		5F1C33C614DE99C600BF808B /* InfoPlist.strings */ = {
			isa = PBXVariantGroup;
			children = (
				5F1C33C714DE99C600BF808B /* en */,
			);
			name = InfoPlist.strings;
			sourceTree = "<group>";
		};
/* End PBXVariantGroup section */

/* Begin XCBuildConfiguration section */
		5F1C33CC14DE99C600BF808B /* Debug */ = {
			isa = XCBuildConfiguration;
			buildSettings = {
				ALWAYS_SEARCH_USER_PATHS = NO;
				ARCHS = "$(ARCHS_STANDARD_64_BIT)";
				CLANG_ENABLE_OBJC_ARC = YES;
				COPY_PHASE_STRIP = NO;
				GCC_C_LANGUAGE_STANDARD = gnu99;
				GCC_DYNAMIC_NO_PIC = NO;
				GCC_ENABLE_OBJC_EXCEPTIONS = YES;
				GCC_OPTIMIZATION_LEVEL = 0;
				GCC_PREPROCESSOR_DEFINITIONS = (
					"DEBUG=1",
					"$(inherited)",
				);
				GCC_SYMBOLS_PRIVATE_EXTERN = NO;
				GCC_VERSION = com.apple.compilers.llvm.clang.1_0;
				GCC_WARN_64_TO_32_BIT_CONVERSION = YES;
				GCC_WARN_ABOUT_MISSING_PROTOTYPES = YES;
				GCC_WARN_ABOUT_RETURN_TYPE = YES;
				GCC_WARN_UNUSED_VARIABLE = YES;
				MACOSX_DEPLOYMENT_TARGET = 10.7;
				ONLY_ACTIVE_ARCH = YES;
				SDKROOT = macosx;
			};
			name = Debug;
		};
		5F1C33CD14DE99C600BF808B /* Release */ = {
			isa = XCBuildConfiguration;
			buildSettings = {
				ALWAYS_SEARCH_USER_PATHS = NO;
				ARCHS = "$(ARCHS_STANDARD_64_BIT)";
				CLANG_ENABLE_OBJC_ARC = YES;
				COPY_PHASE_STRIP = YES;
				DEBUG_INFORMATION_FORMAT = "dwarf-with-dsym";
				GCC_C_LANGUAGE_STANDARD = gnu99;
				GCC_ENABLE_OBJC_EXCEPTIONS = YES;
				GCC_VERSION = com.apple.compilers.llvm.clang.1_0;
				GCC_WARN_64_TO_32_BIT_CONVERSION = YES;
				GCC_WARN_ABOUT_MISSING_PROTOTYPES = YES;
				GCC_WARN_ABOUT_RETURN_TYPE = YES;
				GCC_WARN_UNUSED_VARIABLE = YES;
				MACOSX_DEPLOYMENT_TARGET = 10.7;
				SDKROOT = macosx;
			};
			name = Release;
		};
		5F1C33CF14DE99C600BF808B /* Debug */ = {
			isa = XCBuildConfiguration;
			buildSettings = {
				COMBINE_HIDPI_IMAGES = YES;
				GCC_PRECOMPILE_PREFIX_HEADER = YES;
				GCC_PREFIX_HEADER = "GunCase/GunCase-Prefix.pch";
				OTHER_LDFLAGS = "";
				PRODUCT_NAME = "$(TARGET_NAME)";
			};
			name = Debug;
		};
		5F1C33D014DE99C600BF808B /* Release */ = {
			isa = XCBuildConfiguration;
			buildSettings = {
				COMBINE_HIDPI_IMAGES = YES;
				GCC_PRECOMPILE_PREFIX_HEADER = YES;
				GCC_PREFIX_HEADER = "GunCase/GunCase-Prefix.pch";
				OTHER_LDFLAGS = "";
				PRODUCT_NAME = "$(TARGET_NAME)";
			};
			name = Release;
		};
		5F1C33D214DE99C600BF808B /* Debug */ = {
			isa = XCBuildConfiguration;
			buildSettings = {
				COMBINE_HIDPI_IMAGES = YES;
				FRAMEWORK_SEARCH_PATHS = "$(DEVELOPER_LIBRARY_DIR)/Frameworks";
				GCC_PRECOMPILE_PREFIX_HEADER = YES;
				GCC_PREFIX_HEADER = "GunCaseTests/GunCaseTests-Prefix.pch";
				GCC_PREPROCESSOR_DEFINITIONS = (
					"DEBUG=1",
					"$(inherited)",
					UNIT_TEST,
				);
				INFOPLIST_FILE = "GunCaseTests/GunCaseTests-Info.plist";
				PRODUCT_NAME = "$(TARGET_NAME)";
				WRAPPER_EXTENSION = octest;
			};
			name = Debug;
		};
		5F1C33D314DE99C600BF808B /* Release */ = {
			isa = XCBuildConfiguration;
			buildSettings = {
				COMBINE_HIDPI_IMAGES = YES;
				FRAMEWORK_SEARCH_PATHS = "$(DEVELOPER_LIBRARY_DIR)/Frameworks";
				GCC_PRECOMPILE_PREFIX_HEADER = YES;
				GCC_PREFIX_HEADER = "GunCaseTests/GunCaseTests-Prefix.pch";
				INFOPLIST_FILE = "GunCaseTests/GunCaseTests-Info.plist";
				PRODUCT_NAME = "$(TARGET_NAME)";
				WRAPPER_EXTENSION = octest;
			};
			name = Release;
		};
/* End XCBuildConfiguration section */

/* Begin XCConfigurationList section */
		5F1C33A214DE99C600BF808B /* Build configuration list for PBXProject "GunCase" */ = {
			isa = XCConfigurationList;
			buildConfigurations = (
				5F1C33CC14DE99C600BF808B /* Debug */,
				5F1C33CD14DE99C600BF808B /* Release */,
			);
			defaultConfigurationIsVisible = 0;
			defaultConfigurationName = Release;
		};
		5F1C33CE14DE99C600BF808B /* Build configuration list for PBXNativeTarget "GunCase" */ = {
			isa = XCConfigurationList;
			buildConfigurations = (
				5F1C33CF14DE99C600BF808B /* Debug */,
				5F1C33D014DE99C600BF808B /* Release */,
			);
			defaultConfigurationIsVisible = 0;
			defaultConfigurationName = Release;
		};
		5F1C33D114DE99C600BF808B /* Build configuration list for PBXNativeTarget "GunCaseTests" */ = {
			isa = XCConfigurationList;
			buildConfigurations = (
				5F1C33D214DE99C600BF808B /* Debug */,
				5F1C33D314DE99C600BF808B /* Release */,
			);
			defaultConfigurationIsVisible = 0;
			defaultConfigurationName = Release;
		};
/* End XCConfigurationList section */
	};
	rootObject = 5F1C339F14DE99C600BF808B /* Project object */;
}
