// !$*UTF8*$!
{
	archiveVersion = 1;
	classes = {
	};
	objectVersion = 46;
	objects = {

/* Begin PBXBuildFile section */
		5F0B6CCA14E6CDA100A87D18 /* GCMovable.h in Headers */ = {isa = PBXBuildFile; fileRef = 5F0B6CC914E6CDA100A87D18 /* GCMovable.h */; };
		5F0B6CCD14E6D0E300A87D18 /* GCCompositeAnimation.h in Headers */ = {isa = PBXBuildFile; fileRef = 5F0B6CCB14E6D0E300A87D18 /* GCCompositeAnimation.h */; };
		5F0B6CCE14E6D0E300A87D18 /* GCCompositeAnimation.m in Sources */ = {isa = PBXBuildFile; fileRef = 5F0B6CCC14E6D0E300A87D18 /* GCCompositeAnimation.m */; };
		5F0B6CD414E6D5A600A87D18 /* GCCompositeAnimationTest.m in Sources */ = {isa = PBXBuildFile; fileRef = 5F0B6CD314E6D5A600A87D18 /* GCCompositeAnimationTest.m */; };
		5F1997CC1532E7C400D2E44D /* GCLayer.h in Headers */ = {isa = PBXBuildFile; fileRef = 5F1997CA1532E7C400D2E44D /* GCLayer.h */; };
		5F1997CD1532E7C400D2E44D /* GCLayer.m in Sources */ = {isa = PBXBuildFile; fileRef = 5F1997CB1532E7C400D2E44D /* GCLayer.m */; };
		5F1997D11532E7DA00D2E44D /* GCLayeredScene.h in Headers */ = {isa = PBXBuildFile; fileRef = 5F1997CF1532E7DA00D2E44D /* GCLayeredScene.h */; };
		5F1997D21532E7DA00D2E44D /* GCLayeredScene.m in Sources */ = {isa = PBXBuildFile; fileRef = 5F1997D01532E7DA00D2E44D /* GCLayeredScene.m */; };
		5F1997D61532EDD900D2E44D /* GDBackgroundLayer.m in Sources */ = {isa = PBXBuildFile; fileRef = 5F1997D51532EDD900D2E44D /* GDBackgroundLayer.m */; };
		5F1997D91532F56900D2E44D /* GDTokensLayer.m in Sources */ = {isa = PBXBuildFile; fileRef = 5F1997D81532F56900D2E44D /* GDTokensLayer.m */; };
		5F1997DC15330B6E00D2E44D /* GDOverheadLayer.m in Sources */ = {isa = PBXBuildFile; fileRef = 5F1997DB15330B6E00D2E44D /* GDOverheadLayer.m */; };
		5F1997DE15330D1800D2E44D /* background.jpg in Resources */ = {isa = PBXBuildFile; fileRef = 5F1997DD15330D1800D2E44D /* background.jpg */; };
		5F1C33AC14DE99C600BF808B /* Cocoa.framework in Frameworks */ = {isa = PBXBuildFile; fileRef = 5F1C33AB14DE99C600BF808B /* Cocoa.framework */; };
		5F1C33BE14DE99C600BF808B /* SenTestingKit.framework in Frameworks */ = {isa = PBXBuildFile; fileRef = 5F1C33BD14DE99C600BF808B /* SenTestingKit.framework */; };
		5F1C33BF14DE99C600BF808B /* Cocoa.framework in Frameworks */ = {isa = PBXBuildFile; fileRef = 5F1C33AB14DE99C600BF808B /* Cocoa.framework */; };
		5F1C33C214DE99C600BF808B /* libGunCase.a in Frameworks */ = {isa = PBXBuildFile; fileRef = 5F1C33A814DE99C600BF808B /* libGunCase.a */; };
		5F1C33C814DE99C600BF808B /* InfoPlist.strings in Resources */ = {isa = PBXBuildFile; fileRef = 5F1C33C614DE99C600BF808B /* InfoPlist.strings */; };
		5F1C33DA14DE9A8000BF808B /* Cocoa.framework in Frameworks */ = {isa = PBXBuildFile; fileRef = 5F1C33AB14DE99C600BF808B /* Cocoa.framework */; };
		5F1C33E014DE9A8000BF808B /* InfoPlist.strings in Resources */ = {isa = PBXBuildFile; fileRef = 5F1C33DE14DE9A8000BF808B /* InfoPlist.strings */; };
		5F1C33E214DE9A8000BF808B /* main.m in Sources */ = {isa = PBXBuildFile; fileRef = 5F1C33E114DE9A8000BF808B /* main.m */; };
		5F1C33E614DE9A8000BF808B /* Credits.rtf in Resources */ = {isa = PBXBuildFile; fileRef = 5F1C33E414DE9A8000BF808B /* Credits.rtf */; };
		5F1C33E914DE9A8000BF808B /* GDAppDelegate.m in Sources */ = {isa = PBXBuildFile; fileRef = 5F1C33E814DE9A8000BF808B /* GDAppDelegate.m */; };
		5F1C33EC14DE9A8000BF808B /* MainMenu.xib in Resources */ = {isa = PBXBuildFile; fileRef = 5F1C33EA14DE9A8000BF808B /* MainMenu.xib */; };
		5F1C33F014DE9B1500BF808B /* libGunCase.a in Frameworks */ = {isa = PBXBuildFile; fileRef = 5F1C33A814DE99C600BF808B /* libGunCase.a */; };
		5F1C33F814DE9F7000BF808B /* GCSprite.h in Headers */ = {isa = PBXBuildFile; fileRef = 5F1C33F614DE9F7000BF808B /* GCSprite.h */; };
		5F1C33F914DE9F7000BF808B /* GCSprite.m in Sources */ = {isa = PBXBuildFile; fileRef = 5F1C33F714DE9F7000BF808B /* GCSprite.m */; };
		5F1C33FC14DE9FA500BF808B /* GunCase.h in Headers */ = {isa = PBXBuildFile; fileRef = 5F1C33FB14DE9FA500BF808B /* GunCase.h */; };
		5F1C340414DEA37C00BF808B /* GLUT.framework in Frameworks */ = {isa = PBXBuildFile; fileRef = 5F1C340214DEA37C00BF808B /* GLUT.framework */; };
		5F1C340514DEA37C00BF808B /* OpenGL.framework in Frameworks */ = {isa = PBXBuildFile; fileRef = 5F1C340314DEA37C00BF808B /* OpenGL.framework */; };
		5F1C340714DEA38200BF808B /* QuartzCore.framework in Frameworks */ = {isa = PBXBuildFile; fileRef = 5F1C340614DEA38200BF808B /* QuartzCore.framework */; };
		5F1C340E14DEA52C00BF808B /* GDMainView.m in Sources */ = {isa = PBXBuildFile; fileRef = 5F1C340D14DEA52C00BF808B /* GDMainView.m */; };
		5F1C341014DEBA4300BF808B /* walker.png in Resources */ = {isa = PBXBuildFile; fileRef = 5F1C340F14DEBA4300BF808B /* walker.png */; };
		5F1E1DA615271713005E5BBE /* GCStackTest.m in Sources */ = {isa = PBXBuildFile; fileRef = 5F1E1DA515271713005E5BBE /* GCStackTest.m */; };
		5F29BBC6153984EC00476BCE /* GCSpriteThing.h in Headers */ = {isa = PBXBuildFile; fileRef = 5F29BBC4153984EC00476BCE /* GCSpriteThing.h */; };
		5F29BBC7153984EC00476BCE /* GCSpriteThing.m in Sources */ = {isa = PBXBuildFile; fileRef = 5F29BBC5153984EC00476BCE /* GCSpriteThing.m */; };
		5F2ED53D1531C344002BDE26 /* GCRotationAnimation.h in Headers */ = {isa = PBXBuildFile; fileRef = 5F2ED53B1531C344002BDE26 /* GCRotationAnimation.h */; };
		5F2ED53E1531C344002BDE26 /* GCRotationAnimation.m in Sources */ = {isa = PBXBuildFile; fileRef = 5F2ED53C1531C344002BDE26 /* GCRotationAnimation.m */; };
		5F2ED5421531C444002BDE26 /* GDToken.m in Sources */ = {isa = PBXBuildFile; fileRef = 5F2ED5411531C444002BDE26 /* GDToken.m */; };
		5F2F729514F90A0B000166E5 /* GCVectorTest.m in Sources */ = {isa = PBXBuildFile; fileRef = 5F2F729414F90A0B000166E5 /* GCVectorTest.m */; };
		5F40438C158365AF007C162C /* GCDirectorTest.m in Sources */ = {isa = PBXBuildFile; fileRef = 5F40438B158365AF007C162C /* GCDirectorTest.m */; };
		5F40438D15836688007C162C /* QuartzCore.framework in Frameworks */ = {isa = PBXBuildFile; fileRef = 5F1C340614DEA38200BF808B /* QuartzCore.framework */; };
		5F40438E15836692007C162C /* GLUT.framework in Frameworks */ = {isa = PBXBuildFile; fileRef = 5F1C340214DEA37C00BF808B /* GLUT.framework */; };
		5F40438F15836692007C162C /* OpenGL.framework in Frameworks */ = {isa = PBXBuildFile; fileRef = 5F1C340314DEA37C00BF808B /* OpenGL.framework */; };
		5F59810415376EA40023D91B /* GCThing.h in Headers */ = {isa = PBXBuildFile; fileRef = 5F59810215376EA40023D91B /* GCThing.h */; };
		5F59810515376EA40023D91B /* GCThing.m in Sources */ = {isa = PBXBuildFile; fileRef = 5F59810315376EA40023D91B /* GCThing.m */; };
		5F68600F150B788500A216C9 /* GCAnimation.h in Headers */ = {isa = PBXBuildFile; fileRef = 5F68600D150B788500A216C9 /* GCAnimation.h */; };
		5F686010150B788500A216C9 /* GCAnimation.m in Sources */ = {isa = PBXBuildFile; fileRef = 5F68600E150B788500A216C9 /* GCAnimation.m */; };
		5F686013150B7CE400A216C9 /* GCArcAnimation.h in Headers */ = {isa = PBXBuildFile; fileRef = 5F686011150B7CE400A216C9 /* GCArcAnimation.h */; };
		5F686014150B7CE400A216C9 /* GCArcAnimation.m in Sources */ = {isa = PBXBuildFile; fileRef = 5F686012150B7CE400A216C9 /* GCArcAnimation.m */; };
		5F69679F15B2CA1700D9F1D2 /* GCFont.h in Headers */ = {isa = PBXBuildFile; fileRef = 5F69679D15B2CA1700D9F1D2 /* GCFont.h */; };
		5F6967A015B2CA1700D9F1D2 /* GCFont.m in Sources */ = {isa = PBXBuildFile; fileRef = 5F69679E15B2CA1700D9F1D2 /* GCFont.m */; };
		5F6967A115B2CA1700D9F1D2 /* GCFont.m in Sources */ = {isa = PBXBuildFile; fileRef = 5F69679E15B2CA1700D9F1D2 /* GCFont.m */; };
		5F6DEA89155689D4003B691B /* GCThingTest.m in Sources */ = {isa = PBXBuildFile; fileRef = 5F6DEA88155689D4003B691B /* GCThingTest.m */; };
		5F6E72D6150CB50600DB000F /* GCTimedAnimation.h in Headers */ = {isa = PBXBuildFile; fileRef = 5F6E72D4150CB50600DB000F /* GCTimedAnimation.h */; };
		5F6E72D7150CB50600DB000F /* GCTimedAnimation.m in Sources */ = {isa = PBXBuildFile; fileRef = 5F6E72D5150CB50600DB000F /* GCTimedAnimation.m */; };
		5F8DBEAF15238FD60075ADA6 /* o.png in Resources */ = {isa = PBXBuildFile; fileRef = 5F8DBEAD15238FD60075ADA6 /* o.png */; };
		5F8DBEB015238FD60075ADA6 /* x.png in Resources */ = {isa = PBXBuildFile; fileRef = 5F8DBEAE15238FD60075ADA6 /* x.png */; };
		5F9A78E115304DE500DC8076 /* GDMarker.m in Sources */ = {isa = PBXBuildFile; fileRef = 5F9A78E015304DE500DC8076 /* GDMarker.m */; };
		5F9A78E31530508900DC8076 /* marker.png in Resources */ = {isa = PBXBuildFile; fileRef = 5F9A78E21530508900DC8076 /* marker.png */; };
		5F9BB64014F2616E0062F348 /* GCGraphics.h in Headers */ = {isa = PBXBuildFile; fileRef = 5F9BB63E14F2616E0062F348 /* GCGraphics.h */; };
		5F9BB64114F2616E0062F348 /* GCGraphics.m in Sources */ = {isa = PBXBuildFile; fileRef = 5F9BB63F14F2616E0062F348 /* GCGraphics.m */; };
		5F9BB64614F2674C0062F348 /* GCVector.h in Headers */ = {isa = PBXBuildFile; fileRef = 5F9BB64414F2674C0062F348 /* GCVector.h */; };
		5F9BB64714F2674C0062F348 /* GCVector.m in Sources */ = {isa = PBXBuildFile; fileRef = 5F9BB64514F2674C0062F348 /* GCVector.m */; };
		5F9F178014E7FCA200428AC4 /* GCLinearAnimation.h in Headers */ = {isa = PBXBuildFile; fileRef = 5F9F177E14E7FCA200428AC4 /* GCLinearAnimation.h */; };
		5F9F178114E7FCA200428AC4 /* GCLinearAnimation.m in Sources */ = {isa = PBXBuildFile; fileRef = 5F9F177F14E7FCA200428AC4 /* GCLinearAnimation.m */; };
		5FAE7FE2150270D2005813DE /* GCScene.h in Headers */ = {isa = PBXBuildFile; fileRef = 5FAE7FE0150270D2005813DE /* GCScene.h */; };
		5FAE7FE3150270D2005813DE /* GCScene.m in Sources */ = {isa = PBXBuildFile; fileRef = 5FAE7FE1150270D2005813DE /* GCScene.m */; };
		5FAE7FE6150270EE005813DE /* GCDirector.h in Headers */ = {isa = PBXBuildFile; fileRef = 5FAE7FE4150270EE005813DE /* GCDirector.h */; };
		5FAE7FE7150270EE005813DE /* GCDirector.m in Sources */ = {isa = PBXBuildFile; fileRef = 5FAE7FE5150270EE005813DE /* GCDirector.m */; };
		5FBFFB30151FBA0100F218AD /* GCStack.h in Headers */ = {isa = PBXBuildFile; fileRef = 5FBFFB2E151FBA0100F218AD /* GCStack.h */; };
		5FBFFB31151FBA0100F218AD /* GCStack.m in Sources */ = {isa = PBXBuildFile; fileRef = 5FBFFB2F151FBA0100F218AD /* GCStack.m */; };
		5FD978A61531950F00A5D88B /* CurrentPlayerLabel.png in Resources */ = {isa = PBXBuildFile; fileRef = 5FD978A51531950F00A5D88B /* CurrentPlayerLabel.png */; };
		5FD978A915319D8400A5D88B /* WinnerLabel.png in Resources */ = {isa = PBXBuildFile; fileRef = 5FD978A815319D8400A5D88B /* WinnerLabel.png */; };
		5FE90D04151F1B0100155BBF /* GDBoardScene.m in Sources */ = {isa = PBXBuildFile; fileRef = 5FE90D03151F1B0100155BBF /* GDBoardScene.m */; };
		5FE90D07151F208A00155BBF /* board.png in Resources */ = {isa = PBXBuildFile; fileRef = 5FE90D06151F208A00155BBF /* board.png */; };
		5FF8AEFA14FA8A5C0093AF4E /* GCGameView.h in Headers */ = {isa = PBXBuildFile; fileRef = 5FF8AEF814FA8A5C0093AF4E /* GCGameView.h */; };
		5FF8AEFB14FA8A5C0093AF4E /* GCGameView.m in Sources */ = {isa = PBXBuildFile; fileRef = 5FF8AEF914FA8A5C0093AF4E /* GCGameView.m */; };
/* End PBXBuildFile section */

/* Begin PBXContainerItemProxy section */
		5F1C33C014DE99C600BF808B /* PBXContainerItemProxy */ = {
			isa = PBXContainerItemProxy;
			containerPortal = 5F1C339F14DE99C600BF808B /* Project object */;
			proxyType = 1;
			remoteGlobalIDString = 5F1C33A714DE99C600BF808B;
			remoteInfo = GunCase;
		};
/* End PBXContainerItemProxy section */

/* Begin PBXFileReference section */
		5F0B6CC914E6CDA100A87D18 /* GCMovable.h */ = {isa = PBXFileReference; fileEncoding = 4; lastKnownFileType = sourcecode.c.h; name = GCMovable.h; path = Classes/GCMovable.h; sourceTree = "<group>"; };
		5F0B6CCB14E6D0E300A87D18 /* GCCompositeAnimation.h */ = {isa = PBXFileReference; fileEncoding = 4; lastKnownFileType = sourcecode.c.h; lineEnding = 0; name = GCCompositeAnimation.h; path = Classes/GCCompositeAnimation.h; sourceTree = "<group>"; xcLanguageSpecificationIdentifier = xcode.lang.objcpp; };
		5F0B6CCC14E6D0E300A87D18 /* GCCompositeAnimation.m */ = {isa = PBXFileReference; fileEncoding = 4; lastKnownFileType = sourcecode.c.objc; lineEnding = 0; name = GCCompositeAnimation.m; path = Classes/GCCompositeAnimation.m; sourceTree = "<group>"; xcLanguageSpecificationIdentifier = xcode.lang.objc; };
		5F0B6CD214E6D5A600A87D18 /* GCCompositeAnimationTest.h */ = {isa = PBXFileReference; fileEncoding = 4; lastKnownFileType = sourcecode.c.h; lineEnding = 0; path = GCCompositeAnimationTest.h; sourceTree = "<group>"; xcLanguageSpecificationIdentifier = xcode.lang.objcpp; };
		5F0B6CD314E6D5A600A87D18 /* GCCompositeAnimationTest.m */ = {isa = PBXFileReference; fileEncoding = 4; lastKnownFileType = sourcecode.c.objc; lineEnding = 0; path = GCCompositeAnimationTest.m; sourceTree = "<group>"; xcLanguageSpecificationIdentifier = xcode.lang.objc; };
		5F1997CA1532E7C400D2E44D /* GCLayer.h */ = {isa = PBXFileReference; fileEncoding = 4; lastKnownFileType = sourcecode.c.h; lineEnding = 0; name = GCLayer.h; path = Classes/GCLayer.h; sourceTree = "<group>"; xcLanguageSpecificationIdentifier = xcode.lang.objcpp; };
		5F1997CB1532E7C400D2E44D /* GCLayer.m */ = {isa = PBXFileReference; fileEncoding = 4; lastKnownFileType = sourcecode.c.objc; lineEnding = 0; name = GCLayer.m; path = Classes/GCLayer.m; sourceTree = "<group>"; xcLanguageSpecificationIdentifier = xcode.lang.objc; };
		5F1997CF1532E7DA00D2E44D /* GCLayeredScene.h */ = {isa = PBXFileReference; fileEncoding = 4; lastKnownFileType = sourcecode.c.h; lineEnding = 0; name = GCLayeredScene.h; path = Classes/GCLayeredScene.h; sourceTree = "<group>"; xcLanguageSpecificationIdentifier = xcode.lang.objcpp; };
		5F1997D01532E7DA00D2E44D /* GCLayeredScene.m */ = {isa = PBXFileReference; fileEncoding = 4; lastKnownFileType = sourcecode.c.objc; lineEnding = 0; name = GCLayeredScene.m; path = Classes/GCLayeredScene.m; sourceTree = "<group>"; xcLanguageSpecificationIdentifier = xcode.lang.objc; };
		5F1997D41532EDD900D2E44D /* GDBackgroundLayer.h */ = {isa = PBXFileReference; fileEncoding = 4; lastKnownFileType = sourcecode.c.h; name = GDBackgroundLayer.h; path = Classes/GDBackgroundLayer.h; sourceTree = "<group>"; };
		5F1997D51532EDD900D2E44D /* GDBackgroundLayer.m */ = {isa = PBXFileReference; fileEncoding = 4; lastKnownFileType = sourcecode.c.objc; name = GDBackgroundLayer.m; path = Classes/GDBackgroundLayer.m; sourceTree = "<group>"; };
		5F1997D71532F56900D2E44D /* GDTokensLayer.h */ = {isa = PBXFileReference; fileEncoding = 4; lastKnownFileType = sourcecode.c.h; name = GDTokensLayer.h; path = Classes/GDTokensLayer.h; sourceTree = "<group>"; };
		5F1997D81532F56900D2E44D /* GDTokensLayer.m */ = {isa = PBXFileReference; fileEncoding = 4; lastKnownFileType = sourcecode.c.objc; name = GDTokensLayer.m; path = Classes/GDTokensLayer.m; sourceTree = "<group>"; };
		5F1997DA15330B6E00D2E44D /* GDOverheadLayer.h */ = {isa = PBXFileReference; fileEncoding = 4; lastKnownFileType = sourcecode.c.h; name = GDOverheadLayer.h; path = Classes/GDOverheadLayer.h; sourceTree = "<group>"; };
		5F1997DB15330B6E00D2E44D /* GDOverheadLayer.m */ = {isa = PBXFileReference; fileEncoding = 4; lastKnownFileType = sourcecode.c.objc; name = GDOverheadLayer.m; path = Classes/GDOverheadLayer.m; sourceTree = "<group>"; };
		5F1997DD15330D1800D2E44D /* background.jpg */ = {isa = PBXFileReference; lastKnownFileType = image.jpeg; name = background.jpg; path = Resources/background.jpg; sourceTree = "<group>"; };
		5F1C33A814DE99C600BF808B /* libGunCase.a */ = {isa = PBXFileReference; explicitFileType = archive.ar; includeInIndex = 0; path = libGunCase.a; sourceTree = BUILT_PRODUCTS_DIR; };
		5F1C33AB14DE99C600BF808B /* Cocoa.framework */ = {isa = PBXFileReference; lastKnownFileType = wrapper.framework; name = Cocoa.framework; path = System/Library/Frameworks/Cocoa.framework; sourceTree = SDKROOT; };
		5F1C33AE14DE99C600BF808B /* AppKit.framework */ = {isa = PBXFileReference; lastKnownFileType = wrapper.framework; name = AppKit.framework; path = System/Library/Frameworks/AppKit.framework; sourceTree = SDKROOT; };
		5F1C33AF14DE99C600BF808B /* CoreData.framework */ = {isa = PBXFileReference; lastKnownFileType = wrapper.framework; name = CoreData.framework; path = System/Library/Frameworks/CoreData.framework; sourceTree = SDKROOT; };
		5F1C33B014DE99C600BF808B /* Foundation.framework */ = {isa = PBXFileReference; lastKnownFileType = wrapper.framework; name = Foundation.framework; path = System/Library/Frameworks/Foundation.framework; sourceTree = SDKROOT; };
		5F1C33B314DE99C600BF808B /* GunCase-Prefix.pch */ = {isa = PBXFileReference; lastKnownFileType = sourcecode.c.h; path = "GunCase-Prefix.pch"; sourceTree = "<group>"; };
		5F1C33BC14DE99C600BF808B /* GunCaseTests.octest */ = {isa = PBXFileReference; explicitFileType = wrapper.cfbundle; includeInIndex = 0; path = GunCaseTests.octest; sourceTree = BUILT_PRODUCTS_DIR; };
		5F1C33BD14DE99C600BF808B /* SenTestingKit.framework */ = {isa = PBXFileReference; lastKnownFileType = wrapper.framework; name = SenTestingKit.framework; path = Library/Frameworks/SenTestingKit.framework; sourceTree = DEVELOPER_DIR; };
		5F1C33C514DE99C600BF808B /* GunCaseTests-Info.plist */ = {isa = PBXFileReference; lastKnownFileType = text.plist.xml; path = "GunCaseTests-Info.plist"; sourceTree = "<group>"; };
		5F1C33C714DE99C600BF808B /* en */ = {isa = PBXFileReference; lastKnownFileType = text.plist.strings; name = en; path = en.lproj/InfoPlist.strings; sourceTree = "<group>"; };
		5F1C33D814DE9A8000BF808B /* GunCaseDemo.app */ = {isa = PBXFileReference; explicitFileType = wrapper.application; includeInIndex = 0; path = GunCaseDemo.app; sourceTree = BUILT_PRODUCTS_DIR; };
		5F1C33DD14DE9A8000BF808B /* GunCaseDemo-Info.plist */ = {isa = PBXFileReference; lastKnownFileType = text.plist.xml; path = "GunCaseDemo-Info.plist"; sourceTree = "<group>"; };
		5F1C33DF14DE9A8000BF808B /* en */ = {isa = PBXFileReference; lastKnownFileType = text.plist.strings; name = en; path = en.lproj/InfoPlist.strings; sourceTree = "<group>"; };
		5F1C33E114DE9A8000BF808B /* main.m */ = {isa = PBXFileReference; lastKnownFileType = sourcecode.c.objc; path = main.m; sourceTree = "<group>"; };
		5F1C33E314DE9A8000BF808B /* GunCaseDemo-Prefix.pch */ = {isa = PBXFileReference; lastKnownFileType = sourcecode.c.h; path = "GunCaseDemo-Prefix.pch"; sourceTree = "<group>"; };
		5F1C33E514DE9A8000BF808B /* en */ = {isa = PBXFileReference; lastKnownFileType = text.rtf; name = en; path = en.lproj/Credits.rtf; sourceTree = "<group>"; };
		5F1C33E714DE9A8000BF808B /* GDAppDelegate.h */ = {isa = PBXFileReference; lastKnownFileType = sourcecode.c.h; path = GDAppDelegate.h; sourceTree = "<group>"; };
		5F1C33E814DE9A8000BF808B /* GDAppDelegate.m */ = {isa = PBXFileReference; lastKnownFileType = sourcecode.c.objc; path = GDAppDelegate.m; sourceTree = "<group>"; };
		5F1C33EB14DE9A8000BF808B /* en */ = {isa = PBXFileReference; lastKnownFileType = file.xib; name = en; path = en.lproj/MainMenu.xib; sourceTree = "<group>"; };
		5F1C33F614DE9F7000BF808B /* GCSprite.h */ = {isa = PBXFileReference; fileEncoding = 4; lastKnownFileType = sourcecode.c.h; name = GCSprite.h; path = Classes/GCSprite.h; sourceTree = "<group>"; };
		5F1C33F714DE9F7000BF808B /* GCSprite.m */ = {isa = PBXFileReference; fileEncoding = 4; lastKnownFileType = sourcecode.c.objc; name = GCSprite.m; path = Classes/GCSprite.m; sourceTree = "<group>"; };
		5F1C33FB14DE9FA500BF808B /* GunCase.h */ = {isa = PBXFileReference; fileEncoding = 4; lastKnownFileType = sourcecode.c.h; path = GunCase.h; sourceTree = "<group>"; };
		5F1C340214DEA37C00BF808B /* GLUT.framework */ = {isa = PBXFileReference; lastKnownFileType = wrapper.framework; name = GLUT.framework; path = System/Library/Frameworks/GLUT.framework; sourceTree = SDKROOT; };
		5F1C340314DEA37C00BF808B /* OpenGL.framework */ = {isa = PBXFileReference; lastKnownFileType = wrapper.framework; name = OpenGL.framework; path = System/Library/Frameworks/OpenGL.framework; sourceTree = SDKROOT; };
		5F1C340614DEA38200BF808B /* QuartzCore.framework */ = {isa = PBXFileReference; lastKnownFileType = wrapper.framework; name = QuartzCore.framework; path = System/Library/Frameworks/QuartzCore.framework; sourceTree = SDKROOT; };
		5F1C340C14DEA52C00BF808B /* GDMainView.h */ = {isa = PBXFileReference; fileEncoding = 4; lastKnownFileType = sourcecode.c.h; name = GDMainView.h; path = GunCaseDemo/Classes/GDMainView.h; sourceTree = SOURCE_ROOT; };
		5F1C340D14DEA52C00BF808B /* GDMainView.m */ = {isa = PBXFileReference; fileEncoding = 4; lastKnownFileType = sourcecode.c.objc; name = GDMainView.m; path = GunCaseDemo/Classes/GDMainView.m; sourceTree = SOURCE_ROOT; };
		5F1C340F14DEBA4300BF808B /* walker.png */ = {isa = PBXFileReference; lastKnownFileType = image.png; path = walker.png; sourceTree = "<group>"; };
		5F1E1DA415271713005E5BBE /* GCStackTest.h */ = {isa = PBXFileReference; fileEncoding = 4; lastKnownFileType = sourcecode.c.h; name = GCStackTest.h; path = Tests/GCStackTest.h; sourceTree = "<group>"; };
		5F1E1DA515271713005E5BBE /* GCStackTest.m */ = {isa = PBXFileReference; fileEncoding = 4; lastKnownFileType = sourcecode.c.objc; name = GCStackTest.m; path = Tests/GCStackTest.m; sourceTree = "<group>"; };
		5F29BBC3153984C700476BCE /* GCRenderable.h */ = {isa = PBXFileReference; lastKnownFileType = sourcecode.c.h; name = GCRenderable.h; path = Classes/GCRenderable.h; sourceTree = "<group>"; };
		5F29BBC4153984EC00476BCE /* GCSpriteThing.h */ = {isa = PBXFileReference; fileEncoding = 4; lastKnownFileType = sourcecode.c.h; name = GCSpriteThing.h; path = Classes/GCSpriteThing.h; sourceTree = "<group>"; };
		5F29BBC5153984EC00476BCE /* GCSpriteThing.m */ = {isa = PBXFileReference; fileEncoding = 4; lastKnownFileType = sourcecode.c.objc; name = GCSpriteThing.m; path = Classes/GCSpriteThing.m; sourceTree = "<group>"; };
		5F2ED53B1531C344002BDE26 /* GCRotationAnimation.h */ = {isa = PBXFileReference; fileEncoding = 4; lastKnownFileType = sourcecode.c.h; name = GCRotationAnimation.h; path = Classes/GCRotationAnimation.h; sourceTree = "<group>"; };
		5F2ED53C1531C344002BDE26 /* GCRotationAnimation.m */ = {isa = PBXFileReference; fileEncoding = 4; lastKnownFileType = sourcecode.c.objc; name = GCRotationAnimation.m; path = Classes/GCRotationAnimation.m; sourceTree = "<group>"; };
		5F2ED5401531C444002BDE26 /* GDToken.h */ = {isa = PBXFileReference; fileEncoding = 4; lastKnownFileType = sourcecode.c.h; name = GDToken.h; path = Classes/GDToken.h; sourceTree = "<group>"; };
		5F2ED5411531C444002BDE26 /* GDToken.m */ = {isa = PBXFileReference; fileEncoding = 4; lastKnownFileType = sourcecode.c.objc; name = GDToken.m; path = Classes/GDToken.m; sourceTree = "<group>"; };
		5F2F729314F90A0B000166E5 /* GCVectorTest.h */ = {isa = PBXFileReference; fileEncoding = 4; lastKnownFileType = sourcecode.c.h; name = GCVectorTest.h; path = Tests/GCVectorTest.h; sourceTree = "<group>"; };
		5F2F729414F90A0B000166E5 /* GCVectorTest.m */ = {isa = PBXFileReference; fileEncoding = 4; lastKnownFileType = sourcecode.c.objc; name = GCVectorTest.m; path = Tests/GCVectorTest.m; sourceTree = "<group>"; };
		5F40438A158365AF007C162C /* GCDirectorTest.h */ = {isa = PBXFileReference; fileEncoding = 4; lastKnownFileType = sourcecode.c.h; name = GCDirectorTest.h; path = Tests/GCDirectorTest.h; sourceTree = "<group>"; };
		5F40438B158365AF007C162C /* GCDirectorTest.m */ = {isa = PBXFileReference; fileEncoding = 4; lastKnownFileType = sourcecode.c.objc; name = GCDirectorTest.m; path = Tests/GCDirectorTest.m; sourceTree = "<group>"; };
		5F59810215376EA40023D91B /* GCThing.h */ = {isa = PBXFileReference; fileEncoding = 4; lastKnownFileType = sourcecode.c.h; name = GCThing.h; path = Classes/GCThing.h; sourceTree = "<group>"; };
		5F59810315376EA40023D91B /* GCThing.m */ = {isa = PBXFileReference; fileEncoding = 4; lastKnownFileType = sourcecode.c.objc; name = GCThing.m; path = Classes/GCThing.m; sourceTree = "<group>"; };
		5F68600D150B788500A216C9 /* GCAnimation.h */ = {isa = PBXFileReference; fileEncoding = 4; lastKnownFileType = sourcecode.c.h; name = GCAnimation.h; path = Classes/GCAnimation.h; sourceTree = "<group>"; };
		5F68600E150B788500A216C9 /* GCAnimation.m */ = {isa = PBXFileReference; fileEncoding = 4; lastKnownFileType = sourcecode.c.objc; name = GCAnimation.m; path = Classes/GCAnimation.m; sourceTree = "<group>"; };
		5F686011150B7CE400A216C9 /* GCArcAnimation.h */ = {isa = PBXFileReference; fileEncoding = 4; lastKnownFileType = sourcecode.c.h; name = GCArcAnimation.h; path = Classes/GCArcAnimation.h; sourceTree = "<group>"; };
		5F686012150B7CE400A216C9 /* GCArcAnimation.m */ = {isa = PBXFileReference; fileEncoding = 4; lastKnownFileType = sourcecode.c.objc; name = GCArcAnimation.m; path = Classes/GCArcAnimation.m; sourceTree = "<group>"; };
		5F69679D15B2CA1700D9F1D2 /* GCFont.h */ = {isa = PBXFileReference; fileEncoding = 4; lastKnownFileType = sourcecode.c.h; name = GCFont.h; path = Classes/GCFont.h; sourceTree = "<group>"; };
		5F69679E15B2CA1700D9F1D2 /* GCFont.m */ = {isa = PBXFileReference; fileEncoding = 4; lastKnownFileType = sourcecode.c.objc; name = GCFont.m; path = Classes/GCFont.m; sourceTree = "<group>"; };
		5F6DEA87155689D4003B691B /* GCThingTest.h */ = {isa = PBXFileReference; fileEncoding = 4; lastKnownFileType = sourcecode.c.h; name = GCThingTest.h; path = Tests/GCThingTest.h; sourceTree = "<group>"; };
		5F6DEA88155689D4003B691B /* GCThingTest.m */ = {isa = PBXFileReference; fileEncoding = 4; lastKnownFileType = sourcecode.c.objc; name = GCThingTest.m; path = Tests/GCThingTest.m; sourceTree = "<group>"; };
		5F6E72D4150CB50600DB000F /* GCTimedAnimation.h */ = {isa = PBXFileReference; fileEncoding = 4; lastKnownFileType = sourcecode.c.h; name = GCTimedAnimation.h; path = Classes/GCTimedAnimation.h; sourceTree = "<group>"; };
		5F6E72D5150CB50600DB000F /* GCTimedAnimation.m */ = {isa = PBXFileReference; fileEncoding = 4; lastKnownFileType = sourcecode.c.objc; name = GCTimedAnimation.m; path = Classes/GCTimedAnimation.m; sourceTree = "<group>"; };
		5F8DBEAD15238FD60075ADA6 /* o.png */ = {isa = PBXFileReference; lastKnownFileType = image.png; name = o.png; path = Resources/o.png; sourceTree = "<group>"; };
		5F8DBEAE15238FD60075ADA6 /* x.png */ = {isa = PBXFileReference; lastKnownFileType = image.png; name = x.png; path = Resources/x.png; sourceTree = "<group>"; };
		5F9A78DF15304DE500DC8076 /* GDMarker.h */ = {isa = PBXFileReference; fileEncoding = 4; lastKnownFileType = sourcecode.c.h; name = GDMarker.h; path = Classes/GDMarker.h; sourceTree = "<group>"; };
		5F9A78E015304DE500DC8076 /* GDMarker.m */ = {isa = PBXFileReference; fileEncoding = 4; lastKnownFileType = sourcecode.c.objc; name = GDMarker.m; path = Classes/GDMarker.m; sourceTree = "<group>"; };
		5F9A78E21530508900DC8076 /* marker.png */ = {isa = PBXFileReference; lastKnownFileType = image.png; name = marker.png; path = Resources/marker.png; sourceTree = "<group>"; };
		5F9BB63E14F2616E0062F348 /* GCGraphics.h */ = {isa = PBXFileReference; fileEncoding = 4; lastKnownFileType = sourcecode.c.h; name = GCGraphics.h; path = Classes/GCGraphics.h; sourceTree = "<group>"; };
		5F9BB63F14F2616E0062F348 /* GCGraphics.m */ = {isa = PBXFileReference; fileEncoding = 4; lastKnownFileType = sourcecode.c.objc; name = GCGraphics.m; path = Classes/GCGraphics.m; sourceTree = "<group>"; };
		5F9BB64414F2674C0062F348 /* GCVector.h */ = {isa = PBXFileReference; fileEncoding = 4; lastKnownFileType = sourcecode.c.h; name = GCVector.h; path = Classes/GCVector.h; sourceTree = "<group>"; };
		5F9BB64514F2674C0062F348 /* GCVector.m */ = {isa = PBXFileReference; fileEncoding = 4; lastKnownFileType = sourcecode.c.objc; name = GCVector.m; path = Classes/GCVector.m; sourceTree = "<group>"; };
		5F9F177C14E7DCAB00428AC4 /* README */ = {isa = PBXFileReference; lastKnownFileType = text; path = README; sourceTree = SOURCE_ROOT; };
		5F9F177E14E7FCA200428AC4 /* GCLinearAnimation.h */ = {isa = PBXFileReference; fileEncoding = 4; lastKnownFileType = sourcecode.c.h; name = GCLinearAnimation.h; path = Classes/GCLinearAnimation.h; sourceTree = "<group>"; };
		5F9F177F14E7FCA200428AC4 /* GCLinearAnimation.m */ = {isa = PBXFileReference; fileEncoding = 4; lastKnownFileType = sourcecode.c.objc; name = GCLinearAnimation.m; path = Classes/GCLinearAnimation.m; sourceTree = "<group>"; };
		5FAE7FE0150270D2005813DE /* GCScene.h */ = {isa = PBXFileReference; fileEncoding = 4; lastKnownFileType = sourcecode.c.h; name = GCScene.h; path = Classes/GCScene.h; sourceTree = "<group>"; };
		5FAE7FE1150270D2005813DE /* GCScene.m */ = {isa = PBXFileReference; fileEncoding = 4; lastKnownFileType = sourcecode.c.objc; name = GCScene.m; path = Classes/GCScene.m; sourceTree = "<group>"; };
		5FAE7FE4150270EE005813DE /* GCDirector.h */ = {isa = PBXFileReference; fileEncoding = 4; lastKnownFileType = sourcecode.c.h; name = GCDirector.h; path = Classes/GCDirector.h; sourceTree = "<group>"; };
		5FAE7FE5150270EE005813DE /* GCDirector.m */ = {isa = PBXFileReference; fileEncoding = 4; lastKnownFileType = sourcecode.c.objc; name = GCDirector.m; path = Classes/GCDirector.m; sourceTree = "<group>"; };
		5FBFFB2E151FBA0100F218AD /* GCStack.h */ = {isa = PBXFileReference; fileEncoding = 4; lastKnownFileType = sourcecode.c.h; name = GCStack.h; path = Classes/GCStack.h; sourceTree = "<group>"; };
		5FBFFB2F151FBA0100F218AD /* GCStack.m */ = {isa = PBXFileReference; fileEncoding = 4; lastKnownFileType = sourcecode.c.objc; name = GCStack.m; path = Classes/GCStack.m; sourceTree = "<group>"; };
		5FD978A51531950F00A5D88B /* CurrentPlayerLabel.png */ = {isa = PBXFileReference; lastKnownFileType = image.png; name = CurrentPlayerLabel.png; path = Resources/CurrentPlayerLabel.png; sourceTree = "<group>"; };
		5FD978A815319D8400A5D88B /* WinnerLabel.png */ = {isa = PBXFileReference; lastKnownFileType = image.png; name = WinnerLabel.png; path = Resources/WinnerLabel.png; sourceTree = "<group>"; };
		5FE90D02151F1B0100155BBF /* GDBoardScene.h */ = {isa = PBXFileReference; fileEncoding = 4; lastKnownFileType = sourcecode.c.h; name = GDBoardScene.h; path = Classes/GDBoardScene.h; sourceTree = "<group>"; };
		5FE90D03151F1B0100155BBF /* GDBoardScene.m */ = {isa = PBXFileReference; fileEncoding = 4; lastKnownFileType = sourcecode.c.objc; name = GDBoardScene.m; path = Classes/GDBoardScene.m; sourceTree = "<group>"; };
		5FE90D06151F208A00155BBF /* board.png */ = {isa = PBXFileReference; lastKnownFileType = image.png; name = board.png; path = Resources/board.png; sourceTree = "<group>"; };
		5FF8AEF814FA8A5C0093AF4E /* GCGameView.h */ = {isa = PBXFileReference; fileEncoding = 4; lastKnownFileType = sourcecode.c.h; name = GCGameView.h; path = Classes/GCGameView.h; sourceTree = "<group>"; };
		5FF8AEF914FA8A5C0093AF4E /* GCGameView.m */ = {isa = PBXFileReference; fileEncoding = 4; lastKnownFileType = sourcecode.c.objc; name = GCGameView.m; path = Classes/GCGameView.m; sourceTree = "<group>"; };
		5FFF5B6C15361978009C379D /* GCUserInterface.h */ = {isa = PBXFileReference; lastKnownFileType = sourcecode.c.h; name = GCUserInterface.h; path = Classes/GCUserInterface.h; sourceTree = "<group>"; };
/* End PBXFileReference section */

/* Begin PBXFrameworksBuildPhase section */
		5F1C33A514DE99C600BF808B /* Frameworks */ = {
			isa = PBXFrameworksBuildPhase;
			buildActionMask = 2147483647;
			files = (
				5F1C33AC14DE99C600BF808B /* Cocoa.framework in Frameworks */,
			);
			runOnlyForDeploymentPostprocessing = 0;
		};
		5F1C33B814DE99C600BF808B /* Frameworks */ = {
			isa = PBXFrameworksBuildPhase;
			buildActionMask = 2147483647;
			files = (
				5F40438E15836692007C162C /* GLUT.framework in Frameworks */,
				5F40438F15836692007C162C /* OpenGL.framework in Frameworks */,
				5F40438D15836688007C162C /* QuartzCore.framework in Frameworks */,
				5F1C33BE14DE99C600BF808B /* SenTestingKit.framework in Frameworks */,
				5F1C33BF14DE99C600BF808B /* Cocoa.framework in Frameworks */,
				5F1C33C214DE99C600BF808B /* libGunCase.a in Frameworks */,
			);
			runOnlyForDeploymentPostprocessing = 0;
		};
		5F1C33D514DE9A8000BF808B /* Frameworks */ = {
			isa = PBXFrameworksBuildPhase;
			buildActionMask = 2147483647;
			files = (
				5F1C340714DEA38200BF808B /* QuartzCore.framework in Frameworks */,
				5F1C340414DEA37C00BF808B /* GLUT.framework in Frameworks */,
				5F1C340514DEA37C00BF808B /* OpenGL.framework in Frameworks */,
				5F1C33F014DE9B1500BF808B /* libGunCase.a in Frameworks */,
				5F1C33DA14DE9A8000BF808B /* Cocoa.framework in Frameworks */,
			);
			runOnlyForDeploymentPostprocessing = 0;
		};
/* End PBXFrameworksBuildPhase section */

/* Begin PBXGroup section */
		5F0B6CC714E6CD6F00A87D18 /* Animation */ = {
			isa = PBXGroup;
			children = (
				5F68600D150B788500A216C9 /* GCAnimation.h */,
				5F68600E150B788500A216C9 /* GCAnimation.m */,
				5F6E72D4150CB50600DB000F /* GCTimedAnimation.h */,
				5F6E72D5150CB50600DB000F /* GCTimedAnimation.m */,
				5F0B6CCB14E6D0E300A87D18 /* GCCompositeAnimation.h */,
				5F0B6CCC14E6D0E300A87D18 /* GCCompositeAnimation.m */,
				5F9F177E14E7FCA200428AC4 /* GCLinearAnimation.h */,
				5F9F177F14E7FCA200428AC4 /* GCLinearAnimation.m */,
				5F686011150B7CE400A216C9 /* GCArcAnimation.h */,
				5F686012150B7CE400A216C9 /* GCArcAnimation.m */,
				5F2ED53B1531C344002BDE26 /* GCRotationAnimation.h */,
				5F2ED53C1531C344002BDE26 /* GCRotationAnimation.m */,
			);
			name = Animation;
			sourceTree = "<group>";
		};
		5F1997D31532ED1F00D2E44D /* Scenes */ = {
			isa = PBXGroup;
			children = (
				5FE90D02151F1B0100155BBF /* GDBoardScene.h */,
				5FE90D03151F1B0100155BBF /* GDBoardScene.m */,
				5F1997D41532EDD900D2E44D /* GDBackgroundLayer.h */,
				5F1997D51532EDD900D2E44D /* GDBackgroundLayer.m */,
				5F1997D71532F56900D2E44D /* GDTokensLayer.h */,
				5F1997D81532F56900D2E44D /* GDTokensLayer.m */,
				5F1997DA15330B6E00D2E44D /* GDOverheadLayer.h */,
				5F1997DB15330B6E00D2E44D /* GDOverheadLayer.m */,
			);
			name = Scenes;
			sourceTree = "<group>";
		};
		5F1C339D14DE99C600BF808B = {
			isa = PBXGroup;
			children = (
				5F1C33B114DE99C600BF808B /* GunCase */,
				5F1C33C314DE99C600BF808B /* GunCaseTests */,
				5F1C33DB14DE9A8000BF808B /* GunCaseDemo */,
				5F1C33AA14DE99C600BF808B /* Frameworks */,
				5F1C33A914DE99C600BF808B /* Products */,
			);
			sourceTree = "<group>";
		};
		5F1C33A914DE99C600BF808B /* Products */ = {
			isa = PBXGroup;
			children = (
				5F1C33A814DE99C600BF808B /* libGunCase.a */,
				5F1C33BC14DE99C600BF808B /* GunCaseTests.octest */,
				5F1C33D814DE9A8000BF808B /* GunCaseDemo.app */,
			);
			name = Products;
			sourceTree = "<group>";
		};
		5F1C33AA14DE99C600BF808B /* Frameworks */ = {
			isa = PBXGroup;
			children = (
				5F1C340614DEA38200BF808B /* QuartzCore.framework */,
				5F1C340214DEA37C00BF808B /* GLUT.framework */,
				5F1C340314DEA37C00BF808B /* OpenGL.framework */,
				5F1C33AB14DE99C600BF808B /* Cocoa.framework */,
				5F1C33BD14DE99C600BF808B /* SenTestingKit.framework */,
				5F1C33AD14DE99C600BF808B /* Other Frameworks */,
			);
			name = Frameworks;
			sourceTree = "<group>";
		};
		5F1C33AD14DE99C600BF808B /* Other Frameworks */ = {
			isa = PBXGroup;
			children = (
				5F1C33AE14DE99C600BF808B /* AppKit.framework */,
				5F1C33AF14DE99C600BF808B /* CoreData.framework */,
				5F1C33B014DE99C600BF808B /* Foundation.framework */,
			);
			name = "Other Frameworks";
			sourceTree = "<group>";
		};
		5F1C33B114DE99C600BF808B /* GunCase */ = {
			isa = PBXGroup;
			children = (
				5F29BBC11539847800476BCE /* Base Classes */,
				5FFF5B6A1536194C009C379D /* Protocols */,
				5FAE7FE815027388005813DE /* Containers */,
				5FAE7FDE150270B2005813DE /* Scenes */,
				5FF8AEF714FA89EA0093AF4E /* Application */,
				5F9BB64314F266090062F348 /* Geometry */,
				5F1C33F114DE9EC300BF808B /* Graphics */,
				5F0B6CC714E6CD6F00A87D18 /* Animation */,
				5F1C33B214DE99C600BF808B /* Supporting Files */,
			);
			path = GunCase;
			sourceTree = "<group>";
		};
		5F1C33B214DE99C600BF808B /* Supporting Files */ = {
			isa = PBXGroup;
			children = (
				5F1C33B314DE99C600BF808B /* GunCase-Prefix.pch */,
				5F1C33FB14DE9FA500BF808B /* GunCase.h */,
				5F9F177C14E7DCAB00428AC4 /* README */,
			);
			name = "Supporting Files";
			sourceTree = "<group>";
		};
		5F1C33C314DE99C600BF808B /* GunCaseTests */ = {
			isa = PBXGroup;
			children = (
				5F6DEA85155689B2003B691B /* Base Classes */,
				5F1E1DA3152716D9005E5BBE /* Containers */,
				5F40438815836598007C162C /* Scenes */,
				5F2F729614F90CC7000166E5 /* Animation */,
				5F2F729114F909E4000166E5 /* Geometry */,
				5F1C33C414DE99C600BF808B /* Supporting Files */,
			);
			path = GunCaseTests;
			sourceTree = "<group>";
		};
		5F1C33C414DE99C600BF808B /* Supporting Files */ = {
			isa = PBXGroup;
			children = (
				5F1C33C514DE99C600BF808B /* GunCaseTests-Info.plist */,
				5F1C33C614DE99C600BF808B /* InfoPlist.strings */,
			);
			name = "Supporting Files";
			sourceTree = "<group>";
		};
		5F1C33DB14DE9A8000BF808B /* GunCaseDemo */ = {
			isa = PBXGroup;
			children = (
				5F1C340B14DEA4F200BF808B /* Classes */,
				5F1C340114DEA35200BF808B /* Resources */,
				5F1C33DC14DE9A8000BF808B /* Supporting Files */,
			);
			path = GunCaseDemo;
			sourceTree = "<group>";
		};
		5F1C33DC14DE9A8000BF808B /* Supporting Files */ = {
			isa = PBXGroup;
			children = (
				5F1C33DD14DE9A8000BF808B /* GunCaseDemo-Info.plist */,
				5F1C33DE14DE9A8000BF808B /* InfoPlist.strings */,
				5F1C33E114DE9A8000BF808B /* main.m */,
				5F1C33E314DE9A8000BF808B /* GunCaseDemo-Prefix.pch */,
				5F1C33E414DE9A8000BF808B /* Credits.rtf */,
			);
			name = "Supporting Files";
			sourceTree = "<group>";
		};
		5F1C33F114DE9EC300BF808B /* Graphics */ = {
			isa = PBXGroup;
			children = (
				5F1C33F614DE9F7000BF808B /* GCSprite.h */,
				5F1C33F714DE9F7000BF808B /* GCSprite.m */,
				5F9BB63E14F2616E0062F348 /* GCGraphics.h */,
				5F9BB63F14F2616E0062F348 /* GCGraphics.m */,
				5F69679D15B2CA1700D9F1D2 /* GCFont.h */,
				5F69679E15B2CA1700D9F1D2 /* GCFont.m */,
			);
			name = Graphics;
			sourceTree = "<group>";
		};
		5F1C340114DEA35200BF808B /* Resources */ = {
			isa = PBXGroup;
			children = (
				5F1997DD15330D1800D2E44D /* background.jpg */,
				5FD978A815319D8400A5D88B /* WinnerLabel.png */,
				5FD978A51531950F00A5D88B /* CurrentPlayerLabel.png */,
				5F9A78E21530508900DC8076 /* marker.png */,
				5F8DBEAD15238FD60075ADA6 /* o.png */,
				5F8DBEAE15238FD60075ADA6 /* x.png */,
				5FE90D06151F208A00155BBF /* board.png */,
				5F1C340F14DEBA4300BF808B /* walker.png */,
				5F1C33EA14DE9A8000BF808B /* MainMenu.xib */,
			);
			name = Resources;
			sourceTree = "<group>";
		};
		5F1C340B14DEA4F200BF808B /* Classes */ = {
			isa = PBXGroup;
			children = (
				5F1997D31532ED1F00D2E44D /* Scenes */,
				5F1C340C14DEA52C00BF808B /* GDMainView.h */,
				5F1C340D14DEA52C00BF808B /* GDMainView.m */,
				5F1C33E714DE9A8000BF808B /* GDAppDelegate.h */,
				5F1C33E814DE9A8000BF808B /* GDAppDelegate.m */,
				5F9A78DF15304DE500DC8076 /* GDMarker.h */,
				5F9A78E015304DE500DC8076 /* GDMarker.m */,
				5F2ED5401531C444002BDE26 /* GDToken.h */,
				5F2ED5411531C444002BDE26 /* GDToken.m */,
			);
			name = Classes;
			sourceTree = "<group>";
		};
		5F1E1DA3152716D9005E5BBE /* Containers */ = {
			isa = PBXGroup;
			children = (
				5F1E1DA415271713005E5BBE /* GCStackTest.h */,
				5F1E1DA515271713005E5BBE /* GCStackTest.m */,
			);
			name = Containers;
			sourceTree = "<group>";
		};
		5F29BBC11539847800476BCE /* Base Classes */ = {
			isa = PBXGroup;
			children = (
				5F59810215376EA40023D91B /* GCThing.h */,
				5F59810315376EA40023D91B /* GCThing.m */,
				5F29BBC4153984EC00476BCE /* GCSpriteThing.h */,
				5F29BBC5153984EC00476BCE /* GCSpriteThing.m */,
			);
			name = "Base Classes";
			sourceTree = "<group>";
		};
		5F2F729114F909E4000166E5 /* Geometry */ = {
			isa = PBXGroup;
			children = (
				5F2F729314F90A0B000166E5 /* GCVectorTest.h */,
				5F2F729414F90A0B000166E5 /* GCVectorTest.m */,
			);
			name = Geometry;
			sourceTree = "<group>";
		};
		5F2F729614F90CC7000166E5 /* Animation */ = {
			isa = PBXGroup;
			children = (
				5F0B6CD214E6D5A600A87D18 /* GCCompositeAnimationTest.h */,
				5F0B6CD314E6D5A600A87D18 /* GCCompositeAnimationTest.m */,
			);
			name = Animation;
			sourceTree = "<group>";
		};
		5F40438815836598007C162C /* Scenes */ = {
			isa = PBXGroup;
			children = (
				5F40438A158365AF007C162C /* GCDirectorTest.h */,
				5F40438B158365AF007C162C /* GCDirectorTest.m */,
			);
			name = Scenes;
			sourceTree = "<group>";
		};
		5F6DEA85155689B2003B691B /* Base Classes */ = {
			isa = PBXGroup;
			children = (
				5F6DEA87155689D4003B691B /* GCThingTest.h */,
				5F6DEA88155689D4003B691B /* GCThingTest.m */,
			);
			name = "Base Classes";
			sourceTree = "<group>";
		};
		5F9BB64314F266090062F348 /* Geometry */ = {
			isa = PBXGroup;
			children = (
				5F9BB64414F2674C0062F348 /* GCVector.h */,
				5F9BB64514F2674C0062F348 /* GCVector.m */,
			);
			name = Geometry;
			sourceTree = "<group>";
		};
		5FAE7FDE150270B2005813DE /* Scenes */ = {
			isa = PBXGroup;
			children = (
				5FAE7FE4150270EE005813DE /* GCDirector.h */,
				5FAE7FE5150270EE005813DE /* GCDirector.m */,
				5F1997CA1532E7C400D2E44D /* GCLayer.h */,
				5F1997CB1532E7C400D2E44D /* GCLayer.m */,
				5FAE7FE0150270D2005813DE /* GCScene.h */,
				5FAE7FE1150270D2005813DE /* GCScene.m */,
				5F1997CF1532E7DA00D2E44D /* GCLayeredScene.h */,
				5F1997D01532E7DA00D2E44D /* GCLayeredScene.m */,
			);
			name = Scenes;
			sourceTree = "<group>";
		};
		5FAE7FE815027388005813DE /* Containers */ = {
			isa = PBXGroup;
			children = (
				5FBFFB2E151FBA0100F218AD /* GCStack.h */,
				5FBFFB2F151FBA0100F218AD /* GCStack.m */,
			);
			name = Containers;
			sourceTree = "<group>";
		};
		5FF8AEF714FA89EA0093AF4E /* Application */ = {
			isa = PBXGroup;
			children = (
				5FF8AEF814FA8A5C0093AF4E /* GCGameView.h */,
				5FF8AEF914FA8A5C0093AF4E /* GCGameView.m */,
			);
			name = Application;
			sourceTree = "<group>";
		};
		5FFF5B6A1536194C009C379D /* Protocols */ = {
			isa = PBXGroup;
			children = (
				5F0B6CC914E6CDA100A87D18 /* GCMovable.h */,
				5FFF5B6C15361978009C379D /* GCUserInterface.h */,
				5F29BBC3153984C700476BCE /* GCRenderable.h */,
			);
			name = Protocols;
			sourceTree = "<group>";
		};
/* End PBXGroup section */

/* Begin PBXHeadersBuildPhase section */
		5F1C33A614DE99C600BF808B /* Headers */ = {
			isa = PBXHeadersBuildPhase;
			buildActionMask = 2147483647;
			files = (
				5F1C33F814DE9F7000BF808B /* GCSprite.h in Headers */,
				5F1C33FC14DE9FA500BF808B /* GunCase.h in Headers */,
				5F0B6CCA14E6CDA100A87D18 /* GCMovable.h in Headers */,
				5F0B6CCD14E6D0E300A87D18 /* GCCompositeAnimation.h in Headers */,
				5F9F178014E7FCA200428AC4 /* GCLinearAnimation.h in Headers */,
				5F9BB64014F2616E0062F348 /* GCGraphics.h in Headers */,
				5F9BB64614F2674C0062F348 /* GCVector.h in Headers */,
				5FF8AEFA14FA8A5C0093AF4E /* GCGameView.h in Headers */,
				5FAE7FE2150270D2005813DE /* GCScene.h in Headers */,
				5FAE7FE6150270EE005813DE /* GCDirector.h in Headers */,
				5F68600F150B788500A216C9 /* GCAnimation.h in Headers */,
				5F686013150B7CE400A216C9 /* GCArcAnimation.h in Headers */,
				5F6E72D6150CB50600DB000F /* GCTimedAnimation.h in Headers */,
				5FBFFB30151FBA0100F218AD /* GCStack.h in Headers */,
				5F2ED53D1531C344002BDE26 /* GCRotationAnimation.h in Headers */,
				5F1997CC1532E7C400D2E44D /* GCLayer.h in Headers */,
				5F1997D11532E7DA00D2E44D /* GCLayeredScene.h in Headers */,
				5F59810415376EA40023D91B /* GCThing.h in Headers */,
				5F29BBC6153984EC00476BCE /* GCSpriteThing.h in Headers */,
				5F69679F15B2CA1700D9F1D2 /* GCFont.h in Headers */,
			);
			runOnlyForDeploymentPostprocessing = 0;
		};
/* End PBXHeadersBuildPhase section */

/* Begin PBXNativeTarget section */
		5F1C33A714DE99C600BF808B /* GunCase */ = {
			isa = PBXNativeTarget;
			buildConfigurationList = 5F1C33CE14DE99C600BF808B /* Build configuration list for PBXNativeTarget "GunCase" */;
			buildPhases = (
				5F1C33A414DE99C600BF808B /* Sources */,
				5F1C33A514DE99C600BF808B /* Frameworks */,
				5F1C33A614DE99C600BF808B /* Headers */,
			);
			buildRules = (
			);
			dependencies = (
			);
			name = GunCase;
			productName = GunCase;
			productReference = 5F1C33A814DE99C600BF808B /* libGunCase.a */;
			productType = "com.apple.product-type.library.static";
		};
		5F1C33BB14DE99C600BF808B /* GunCaseTests */ = {
			isa = PBXNativeTarget;
			buildConfigurationList = 5F1C33D114DE99C600BF808B /* Build configuration list for PBXNativeTarget "GunCaseTests" */;
			buildPhases = (
				5F1C33B714DE99C600BF808B /* Sources */,
				5F1C33B814DE99C600BF808B /* Frameworks */,
				5F1C33B914DE99C600BF808B /* Resources */,
				5F1C33BA14DE99C600BF808B /* ShellScript */,
			);
			buildRules = (
			);
			dependencies = (
				5F1C33C114DE99C600BF808B /* PBXTargetDependency */,
			);
			name = GunCaseTests;
			productName = GunCaseTests;
			productReference = 5F1C33BC14DE99C600BF808B /* GunCaseTests.octest */;
			productType = "com.apple.product-type.bundle";
		};
		5F1C33D714DE9A8000BF808B /* GunCaseDemo */ = {
			isa = PBXNativeTarget;
			buildConfigurationList = 5F1C33ED14DE9A8000BF808B /* Build configuration list for PBXNativeTarget "GunCaseDemo" */;
			buildPhases = (
				5F1C33D414DE9A8000BF808B /* Sources */,
				5F1C33D514DE9A8000BF808B /* Frameworks */,
				5F1C33D614DE9A8000BF808B /* Resources */,
			);
			buildRules = (
			);
			dependencies = (
			);
			name = GunCaseDemo;
			productName = GunCaseDemo;
			productReference = 5F1C33D814DE9A8000BF808B /* GunCaseDemo.app */;
			productType = "com.apple.product-type.application";
		};
/* End PBXNativeTarget section */

/* Begin PBXProject section */
		5F1C339F14DE99C600BF808B /* Project object */ = {
			isa = PBXProject;
			attributes = {
				LastUpgradeCheck = 0430;
			};
			buildConfigurationList = 5F1C33A214DE99C600BF808B /* Build configuration list for PBXProject "GunCase" */;
			compatibilityVersion = "Xcode 3.2";
			developmentRegion = English;
			hasScannedForEncodings = 0;
			knownRegions = (
				en,
			);
			mainGroup = 5F1C339D14DE99C600BF808B;
			productRefGroup = 5F1C33A914DE99C600BF808B /* Products */;
			projectDirPath = "";
			projectRoot = "";
			targets = (
				5F1C33A714DE99C600BF808B /* GunCase */,
				5F1C33BB14DE99C600BF808B /* GunCaseTests */,
				5F1C33D714DE9A8000BF808B /* GunCaseDemo */,
			);
		};
/* End PBXProject section */

/* Begin PBXResourcesBuildPhase section */
		5F1C33B914DE99C600BF808B /* Resources */ = {
			isa = PBXResourcesBuildPhase;
			buildActionMask = 2147483647;
			files = (
				5F1C33C814DE99C600BF808B /* InfoPlist.strings in Resources */,
			);
			runOnlyForDeploymentPostprocessing = 0;
		};
		5F1C33D614DE9A8000BF808B /* Resources */ = {
			isa = PBXResourcesBuildPhase;
			buildActionMask = 2147483647;
			files = (
				5F1C33E014DE9A8000BF808B /* InfoPlist.strings in Resources */,
				5F1C33E614DE9A8000BF808B /* Credits.rtf in Resources */,
				5F1C33EC14DE9A8000BF808B /* MainMenu.xib in Resources */,
				5F1C341014DEBA4300BF808B /* walker.png in Resources */,
				5FE90D07151F208A00155BBF /* board.png in Resources */,
				5F8DBEAF15238FD60075ADA6 /* o.png in Resources */,
				5F8DBEB015238FD60075ADA6 /* x.png in Resources */,
				5F9A78E31530508900DC8076 /* marker.png in Resources */,
				5FD978A61531950F00A5D88B /* CurrentPlayerLabel.png in Resources */,
				5FD978A915319D8400A5D88B /* WinnerLabel.png in Resources */,
				5F1997DE15330D1800D2E44D /* background.jpg in Resources */,
			);
			runOnlyForDeploymentPostprocessing = 0;
		};
/* End PBXResourcesBuildPhase section */

/* Begin PBXShellScriptBuildPhase section */
		5F1C33BA14DE99C600BF808B /* ShellScript */ = {
			isa = PBXShellScriptBuildPhase;
			buildActionMask = 2147483647;
			files = (
			);
			inputPaths = (
			);
			outputPaths = (
			);
			runOnlyForDeploymentPostprocessing = 0;
			shellPath = /bin/sh;
			shellScript = "# Run the unit tests in this test bundle.\n\"${SYSTEM_DEVELOPER_DIR}/Tools/RunUnitTests\"\n";
		};
/* End PBXShellScriptBuildPhase section */

/* Begin PBXSourcesBuildPhase section */
		5F1C33A414DE99C600BF808B /* Sources */ = {
			isa = PBXSourcesBuildPhase;
			buildActionMask = 2147483647;
			files = (
				5F1C33F914DE9F7000BF808B /* GCSprite.m in Sources */,
				5F0B6CCE14E6D0E300A87D18 /* GCCompositeAnimation.m in Sources */,
				5F9F178114E7FCA200428AC4 /* GCLinearAnimation.m in Sources */,
				5F9BB64114F2616E0062F348 /* GCGraphics.m in Sources */,
				5F9BB64714F2674C0062F348 /* GCVector.m in Sources */,
				5FF8AEFB14FA8A5C0093AF4E /* GCGameView.m in Sources */,
				5FAE7FE3150270D2005813DE /* GCScene.m in Sources */,
				5FAE7FE7150270EE005813DE /* GCDirector.m in Sources */,
				5F686010150B788500A216C9 /* GCAnimation.m in Sources */,
				5F686014150B7CE400A216C9 /* GCArcAnimation.m in Sources */,
				5F6E72D7150CB50600DB000F /* GCTimedAnimation.m in Sources */,
				5FBFFB31151FBA0100F218AD /* GCStack.m in Sources */,
				5F2ED53E1531C344002BDE26 /* GCRotationAnimation.m in Sources */,
				5F1997CD1532E7C400D2E44D /* GCLayer.m in Sources */,
				5F1997D21532E7DA00D2E44D /* GCLayeredScene.m in Sources */,
				5F59810515376EA40023D91B /* GCThing.m in Sources */,
				5F29BBC7153984EC00476BCE /* GCSpriteThing.m in Sources */,
				5F6967A015B2CA1700D9F1D2 /* GCFont.m in Sources */,
			);
			runOnlyForDeploymentPostprocessing = 0;
		};
		5F1C33B714DE99C600BF808B /* Sources */ = {
			isa = PBXSourcesBuildPhase;
			buildActionMask = 2147483647;
			files = (
				5F0B6CD414E6D5A600A87D18 /* GCCompositeAnimationTest.m in Sources */,
				5F2F729514F90A0B000166E5 /* GCVectorTest.m in Sources */,
				5F1E1DA615271713005E5BBE /* GCStackTest.m in Sources */,
				5F6DEA89155689D4003B691B /* GCThingTest.m in Sources */,
				5F40438C158365AF007C162C /* GCDirectorTest.m in Sources */,
				5F6967A115B2CA1700D9F1D2 /* GCFont.m in Sources */,
			);
			runOnlyForDeploymentPostprocessing = 0;
		};
		5F1C33D414DE9A8000BF808B /* Sources */ = {
			isa = PBXSourcesBuildPhase;
			buildActionMask = 2147483647;
			files = (
				5F1C33E214DE9A8000BF808B /* main.m in Sources */,
				5F1C33E914DE9A8000BF808B /* GDAppDelegate.m in Sources */,
				5F1C340E14DEA52C00BF808B /* GDMainView.m in Sources */,
				5FE90D04151F1B0100155BBF /* GDBoardScene.m in Sources */,
				5F9A78E115304DE500DC8076 /* GDMarker.m in Sources */,
				5F2ED5421531C444002BDE26 /* GDToken.m in Sources */,
				5F1997D61532EDD900D2E44D /* GDBackgroundLayer.m in Sources */,
				5F1997D91532F56900D2E44D /* GDTokensLayer.m in Sources */,
				5F1997DC15330B6E00D2E44D /* GDOverheadLayer.m in Sources */,
			);
			runOnlyForDeploymentPostprocessing = 0;
		};
/* End PBXSourcesBuildPhase section */

/* Begin PBXTargetDependency section */
		5F1C33C114DE99C600BF808B /* PBXTargetDependency */ = {
			isa = PBXTargetDependency;
			target = 5F1C33A714DE99C600BF808B /* GunCase */;
			targetProxy = 5F1C33C014DE99C600BF808B /* PBXContainerItemProxy */;
		};
/* End PBXTargetDependency section */

/* Begin PBXVariantGroup section */
		5F1C33C614DE99C600BF808B /* InfoPlist.strings */ = {
			isa = PBXVariantGroup;
			children = (
				5F1C33C714DE99C600BF808B /* en */,
			);
			name = InfoPlist.strings;
			sourceTree = "<group>";
		};
		5F1C33DE14DE9A8000BF808B /* InfoPlist.strings */ = {
			isa = PBXVariantGroup;
			children = (
				5F1C33DF14DE9A8000BF808B /* en */,
			);
			name = InfoPlist.strings;
			sourceTree = "<group>";
		};
		5F1C33E414DE9A8000BF808B /* Credits.rtf */ = {
			isa = PBXVariantGroup;
			children = (
				5F1C33E514DE9A8000BF808B /* en */,
			);
			name = Credits.rtf;
			sourceTree = "<group>";
		};
		5F1C33EA14DE9A8000BF808B /* MainMenu.xib */ = {
			isa = PBXVariantGroup;
			children = (
				5F1C33EB14DE9A8000BF808B /* en */,
			);
			name = MainMenu.xib;
			sourceTree = "<group>";
		};
/* End PBXVariantGroup section */

/* Begin XCBuildConfiguration section */
		5F1C33CC14DE99C600BF808B /* Debug */ = {
			isa = XCBuildConfiguration;
			buildSettings = {
				ALWAYS_SEARCH_USER_PATHS = NO;
				ARCHS = "$(ARCHS_STANDARD_64_BIT)";
				CLANG_ENABLE_OBJC_ARC = YES;
				COPY_PHASE_STRIP = NO;
				GCC_C_LANGUAGE_STANDARD = gnu99;
				GCC_DYNAMIC_NO_PIC = NO;
				GCC_ENABLE_OBJC_EXCEPTIONS = YES;
				GCC_OPTIMIZATION_LEVEL = 0;
				GCC_PREPROCESSOR_DEFINITIONS = (
					"DEBUG=1",
					"$(inherited)",
				);
				GCC_SYMBOLS_PRIVATE_EXTERN = NO;
				GCC_VERSION = com.apple.compilers.llvm.clang.1_0;
				GCC_WARN_64_TO_32_BIT_CONVERSION = YES;
				GCC_WARN_ABOUT_MISSING_PROTOTYPES = YES;
				GCC_WARN_ABOUT_RETURN_TYPE = YES;
				GCC_WARN_UNUSED_VARIABLE = YES;
				MACOSX_DEPLOYMENT_TARGET = 10.7;
				ONLY_ACTIVE_ARCH = YES;
				SDKROOT = macosx;
			};
			name = Debug;
		};
		5F1C33CD14DE99C600BF808B /* Release */ = {
			isa = XCBuildConfiguration;
			buildSettings = {
				ALWAYS_SEARCH_USER_PATHS = NO;
				ARCHS = "$(ARCHS_STANDARD_64_BIT)";
				CLANG_ENABLE_OBJC_ARC = YES;
				COPY_PHASE_STRIP = YES;
				DEBUG_INFORMATION_FORMAT = "dwarf-with-dsym";
				GCC_C_LANGUAGE_STANDARD = gnu99;
				GCC_ENABLE_OBJC_EXCEPTIONS = YES;
				GCC_VERSION = com.apple.compilers.llvm.clang.1_0;
				GCC_WARN_64_TO_32_BIT_CONVERSION = YES;
				GCC_WARN_ABOUT_MISSING_PROTOTYPES = YES;
				GCC_WARN_ABOUT_RETURN_TYPE = YES;
				GCC_WARN_UNUSED_VARIABLE = YES;
				MACOSX_DEPLOYMENT_TARGET = 10.7;
				SDKROOT = macosx;
			};
			name = Release;
		};
		5F1C33CF14DE99C600BF808B /* Debug */ = {
			isa = XCBuildConfiguration;
			buildSettings = {
				GCC_PRECOMPILE_PREFIX_HEADER = YES;
				GCC_PREFIX_HEADER = "GunCase/GunCase-Prefix.pch";
				PRODUCT_NAME = "$(TARGET_NAME)";
			};
			name = Debug;
		};
		5F1C33D014DE99C600BF808B /* Release */ = {
			isa = XCBuildConfiguration;
			buildSettings = {
				GCC_PRECOMPILE_PREFIX_HEADER = YES;
				GCC_PREFIX_HEADER = "GunCase/GunCase-Prefix.pch";
				PRODUCT_NAME = "$(TARGET_NAME)";
			};
			name = Release;
		};
		5F1C33D214DE99C600BF808B /* Debug */ = {
			isa = XCBuildConfiguration;
			buildSettings = {
				FRAMEWORK_SEARCH_PATHS = "$(DEVELOPER_LIBRARY_DIR)/Frameworks";
				GCC_PRECOMPILE_PREFIX_HEADER = YES;
				GCC_PREFIX_HEADER = "GunCase/GunCase-Prefix.pch";
				INFOPLIST_FILE = "GunCaseTests/GunCaseTests-Info.plist";
				PRODUCT_NAME = "$(TARGET_NAME)";
				WRAPPER_EXTENSION = octest;
			};
			name = Debug;
		};
		5F1C33D314DE99C600BF808B /* Release */ = {
			isa = XCBuildConfiguration;
			buildSettings = {
				FRAMEWORK_SEARCH_PATHS = "$(DEVELOPER_LIBRARY_DIR)/Frameworks";
				GCC_PRECOMPILE_PREFIX_HEADER = YES;
				GCC_PREFIX_HEADER = "GunCase/GunCase-Prefix.pch";
				INFOPLIST_FILE = "GunCaseTests/GunCaseTests-Info.plist";
				PRODUCT_NAME = "$(TARGET_NAME)";
				WRAPPER_EXTENSION = octest;
			};
			name = Release;
		};
		5F1C33EE14DE9A8000BF808B /* Debug */ = {
			isa = XCBuildConfiguration;
			buildSettings = {
				GCC_PRECOMPILE_PREFIX_HEADER = YES;
				GCC_PREFIX_HEADER = "GunCaseDemo/GunCaseDemo-Prefix.pch";
				INFOPLIST_FILE = "GunCaseDemo/GunCaseDemo-Info.plist";
				PRODUCT_NAME = "$(TARGET_NAME)";
				WRAPPER_EXTENSION = app;
			};
			name = Debug;
		};
		5F1C33EF14DE9A8000BF808B /* Release */ = {
			isa = XCBuildConfiguration;
			buildSettings = {
				GCC_PRECOMPILE_PREFIX_HEADER = YES;
				GCC_PREFIX_HEADER = "GunCaseDemo/GunCaseDemo-Prefix.pch";
				INFOPLIST_FILE = "GunCaseDemo/GunCaseDemo-Info.plist";
				PRODUCT_NAME = "$(TARGET_NAME)";
				WRAPPER_EXTENSION = app;
			};
			name = Release;
		};
/* End XCBuildConfiguration section */

/* Begin XCConfigurationList section */
		5F1C33A214DE99C600BF808B /* Build configuration list for PBXProject "GunCase" */ = {
			isa = XCConfigurationList;
			buildConfigurations = (
				5F1C33CC14DE99C600BF808B /* Debug */,
				5F1C33CD14DE99C600BF808B /* Release */,
			);
			defaultConfigurationIsVisible = 0;
			defaultConfigurationName = Release;
		};
		5F1C33CE14DE99C600BF808B /* Build configuration list for PBXNativeTarget "GunCase" */ = {
			isa = XCConfigurationList;
			buildConfigurations = (
				5F1C33CF14DE99C600BF808B /* Debug */,
				5F1C33D014DE99C600BF808B /* Release */,
			);
			defaultConfigurationIsVisible = 0;
			defaultConfigurationName = Release;
		};
		5F1C33D114DE99C600BF808B /* Build configuration list for PBXNativeTarget "GunCaseTests" */ = {
			isa = XCConfigurationList;
			buildConfigurations = (
				5F1C33D214DE99C600BF808B /* Debug */,
				5F1C33D314DE99C600BF808B /* Release */,
			);
			defaultConfigurationIsVisible = 0;
			defaultConfigurationName = Release;
		};
		5F1C33ED14DE9A8000BF808B /* Build configuration list for PBXNativeTarget "GunCaseDemo" */ = {
			isa = XCConfigurationList;
			buildConfigurations = (
				5F1C33EE14DE9A8000BF808B /* Debug */,
				5F1C33EF14DE9A8000BF808B /* Release */,
			);
			defaultConfigurationIsVisible = 0;
			defaultConfigurationName = Release;
		};
/* End XCConfigurationList section */
	};
	rootObject = 5F1C339F14DE99C600BF808B /* Project object */;
}
